
Microsoft Visual Studio Solution File, Format Version 12.00
# Visual Studio Version 17
VisualStudioVersion = 17.9.34622.214
MinimumVisualStudioVersion = 10.0.40219.1
Project("{8BC9CEB8-8B4A-11D0-8D11-00A0C91BC942}") = "Note", "Note\Note.vcxproj", "{A6025CA9-81F3-4E55-A683-63F8970BD0A2}"
EndProject
Project("{8BC9CEB8-8B4A-11D0-8D11-00A0C91BC942}") = "sockMerchant", "sockMerchant\sockMerchant.vcxproj", "{6A5B3F82-AA5C-4ECE-8505-85EEEACC5B51}"
EndProject
Project("{8BC9CEB8-8B4A-11D0-8D11-00A0C91BC942}") = "countingValleys", "countingValleys\countingValleys.vcxproj", "{1AA29C02-18A8-4DC9-BEFA-6D6AC2E11CF5}"
EndProject
Project("{8BC9CEB8-8B4A-11D0-8D11-00A0C91BC942}") = "JumpingOnTheClouds", "JumpingOnTheClouds\JumpingOnTheClouds.vcxproj", "{928633C7-7299-44BF-9838-9C0DE5B5E7FA}"
EndProject
Project("{8BC9CEB8-8B4A-11D0-8D11-00A0C91BC942}") = "RepeatedString", "RepeatedString\RepeatedString.vcxproj", "{5C80224D-A962-45E6-92CA-23E429CE3126}"
EndProject
Project("{8BC9CEB8-8B4A-11D0-8D11-00A0C91BC942}") = "2DArrayDS", "2DArrayDS\2DArrayDS.vcxproj", "{B9498B81-0C36-4E7E-BA2F-331C27E2EB72}"
EndProject
Project("{8BC9CEB8-8B4A-11D0-8D11-00A0C91BC942}") = "ArraysLeftRotation", "ArraysLeftRotation\ArraysLeftRotation.vcxproj", "{909C2614-4B71-4671-BEB1-8DD23EABEFDA}"
EndProject
Project("{8BC9CEB8-8B4A-11D0-8D11-00A0C91BC942}") = "NewYearChaos", "NewYearChaos\NewYearChaos.vcxproj", "{A4339F0D-4A4F-400B-832E-D509341CEFDA}"
EndProject
Project("{8BC9CEB8-8B4A-11D0-8D11-00A0C91BC942}") = "MinimumSwaps2", "MinimumSwaps2\MinimumSwaps2.vcxproj", "{2293AAC0-548E-4355-BE5F-55FBA4C1258F}"
EndProject
Project("{8BC9CEB8-8B4A-11D0-8D11-00A0C91BC942}") = "ArrayManipulation", "ArrayManipulation\ArrayManipulation.vcxproj", "{785589BE-677F-4E55-A689-370C4E955343}"
EndProject
Project("{2150E333-8FDC-42A3-9474-1A3956D46DE8}") = "Array", "Array", "{9B08A362-F91A-45FA-AB50-C7A896B6EA59}"
EndProject
Project("{2150E333-8FDC-42A3-9474-1A3956D46DE8}") = "WarmingUp", "WarmingUp", "{A77E0C14-10DB-4E7E-B192-63D6FEB95D5A}"
EndProject
Project("{2150E333-8FDC-42A3-9474-1A3956D46DE8}") = "Sort", "Sort", "{177878D3-F9A0-4D53-8DE2-4E91B9C8E9DE}"
EndProject
Project("{8BC9CEB8-8B4A-11D0-8D11-00A0C91BC942}") = "MarkandToys", "MarkandToys\MarkandToys.vcxproj", "{E2D7758E-D31A-4F38-A14C-4C062449BA4C}"
EndProject
Project("{8BC9CEB8-8B4A-11D0-8D11-00A0C91BC942}") = "Sorting_Comparator", "Sorting_Comparator\Sorting_Comparator.vcxproj", "{485637CC-26CA-482E-9E4B-E4E3E6B494DD}"
EndProject
Project("{2150E333-8FDC-42A3-9474-1A3956D46DE8}") = "HackerRank", "HackerRank", "{01BD9209-B7B4-4EFB-B6B7-D94392CCE58F}"
EndProject
Project("{8BC9CEB8-8B4A-11D0-8D11-00A0C91BC942}") = "FraudulentActivityNotifications", "FraudulentActivityNotifications\FraudulentActivityNotifications.vcxproj", "{5B3DAB25-C3E4-493C-8687-4162AB8D1487}"
EndProject
Project("{8BC9CEB8-8B4A-11D0-8D11-00A0C91BC942}") = "Sorting_BubbleSort", "Sorting_BubbleSort\Sorting_BubbleSort.vcxproj", "{63D43C43-6DBD-41E8-B5A5-E9B3341A0181}"
EndProject
Project("{8BC9CEB8-8B4A-11D0-8D11-00A0C91BC942}") = "MergeSort_CountingInversions", "MergeSort_CountingInversions\MergeSort_CountingInversions.vcxproj", "{96F531DD-B48E-443F-9A69-1491FF91B96B}"
EndProject
Project("{2150E333-8FDC-42A3-9474-1A3956D46DE8}") = "HashMap", "HashMap", "{557EEDAF-C95D-47BB-8757-7AFFB0DA356B}"
EndProject
Project("{8BC9CEB8-8B4A-11D0-8D11-00A0C91BC942}") = "HashTable_RansomNote", "HashTable_RansomNote\HashTable_RansomNote.vcxproj", "{5AFC8568-A8C0-4F85-A672-EE4DFED55332}"
EndProject
Project("{8BC9CEB8-8B4A-11D0-8D11-00A0C91BC942}") = "TwoStrings", "TwoStrings\TwoStrings.vcxproj", "{95182D55-B447-4495-A24E-D63876F704CE}"
EndProject
Project("{8BC9CEB8-8B4A-11D0-8D11-00A0C91BC942}") = "SherlockandAnagrams", "SherlockandAnagrams\SherlockandAnagrams.vcxproj", "{F3A8D254-53CB-49A1-A31B-42754BF3B267}"
EndProject
Project("{8BC9CEB8-8B4A-11D0-8D11-00A0C91BC942}") = "CountTriplets", "CountTriplets\CountTriplets.vcxproj", "{8A7860FC-FB91-4CBD-B267-EF74E2A911B5}"
EndProject
Project("{8BC9CEB8-8B4A-11D0-8D11-00A0C91BC942}") = "FrequencyQueries", "FrequencyQueries\FrequencyQueries.vcxproj", "{5B5F94E6-74E4-408E-A299-BF5B733313D4}"
EndProject
Project("{2150E333-8FDC-42A3-9474-1A3956D46DE8}") = "String", "String", "{651705BC-B90E-4819-8A88-FD995C79E07B}"
EndProject
Project("{8BC9CEB8-8B4A-11D0-8D11-00A0C91BC942}") = "Strings_MakingAnagrams", "Strings_MakingAnagrams\Strings_MakingAnagrams.vcxproj", "{CA094370-F48E-424D-A114-0E4B492D3672}"
EndProject
Project("{8BC9CEB8-8B4A-11D0-8D11-00A0C91BC942}") = "AlternatingCharacters", "AlternatingCharacters\AlternatingCharacters.vcxproj", "{155175EC-21B1-4727-925B-9A0ECB888E98}"
EndProject
Project("{2150E333-8FDC-42A3-9474-1A3956D46DE8}") = "Programmers", "Programmers", "{70783648-9166-499D-8BCB-96AAAE01E848}"
EndProject
Project("{2150E333-8FDC-42A3-9474-1A3956D46DE8}") = "Level0", "Level0", "{E8530554-3DEC-4AC0-9F13-E230BC320EDA}"
EndProject
Project("{2150E333-8FDC-42A3-9474-1A3956D46DE8}") = "Level1", "Level1", "{29553D68-960F-4221-9C81-CE39EC334300}"
EndProject
Project("{2150E333-8FDC-42A3-9474-1A3956D46DE8}") = "Level2", "Level2", "{072C1F49-E2AB-47DB-9959-A82CAD009274}"
EndProject
Project("{2150E333-8FDC-42A3-9474-1A3956D46DE8}") = "Level3", "Level3", "{13EF98C8-4442-4B6E-99F0-7F5F7EFE24D6}"
EndProject
Project("{2150E333-8FDC-42A3-9474-1A3956D46DE8}") = "Level4", "Level4", "{5F8675B7-06EC-4D5B-B670-F3FCB4105708}"
EndProject
Project("{2150E333-8FDC-42A3-9474-1A3956D46DE8}") = "Level5", "Level5", "{8B7DB142-7A3E-4F14-907F-FE9B2E2ECB78}"
EndProject
Project("{8BC9CEB8-8B4A-11D0-8D11-00A0C91BC942}") = "181952", "181952\181952.vcxproj", "{37D18890-656D-46FB-96D5-3036B4661343}"
EndProject
Project("{8BC9CEB8-8B4A-11D0-8D11-00A0C91BC942}") = "181951", "181951\181951.vcxproj", "{8BF5DB77-51B9-4DDA-BF91-2E7921B080B8}"
EndProject
Project("{8BC9CEB8-8B4A-11D0-8D11-00A0C91BC942}") = "181950", "181950\181950.vcxproj", "{122FDA35-E18A-4E90-8390-85D4FA7B6394}"
EndProject
Project("{8BC9CEB8-8B4A-11D0-8D11-00A0C91BC942}") = "SherlockandtheValidString", "SherlockandtheValidString\SherlockandtheValidString.vcxproj", "{0BF1D355-0E38-46AF-8630-95446A243857}"
EndProject
Project("{8BC9CEB8-8B4A-11D0-8D11-00A0C91BC942}") = "181949", "181949\181949.vcxproj", "{D149ADDA-E762-46B9-BE43-E6C2CF4C5FEE}"
EndProject
Project("{8BC9CEB8-8B4A-11D0-8D11-00A0C91BC942}") = "TimeCheck", "TimeCheck\TimeCheck.vcxproj", "{F2408A37-0F91-4258-8BE3-047D4A82A872}"
EndProject
Project("{8BC9CEB8-8B4A-11D0-8D11-00A0C91BC942}") = "SpecialStringAgain", "SpecialStringAgain\SpecialStringAgain.vcxproj", "{58B0A747-62B8-49DA-B162-541B94643079}"
EndProject
Project("{8BC9CEB8-8B4A-11D0-8D11-00A0C91BC942}") = "181948", "181948\181948.vcxproj", "{1D11DE3E-FE3A-4DB1-AC76-32C2E130221D}"
EndProject
Project("{8BC9CEB8-8B4A-11D0-8D11-00A0C91BC942}") = "181947", "181947\181947.vcxproj", "{DDA09E0F-6344-46FB-A7B1-1DD3951D3EFB}"
EndProject
Project("{8BC9CEB8-8B4A-11D0-8D11-00A0C91BC942}") = "CommonChild", "CommonChild\CommonChild.vcxproj", "{6127AD24-1EA7-405F-B33A-A33A6D5A3189}"
EndProject
Project("{8BC9CEB8-8B4A-11D0-8D11-00A0C91BC942}") = "181946", "181946\181946.vcxproj", "{E10B228E-6052-468B-9543-5F4E75EF5E04}"
EndProject
Project("{8BC9CEB8-8B4A-11D0-8D11-00A0C91BC942}") = "181945", "181945\181945.vcxproj", "{45991095-EA97-40A6-8BAE-587F0B207BA8}"
EndProject
Project("{2150E333-8FDC-42A3-9474-1A3956D46DE8}") = "GreedyAlgorithms", "GreedyAlgorithms", "{E041EAA7-8472-4787-A452-8770C5E0773F}"
EndProject
Project("{8BC9CEB8-8B4A-11D0-8D11-00A0C91BC942}") = "MinimumAbsoluteDifferenceinanArray", "MinimumAbsoluteDifferenceinanArray\MinimumAbsoluteDifferenceinanArray.vcxproj", "{7887552C-3EB1-4FB2-81BC-71595C47F5EB}"
EndProject
Project("{8BC9CEB8-8B4A-11D0-8D11-00A0C91BC942}") = "181944", "181944\181944.vcxproj", "{41C0E453-8FA7-47F0-B15D-AA60826FA408}"
EndProject
Project("{8BC9CEB8-8B4A-11D0-8D11-00A0C91BC942}") = "178871", "178871\178871.vcxproj", "{1E2ED949-B189-488B-8FC3-A0537EABD464}"
EndProject
Project("{8BC9CEB8-8B4A-11D0-8D11-00A0C91BC942}") = "LuckBalance", "LuckBalance\LuckBalance.vcxproj", "{9D6C084B-2341-4798-8E5C-A9F946B7B088}"
EndProject
Project("{8BC9CEB8-8B4A-11D0-8D11-00A0C91BC942}") = "181943", "181943\181943.vcxproj", "{4ACDE190-FB20-4CDE-99C7-61FF4E84DAD7}"
EndProject
Project("{8BC9CEB8-8B4A-11D0-8D11-00A0C91BC942}") = "176963", "176963\176963.vcxproj", "{3ECB26F4-75E7-427D-BE39-E8F607EA13E9}"
EndProject
Project("{8BC9CEB8-8B4A-11D0-8D11-00A0C91BC942}") = "GreedyFlorist", "GreedyFlorist\GreedyFlorist.vcxproj", "{0E0E456A-1C25-4635-A2A9-F4C0B0303BF4}"
EndProject
Project("{8BC9CEB8-8B4A-11D0-8D11-00A0C91BC942}") = "181942", "181942\181942.vcxproj", "{245FB179-4392-4C47-BD3C-C505B0DFEB2E}"
EndProject
Project("{8BC9CEB8-8B4A-11D0-8D11-00A0C91BC942}") = "172928", "172928\172928.vcxproj", "{978580EB-A6D1-48FD-B824-8404DB6BB95F}"
EndProject
Project("{8BC9CEB8-8B4A-11D0-8D11-00A0C91BC942}") = "181941", "181941\181941.vcxproj", "{F9C13464-2E94-4313-B86D-C571B312B1E6}"
EndProject
Project("{8BC9CEB8-8B4A-11D0-8D11-00A0C91BC942}") = "MaxMin", "MaxMin\MaxMin.vcxproj", "{E0C11DE6-8C2B-4AD3-B566-888E2E0C9F4E}"
EndProject
Project("{8BC9CEB8-8B4A-11D0-8D11-00A0C91BC942}") = "181940", "181940\181940.vcxproj", "{A9E50C48-5291-418F-8D91-AF49C58C0036}"
EndProject
Project("{8BC9CEB8-8B4A-11D0-8D11-00A0C91BC942}") = "161990", "161990\161990.vcxproj", "{97B71399-5E1C-4DEA-9289-078A929E15C4}"
EndProject
Project("{8BC9CEB8-8B4A-11D0-8D11-00A0C91BC942}") = "161989", "161989\161989.vcxproj", "{F0782D76-4494-44DE-88AC-2B587A7990DA}"
EndProject
Project("{8BC9CEB8-8B4A-11D0-8D11-00A0C91BC942}") = "ReverseShuffleMerge", "ReverseShuffleMerge\ReverseShuffleMerge.vcxproj", "{AA0B6708-81B5-418F-ADD2-EBBF014A09EF}"
EndProject
Project("{8BC9CEB8-8B4A-11D0-8D11-00A0C91BC942}") = "181939", "181939\181939.vcxproj", "{134C086E-67C2-455C-974B-5A496D08E0CA}"
EndProject
Project("{8BC9CEB8-8B4A-11D0-8D11-00A0C91BC942}") = "160586", "160586\160586.vcxproj", "{4EC0227E-0D22-4DE5-B02A-9241A256E94D}"
EndProject
Project("{2150E333-8FDC-42A3-9474-1A3956D46DE8}") = "Search", "Search", "{6F837018-5149-469C-83AA-26B095887D9E}"
EndProject
Project("{8BC9CEB8-8B4A-11D0-8D11-00A0C91BC942}") = "HashTables_IceCreamParlor", "HashTables_IceCreamParlor\HashTables_IceCreamParlor.vcxproj", "{CE29992C-F547-4A86-A349-2ACD3FB8F71C}"
EndProject
Project("{8BC9CEB8-8B4A-11D0-8D11-00A0C91BC942}") = "181938", "181938\181938.vcxproj", "{F0874756-6437-4B1A-B18E-9B410BC14FA0}"
EndProject
Project("{8BC9CEB8-8B4A-11D0-8D11-00A0C91BC942}") = "159994", "159994\159994.vcxproj", "{D1CCDCE2-D113-4819-AC45-1D5B4E0E46D0}"
EndProject
Project("{8BC9CEB8-8B4A-11D0-8D11-00A0C91BC942}") = "155652", "155652\155652.vcxproj", "{7D2E02AC-B7C9-4FCB-985F-12F592B41D33}"
EndProject
Project("{8BC9CEB8-8B4A-11D0-8D11-00A0C91BC942}") = "SwapNodes[Algo]", "SwapNodes[Algo]\SwapNodes[Algo].vcxproj", "{CD38A565-815F-49FC-ACBB-3BC360D7E02C}"
EndProject
Project("{8BC9CEB8-8B4A-11D0-8D11-00A0C91BC942}") = "181937", "181937\181937.vcxproj", "{4D0CF9D2-51FA-4B77-998A-3C11FA7E598F}"
EndProject
Project("{8BC9CEB8-8B4A-11D0-8D11-00A0C91BC942}") = "181936", "181936\181936.vcxproj", "{7CA80F2E-09E2-49DF-B3A0-B39192978459}"
EndProject
Project("{8BC9CEB8-8B4A-11D0-8D11-00A0C91BC942}") = "181935", "181935\181935.vcxproj", "{67B272ED-8ABA-47B3-9AD8-C4611EB6D2B0}"
EndProject
Project("{8BC9CEB8-8B4A-11D0-8D11-00A0C91BC942}") = "150370", "150370\150370.vcxproj", "{FB728BD4-954C-49D0-A08A-CC42B7C3581E}"
EndProject
Global
	GlobalSection(SolutionConfigurationPlatforms) = preSolution
		Debug|x64 = Debug|x64
		Debug|x86 = Debug|x86
		Release|x64 = Release|x64
		Release|x86 = Release|x86
	EndGlobalSection
	GlobalSection(ProjectConfigurationPlatforms) = postSolution
		{A6025CA9-81F3-4E55-A683-63F8970BD0A2}.Debug|x64.ActiveCfg = Debug|x64
		{A6025CA9-81F3-4E55-A683-63F8970BD0A2}.Debug|x64.Build.0 = Debug|x64
		{A6025CA9-81F3-4E55-A683-63F8970BD0A2}.Debug|x86.ActiveCfg = Debug|Win32
		{A6025CA9-81F3-4E55-A683-63F8970BD0A2}.Debug|x86.Build.0 = Debug|Win32
		{A6025CA9-81F3-4E55-A683-63F8970BD0A2}.Release|x64.ActiveCfg = Release|x64
		{A6025CA9-81F3-4E55-A683-63F8970BD0A2}.Release|x64.Build.0 = Release|x64
		{A6025CA9-81F3-4E55-A683-63F8970BD0A2}.Release|x86.ActiveCfg = Release|Win32
		{A6025CA9-81F3-4E55-A683-63F8970BD0A2}.Release|x86.Build.0 = Release|Win32
		{6A5B3F82-AA5C-4ECE-8505-85EEEACC5B51}.Debug|x64.ActiveCfg = Debug|x64
		{6A5B3F82-AA5C-4ECE-8505-85EEEACC5B51}.Debug|x64.Build.0 = Debug|x64
		{6A5B3F82-AA5C-4ECE-8505-85EEEACC5B51}.Debug|x86.ActiveCfg = Debug|Win32
		{6A5B3F82-AA5C-4ECE-8505-85EEEACC5B51}.Debug|x86.Build.0 = Debug|Win32
		{6A5B3F82-AA5C-4ECE-8505-85EEEACC5B51}.Release|x64.ActiveCfg = Release|x64
		{6A5B3F82-AA5C-4ECE-8505-85EEEACC5B51}.Release|x64.Build.0 = Release|x64
		{6A5B3F82-AA5C-4ECE-8505-85EEEACC5B51}.Release|x86.ActiveCfg = Release|Win32
		{6A5B3F82-AA5C-4ECE-8505-85EEEACC5B51}.Release|x86.Build.0 = Release|Win32
		{1AA29C02-18A8-4DC9-BEFA-6D6AC2E11CF5}.Debug|x64.ActiveCfg = Debug|x64
		{1AA29C02-18A8-4DC9-BEFA-6D6AC2E11CF5}.Debug|x64.Build.0 = Debug|x64
		{1AA29C02-18A8-4DC9-BEFA-6D6AC2E11CF5}.Debug|x86.ActiveCfg = Debug|Win32
		{1AA29C02-18A8-4DC9-BEFA-6D6AC2E11CF5}.Debug|x86.Build.0 = Debug|Win32
		{1AA29C02-18A8-4DC9-BEFA-6D6AC2E11CF5}.Release|x64.ActiveCfg = Release|x64
		{1AA29C02-18A8-4DC9-BEFA-6D6AC2E11CF5}.Release|x64.Build.0 = Release|x64
		{1AA29C02-18A8-4DC9-BEFA-6D6AC2E11CF5}.Release|x86.ActiveCfg = Release|Win32
		{1AA29C02-18A8-4DC9-BEFA-6D6AC2E11CF5}.Release|x86.Build.0 = Release|Win32
		{928633C7-7299-44BF-9838-9C0DE5B5E7FA}.Debug|x64.ActiveCfg = Debug|x64
		{928633C7-7299-44BF-9838-9C0DE5B5E7FA}.Debug|x64.Build.0 = Debug|x64
		{928633C7-7299-44BF-9838-9C0DE5B5E7FA}.Debug|x86.ActiveCfg = Debug|Win32
		{928633C7-7299-44BF-9838-9C0DE5B5E7FA}.Debug|x86.Build.0 = Debug|Win32
		{928633C7-7299-44BF-9838-9C0DE5B5E7FA}.Release|x64.ActiveCfg = Release|x64
		{928633C7-7299-44BF-9838-9C0DE5B5E7FA}.Release|x64.Build.0 = Release|x64
		{928633C7-7299-44BF-9838-9C0DE5B5E7FA}.Release|x86.ActiveCfg = Release|Win32
		{928633C7-7299-44BF-9838-9C0DE5B5E7FA}.Release|x86.Build.0 = Release|Win32
		{5C80224D-A962-45E6-92CA-23E429CE3126}.Debug|x64.ActiveCfg = Debug|x64
		{5C80224D-A962-45E6-92CA-23E429CE3126}.Debug|x64.Build.0 = Debug|x64
		{5C80224D-A962-45E6-92CA-23E429CE3126}.Debug|x86.ActiveCfg = Debug|Win32
		{5C80224D-A962-45E6-92CA-23E429CE3126}.Debug|x86.Build.0 = Debug|Win32
		{5C80224D-A962-45E6-92CA-23E429CE3126}.Release|x64.ActiveCfg = Release|x64
		{5C80224D-A962-45E6-92CA-23E429CE3126}.Release|x64.Build.0 = Release|x64
		{5C80224D-A962-45E6-92CA-23E429CE3126}.Release|x86.ActiveCfg = Release|Win32
		{5C80224D-A962-45E6-92CA-23E429CE3126}.Release|x86.Build.0 = Release|Win32
		{B9498B81-0C36-4E7E-BA2F-331C27E2EB72}.Debug|x64.ActiveCfg = Debug|x64
		{B9498B81-0C36-4E7E-BA2F-331C27E2EB72}.Debug|x64.Build.0 = Debug|x64
		{B9498B81-0C36-4E7E-BA2F-331C27E2EB72}.Debug|x86.ActiveCfg = Debug|Win32
		{B9498B81-0C36-4E7E-BA2F-331C27E2EB72}.Debug|x86.Build.0 = Debug|Win32
		{B9498B81-0C36-4E7E-BA2F-331C27E2EB72}.Release|x64.ActiveCfg = Release|x64
		{B9498B81-0C36-4E7E-BA2F-331C27E2EB72}.Release|x64.Build.0 = Release|x64
		{B9498B81-0C36-4E7E-BA2F-331C27E2EB72}.Release|x86.ActiveCfg = Release|Win32
		{B9498B81-0C36-4E7E-BA2F-331C27E2EB72}.Release|x86.Build.0 = Release|Win32
		{909C2614-4B71-4671-BEB1-8DD23EABEFDA}.Debug|x64.ActiveCfg = Debug|x64
		{909C2614-4B71-4671-BEB1-8DD23EABEFDA}.Debug|x64.Build.0 = Debug|x64
		{909C2614-4B71-4671-BEB1-8DD23EABEFDA}.Debug|x86.ActiveCfg = Debug|Win32
		{909C2614-4B71-4671-BEB1-8DD23EABEFDA}.Debug|x86.Build.0 = Debug|Win32
		{909C2614-4B71-4671-BEB1-8DD23EABEFDA}.Release|x64.ActiveCfg = Release|x64
		{909C2614-4B71-4671-BEB1-8DD23EABEFDA}.Release|x64.Build.0 = Release|x64
		{909C2614-4B71-4671-BEB1-8DD23EABEFDA}.Release|x86.ActiveCfg = Release|Win32
		{909C2614-4B71-4671-BEB1-8DD23EABEFDA}.Release|x86.Build.0 = Release|Win32
		{A4339F0D-4A4F-400B-832E-D509341CEFDA}.Debug|x64.ActiveCfg = Debug|x64
		{A4339F0D-4A4F-400B-832E-D509341CEFDA}.Debug|x64.Build.0 = Debug|x64
		{A4339F0D-4A4F-400B-832E-D509341CEFDA}.Debug|x86.ActiveCfg = Debug|Win32
		{A4339F0D-4A4F-400B-832E-D509341CEFDA}.Debug|x86.Build.0 = Debug|Win32
		{A4339F0D-4A4F-400B-832E-D509341CEFDA}.Release|x64.ActiveCfg = Release|x64
		{A4339F0D-4A4F-400B-832E-D509341CEFDA}.Release|x64.Build.0 = Release|x64
		{A4339F0D-4A4F-400B-832E-D509341CEFDA}.Release|x86.ActiveCfg = Release|Win32
		{A4339F0D-4A4F-400B-832E-D509341CEFDA}.Release|x86.Build.0 = Release|Win32
		{2293AAC0-548E-4355-BE5F-55FBA4C1258F}.Debug|x64.ActiveCfg = Debug|x64
		{2293AAC0-548E-4355-BE5F-55FBA4C1258F}.Debug|x64.Build.0 = Debug|x64
		{2293AAC0-548E-4355-BE5F-55FBA4C1258F}.Debug|x86.ActiveCfg = Debug|Win32
		{2293AAC0-548E-4355-BE5F-55FBA4C1258F}.Debug|x86.Build.0 = Debug|Win32
		{2293AAC0-548E-4355-BE5F-55FBA4C1258F}.Release|x64.ActiveCfg = Release|x64
		{2293AAC0-548E-4355-BE5F-55FBA4C1258F}.Release|x64.Build.0 = Release|x64
		{2293AAC0-548E-4355-BE5F-55FBA4C1258F}.Release|x86.ActiveCfg = Release|Win32
		{2293AAC0-548E-4355-BE5F-55FBA4C1258F}.Release|x86.Build.0 = Release|Win32
		{785589BE-677F-4E55-A689-370C4E955343}.Debug|x64.ActiveCfg = Debug|x64
		{785589BE-677F-4E55-A689-370C4E955343}.Debug|x64.Build.0 = Debug|x64
		{785589BE-677F-4E55-A689-370C4E955343}.Debug|x86.ActiveCfg = Debug|Win32
		{785589BE-677F-4E55-A689-370C4E955343}.Debug|x86.Build.0 = Debug|Win32
		{785589BE-677F-4E55-A689-370C4E955343}.Release|x64.ActiveCfg = Release|x64
		{785589BE-677F-4E55-A689-370C4E955343}.Release|x64.Build.0 = Release|x64
		{785589BE-677F-4E55-A689-370C4E955343}.Release|x86.ActiveCfg = Release|Win32
		{785589BE-677F-4E55-A689-370C4E955343}.Release|x86.Build.0 = Release|Win32
		{E2D7758E-D31A-4F38-A14C-4C062449BA4C}.Debug|x64.ActiveCfg = Debug|x64
		{E2D7758E-D31A-4F38-A14C-4C062449BA4C}.Debug|x64.Build.0 = Debug|x64
		{E2D7758E-D31A-4F38-A14C-4C062449BA4C}.Debug|x86.ActiveCfg = Debug|Win32
		{E2D7758E-D31A-4F38-A14C-4C062449BA4C}.Debug|x86.Build.0 = Debug|Win32
		{E2D7758E-D31A-4F38-A14C-4C062449BA4C}.Release|x64.ActiveCfg = Release|x64
		{E2D7758E-D31A-4F38-A14C-4C062449BA4C}.Release|x64.Build.0 = Release|x64
		{E2D7758E-D31A-4F38-A14C-4C062449BA4C}.Release|x86.ActiveCfg = Release|Win32
		{E2D7758E-D31A-4F38-A14C-4C062449BA4C}.Release|x86.Build.0 = Release|Win32
		{485637CC-26CA-482E-9E4B-E4E3E6B494DD}.Debug|x64.ActiveCfg = Debug|x64
		{485637CC-26CA-482E-9E4B-E4E3E6B494DD}.Debug|x64.Build.0 = Debug|x64
		{485637CC-26CA-482E-9E4B-E4E3E6B494DD}.Debug|x86.ActiveCfg = Debug|Win32
		{485637CC-26CA-482E-9E4B-E4E3E6B494DD}.Debug|x86.Build.0 = Debug|Win32
		{485637CC-26CA-482E-9E4B-E4E3E6B494DD}.Release|x64.ActiveCfg = Release|x64
		{485637CC-26CA-482E-9E4B-E4E3E6B494DD}.Release|x64.Build.0 = Release|x64
		{485637CC-26CA-482E-9E4B-E4E3E6B494DD}.Release|x86.ActiveCfg = Release|Win32
		{485637CC-26CA-482E-9E4B-E4E3E6B494DD}.Release|x86.Build.0 = Release|Win32
		{5B3DAB25-C3E4-493C-8687-4162AB8D1487}.Debug|x64.ActiveCfg = Debug|x64
		{5B3DAB25-C3E4-493C-8687-4162AB8D1487}.Debug|x64.Build.0 = Debug|x64
		{5B3DAB25-C3E4-493C-8687-4162AB8D1487}.Debug|x86.ActiveCfg = Debug|Win32
		{5B3DAB25-C3E4-493C-8687-4162AB8D1487}.Debug|x86.Build.0 = Debug|Win32
		{5B3DAB25-C3E4-493C-8687-4162AB8D1487}.Release|x64.ActiveCfg = Release|x64
		{5B3DAB25-C3E4-493C-8687-4162AB8D1487}.Release|x64.Build.0 = Release|x64
		{5B3DAB25-C3E4-493C-8687-4162AB8D1487}.Release|x86.ActiveCfg = Release|Win32
		{5B3DAB25-C3E4-493C-8687-4162AB8D1487}.Release|x86.Build.0 = Release|Win32
		{63D43C43-6DBD-41E8-B5A5-E9B3341A0181}.Debug|x64.ActiveCfg = Debug|x64
		{63D43C43-6DBD-41E8-B5A5-E9B3341A0181}.Debug|x64.Build.0 = Debug|x64
		{63D43C43-6DBD-41E8-B5A5-E9B3341A0181}.Debug|x86.ActiveCfg = Debug|Win32
		{63D43C43-6DBD-41E8-B5A5-E9B3341A0181}.Debug|x86.Build.0 = Debug|Win32
		{63D43C43-6DBD-41E8-B5A5-E9B3341A0181}.Release|x64.ActiveCfg = Release|x64
		{63D43C43-6DBD-41E8-B5A5-E9B3341A0181}.Release|x64.Build.0 = Release|x64
		{63D43C43-6DBD-41E8-B5A5-E9B3341A0181}.Release|x86.ActiveCfg = Release|Win32
		{63D43C43-6DBD-41E8-B5A5-E9B3341A0181}.Release|x86.Build.0 = Release|Win32
		{96F531DD-B48E-443F-9A69-1491FF91B96B}.Debug|x64.ActiveCfg = Debug|x64
		{96F531DD-B48E-443F-9A69-1491FF91B96B}.Debug|x64.Build.0 = Debug|x64
		{96F531DD-B48E-443F-9A69-1491FF91B96B}.Debug|x86.ActiveCfg = Debug|Win32
		{96F531DD-B48E-443F-9A69-1491FF91B96B}.Debug|x86.Build.0 = Debug|Win32
		{96F531DD-B48E-443F-9A69-1491FF91B96B}.Release|x64.ActiveCfg = Release|x64
		{96F531DD-B48E-443F-9A69-1491FF91B96B}.Release|x64.Build.0 = Release|x64
		{96F531DD-B48E-443F-9A69-1491FF91B96B}.Release|x86.ActiveCfg = Release|Win32
		{96F531DD-B48E-443F-9A69-1491FF91B96B}.Release|x86.Build.0 = Release|Win32
		{5AFC8568-A8C0-4F85-A672-EE4DFED55332}.Debug|x64.ActiveCfg = Debug|x64
		{5AFC8568-A8C0-4F85-A672-EE4DFED55332}.Debug|x64.Build.0 = Debug|x64
		{5AFC8568-A8C0-4F85-A672-EE4DFED55332}.Debug|x86.ActiveCfg = Debug|Win32
		{5AFC8568-A8C0-4F85-A672-EE4DFED55332}.Debug|x86.Build.0 = Debug|Win32
		{5AFC8568-A8C0-4F85-A672-EE4DFED55332}.Release|x64.ActiveCfg = Release|x64
		{5AFC8568-A8C0-4F85-A672-EE4DFED55332}.Release|x64.Build.0 = Release|x64
		{5AFC8568-A8C0-4F85-A672-EE4DFED55332}.Release|x86.ActiveCfg = Release|Win32
		{5AFC8568-A8C0-4F85-A672-EE4DFED55332}.Release|x86.Build.0 = Release|Win32
		{95182D55-B447-4495-A24E-D63876F704CE}.Debug|x64.ActiveCfg = Debug|x64
		{95182D55-B447-4495-A24E-D63876F704CE}.Debug|x64.Build.0 = Debug|x64
		{95182D55-B447-4495-A24E-D63876F704CE}.Debug|x86.ActiveCfg = Debug|Win32
		{95182D55-B447-4495-A24E-D63876F704CE}.Debug|x86.Build.0 = Debug|Win32
		{95182D55-B447-4495-A24E-D63876F704CE}.Release|x64.ActiveCfg = Release|x64
		{95182D55-B447-4495-A24E-D63876F704CE}.Release|x64.Build.0 = Release|x64
		{95182D55-B447-4495-A24E-D63876F704CE}.Release|x86.ActiveCfg = Release|Win32
		{95182D55-B447-4495-A24E-D63876F704CE}.Release|x86.Build.0 = Release|Win32
		{F3A8D254-53CB-49A1-A31B-42754BF3B267}.Debug|x64.ActiveCfg = Debug|x64
		{F3A8D254-53CB-49A1-A31B-42754BF3B267}.Debug|x64.Build.0 = Debug|x64
		{F3A8D254-53CB-49A1-A31B-42754BF3B267}.Debug|x86.ActiveCfg = Debug|Win32
		{F3A8D254-53CB-49A1-A31B-42754BF3B267}.Debug|x86.Build.0 = Debug|Win32
		{F3A8D254-53CB-49A1-A31B-42754BF3B267}.Release|x64.ActiveCfg = Release|x64
		{F3A8D254-53CB-49A1-A31B-42754BF3B267}.Release|x64.Build.0 = Release|x64
		{F3A8D254-53CB-49A1-A31B-42754BF3B267}.Release|x86.ActiveCfg = Release|Win32
		{F3A8D254-53CB-49A1-A31B-42754BF3B267}.Release|x86.Build.0 = Release|Win32
		{8A7860FC-FB91-4CBD-B267-EF74E2A911B5}.Debug|x64.ActiveCfg = Debug|x64
		{8A7860FC-FB91-4CBD-B267-EF74E2A911B5}.Debug|x64.Build.0 = Debug|x64
		{8A7860FC-FB91-4CBD-B267-EF74E2A911B5}.Debug|x86.ActiveCfg = Debug|Win32
		{8A7860FC-FB91-4CBD-B267-EF74E2A911B5}.Debug|x86.Build.0 = Debug|Win32
		{8A7860FC-FB91-4CBD-B267-EF74E2A911B5}.Release|x64.ActiveCfg = Release|x64
		{8A7860FC-FB91-4CBD-B267-EF74E2A911B5}.Release|x64.Build.0 = Release|x64
		{8A7860FC-FB91-4CBD-B267-EF74E2A911B5}.Release|x86.ActiveCfg = Release|Win32
		{8A7860FC-FB91-4CBD-B267-EF74E2A911B5}.Release|x86.Build.0 = Release|Win32
		{5B5F94E6-74E4-408E-A299-BF5B733313D4}.Debug|x64.ActiveCfg = Debug|x64
		{5B5F94E6-74E4-408E-A299-BF5B733313D4}.Debug|x64.Build.0 = Debug|x64
		{5B5F94E6-74E4-408E-A299-BF5B733313D4}.Debug|x86.ActiveCfg = Debug|Win32
		{5B5F94E6-74E4-408E-A299-BF5B733313D4}.Debug|x86.Build.0 = Debug|Win32
		{5B5F94E6-74E4-408E-A299-BF5B733313D4}.Release|x64.ActiveCfg = Release|x64
		{5B5F94E6-74E4-408E-A299-BF5B733313D4}.Release|x64.Build.0 = Release|x64
		{5B5F94E6-74E4-408E-A299-BF5B733313D4}.Release|x86.ActiveCfg = Release|Win32
		{5B5F94E6-74E4-408E-A299-BF5B733313D4}.Release|x86.Build.0 = Release|Win32
		{CA094370-F48E-424D-A114-0E4B492D3672}.Debug|x64.ActiveCfg = Debug|x64
		{CA094370-F48E-424D-A114-0E4B492D3672}.Debug|x64.Build.0 = Debug|x64
		{CA094370-F48E-424D-A114-0E4B492D3672}.Debug|x86.ActiveCfg = Debug|Win32
		{CA094370-F48E-424D-A114-0E4B492D3672}.Debug|x86.Build.0 = Debug|Win32
		{CA094370-F48E-424D-A114-0E4B492D3672}.Release|x64.ActiveCfg = Release|x64
		{CA094370-F48E-424D-A114-0E4B492D3672}.Release|x64.Build.0 = Release|x64
		{CA094370-F48E-424D-A114-0E4B492D3672}.Release|x86.ActiveCfg = Release|Win32
		{CA094370-F48E-424D-A114-0E4B492D3672}.Release|x86.Build.0 = Release|Win32
		{155175EC-21B1-4727-925B-9A0ECB888E98}.Debug|x64.ActiveCfg = Debug|x64
		{155175EC-21B1-4727-925B-9A0ECB888E98}.Debug|x64.Build.0 = Debug|x64
		{155175EC-21B1-4727-925B-9A0ECB888E98}.Debug|x86.ActiveCfg = Debug|Win32
		{155175EC-21B1-4727-925B-9A0ECB888E98}.Debug|x86.Build.0 = Debug|Win32
		{155175EC-21B1-4727-925B-9A0ECB888E98}.Release|x64.ActiveCfg = Release|x64
		{155175EC-21B1-4727-925B-9A0ECB888E98}.Release|x64.Build.0 = Release|x64
		{155175EC-21B1-4727-925B-9A0ECB888E98}.Release|x86.ActiveCfg = Release|Win32
		{155175EC-21B1-4727-925B-9A0ECB888E98}.Release|x86.Build.0 = Release|Win32
		{37D18890-656D-46FB-96D5-3036B4661343}.Debug|x64.ActiveCfg = Debug|x64
		{37D18890-656D-46FB-96D5-3036B4661343}.Debug|x64.Build.0 = Debug|x64
		{37D18890-656D-46FB-96D5-3036B4661343}.Debug|x86.ActiveCfg = Debug|Win32
		{37D18890-656D-46FB-96D5-3036B4661343}.Debug|x86.Build.0 = Debug|Win32
		{37D18890-656D-46FB-96D5-3036B4661343}.Release|x64.ActiveCfg = Release|x64
		{37D18890-656D-46FB-96D5-3036B4661343}.Release|x64.Build.0 = Release|x64
		{37D18890-656D-46FB-96D5-3036B4661343}.Release|x86.ActiveCfg = Release|Win32
		{37D18890-656D-46FB-96D5-3036B4661343}.Release|x86.Build.0 = Release|Win32
		{8BF5DB77-51B9-4DDA-BF91-2E7921B080B8}.Debug|x64.ActiveCfg = Debug|x64
		{8BF5DB77-51B9-4DDA-BF91-2E7921B080B8}.Debug|x64.Build.0 = Debug|x64
		{8BF5DB77-51B9-4DDA-BF91-2E7921B080B8}.Debug|x86.ActiveCfg = Debug|Win32
		{8BF5DB77-51B9-4DDA-BF91-2E7921B080B8}.Debug|x86.Build.0 = Debug|Win32
		{8BF5DB77-51B9-4DDA-BF91-2E7921B080B8}.Release|x64.ActiveCfg = Release|x64
		{8BF5DB77-51B9-4DDA-BF91-2E7921B080B8}.Release|x64.Build.0 = Release|x64
		{8BF5DB77-51B9-4DDA-BF91-2E7921B080B8}.Release|x86.ActiveCfg = Release|Win32
		{8BF5DB77-51B9-4DDA-BF91-2E7921B080B8}.Release|x86.Build.0 = Release|Win32
		{122FDA35-E18A-4E90-8390-85D4FA7B6394}.Debug|x64.ActiveCfg = Debug|x64
		{122FDA35-E18A-4E90-8390-85D4FA7B6394}.Debug|x64.Build.0 = Debug|x64
		{122FDA35-E18A-4E90-8390-85D4FA7B6394}.Debug|x86.ActiveCfg = Debug|Win32
		{122FDA35-E18A-4E90-8390-85D4FA7B6394}.Debug|x86.Build.0 = Debug|Win32
		{122FDA35-E18A-4E90-8390-85D4FA7B6394}.Release|x64.ActiveCfg = Release|x64
		{122FDA35-E18A-4E90-8390-85D4FA7B6394}.Release|x64.Build.0 = Release|x64
		{122FDA35-E18A-4E90-8390-85D4FA7B6394}.Release|x86.ActiveCfg = Release|Win32
		{122FDA35-E18A-4E90-8390-85D4FA7B6394}.Release|x86.Build.0 = Release|Win32
		{0BF1D355-0E38-46AF-8630-95446A243857}.Debug|x64.ActiveCfg = Debug|x64
		{0BF1D355-0E38-46AF-8630-95446A243857}.Debug|x64.Build.0 = Debug|x64
		{0BF1D355-0E38-46AF-8630-95446A243857}.Debug|x86.ActiveCfg = Debug|Win32
		{0BF1D355-0E38-46AF-8630-95446A243857}.Debug|x86.Build.0 = Debug|Win32
		{0BF1D355-0E38-46AF-8630-95446A243857}.Release|x64.ActiveCfg = Release|x64
		{0BF1D355-0E38-46AF-8630-95446A243857}.Release|x64.Build.0 = Release|x64
		{0BF1D355-0E38-46AF-8630-95446A243857}.Release|x86.ActiveCfg = Release|Win32
		{0BF1D355-0E38-46AF-8630-95446A243857}.Release|x86.Build.0 = Release|Win32
		{D149ADDA-E762-46B9-BE43-E6C2CF4C5FEE}.Debug|x64.ActiveCfg = Debug|x64
		{D149ADDA-E762-46B9-BE43-E6C2CF4C5FEE}.Debug|x64.Build.0 = Debug|x64
		{D149ADDA-E762-46B9-BE43-E6C2CF4C5FEE}.Debug|x86.ActiveCfg = Debug|Win32
		{D149ADDA-E762-46B9-BE43-E6C2CF4C5FEE}.Debug|x86.Build.0 = Debug|Win32
		{D149ADDA-E762-46B9-BE43-E6C2CF4C5FEE}.Release|x64.ActiveCfg = Release|x64
		{D149ADDA-E762-46B9-BE43-E6C2CF4C5FEE}.Release|x64.Build.0 = Release|x64
		{D149ADDA-E762-46B9-BE43-E6C2CF4C5FEE}.Release|x86.ActiveCfg = Release|Win32
		{D149ADDA-E762-46B9-BE43-E6C2CF4C5FEE}.Release|x86.Build.0 = Release|Win32
		{F2408A37-0F91-4258-8BE3-047D4A82A872}.Debug|x64.ActiveCfg = Debug|x64
		{F2408A37-0F91-4258-8BE3-047D4A82A872}.Debug|x64.Build.0 = Debug|x64
		{F2408A37-0F91-4258-8BE3-047D4A82A872}.Debug|x86.ActiveCfg = Debug|Win32
		{F2408A37-0F91-4258-8BE3-047D4A82A872}.Debug|x86.Build.0 = Debug|Win32
		{F2408A37-0F91-4258-8BE3-047D4A82A872}.Release|x64.ActiveCfg = Release|x64
		{F2408A37-0F91-4258-8BE3-047D4A82A872}.Release|x64.Build.0 = Release|x64
		{F2408A37-0F91-4258-8BE3-047D4A82A872}.Release|x86.ActiveCfg = Release|Win32
		{F2408A37-0F91-4258-8BE3-047D4A82A872}.Release|x86.Build.0 = Release|Win32
		{58B0A747-62B8-49DA-B162-541B94643079}.Debug|x64.ActiveCfg = Debug|x64
		{58B0A747-62B8-49DA-B162-541B94643079}.Debug|x64.Build.0 = Debug|x64
		{58B0A747-62B8-49DA-B162-541B94643079}.Debug|x86.ActiveCfg = Debug|Win32
		{58B0A747-62B8-49DA-B162-541B94643079}.Debug|x86.Build.0 = Debug|Win32
		{58B0A747-62B8-49DA-B162-541B94643079}.Release|x64.ActiveCfg = Release|x64
		{58B0A747-62B8-49DA-B162-541B94643079}.Release|x64.Build.0 = Release|x64
		{58B0A747-62B8-49DA-B162-541B94643079}.Release|x86.ActiveCfg = Release|Win32
		{58B0A747-62B8-49DA-B162-541B94643079}.Release|x86.Build.0 = Release|Win32
		{1D11DE3E-FE3A-4DB1-AC76-32C2E130221D}.Debug|x64.ActiveCfg = Debug|x64
		{1D11DE3E-FE3A-4DB1-AC76-32C2E130221D}.Debug|x64.Build.0 = Debug|x64
		{1D11DE3E-FE3A-4DB1-AC76-32C2E130221D}.Debug|x86.ActiveCfg = Debug|Win32
		{1D11DE3E-FE3A-4DB1-AC76-32C2E130221D}.Debug|x86.Build.0 = Debug|Win32
		{1D11DE3E-FE3A-4DB1-AC76-32C2E130221D}.Release|x64.ActiveCfg = Release|x64
		{1D11DE3E-FE3A-4DB1-AC76-32C2E130221D}.Release|x64.Build.0 = Release|x64
		{1D11DE3E-FE3A-4DB1-AC76-32C2E130221D}.Release|x86.ActiveCfg = Release|Win32
		{1D11DE3E-FE3A-4DB1-AC76-32C2E130221D}.Release|x86.Build.0 = Release|Win32
		{DDA09E0F-6344-46FB-A7B1-1DD3951D3EFB}.Debug|x64.ActiveCfg = Debug|x64
		{DDA09E0F-6344-46FB-A7B1-1DD3951D3EFB}.Debug|x64.Build.0 = Debug|x64
		{DDA09E0F-6344-46FB-A7B1-1DD3951D3EFB}.Debug|x86.ActiveCfg = Debug|Win32
		{DDA09E0F-6344-46FB-A7B1-1DD3951D3EFB}.Debug|x86.Build.0 = Debug|Win32
		{DDA09E0F-6344-46FB-A7B1-1DD3951D3EFB}.Release|x64.ActiveCfg = Release|x64
		{DDA09E0F-6344-46FB-A7B1-1DD3951D3EFB}.Release|x64.Build.0 = Release|x64
		{DDA09E0F-6344-46FB-A7B1-1DD3951D3EFB}.Release|x86.ActiveCfg = Release|Win32
		{DDA09E0F-6344-46FB-A7B1-1DD3951D3EFB}.Release|x86.Build.0 = Release|Win32
		{6127AD24-1EA7-405F-B33A-A33A6D5A3189}.Debug|x64.ActiveCfg = Debug|x64
		{6127AD24-1EA7-405F-B33A-A33A6D5A3189}.Debug|x64.Build.0 = Debug|x64
		{6127AD24-1EA7-405F-B33A-A33A6D5A3189}.Debug|x86.ActiveCfg = Debug|Win32
		{6127AD24-1EA7-405F-B33A-A33A6D5A3189}.Debug|x86.Build.0 = Debug|Win32
		{6127AD24-1EA7-405F-B33A-A33A6D5A3189}.Release|x64.ActiveCfg = Release|x64
		{6127AD24-1EA7-405F-B33A-A33A6D5A3189}.Release|x64.Build.0 = Release|x64
		{6127AD24-1EA7-405F-B33A-A33A6D5A3189}.Release|x86.ActiveCfg = Release|Win32
		{6127AD24-1EA7-405F-B33A-A33A6D5A3189}.Release|x86.Build.0 = Release|Win32
		{E10B228E-6052-468B-9543-5F4E75EF5E04}.Debug|x64.ActiveCfg = Debug|x64
		{E10B228E-6052-468B-9543-5F4E75EF5E04}.Debug|x64.Build.0 = Debug|x64
		{E10B228E-6052-468B-9543-5F4E75EF5E04}.Debug|x86.ActiveCfg = Debug|Win32
		{E10B228E-6052-468B-9543-5F4E75EF5E04}.Debug|x86.Build.0 = Debug|Win32
		{E10B228E-6052-468B-9543-5F4E75EF5E04}.Release|x64.ActiveCfg = Release|x64
		{E10B228E-6052-468B-9543-5F4E75EF5E04}.Release|x64.Build.0 = Release|x64
		{E10B228E-6052-468B-9543-5F4E75EF5E04}.Release|x86.ActiveCfg = Release|Win32
		{E10B228E-6052-468B-9543-5F4E75EF5E04}.Release|x86.Build.0 = Release|Win32
		{45991095-EA97-40A6-8BAE-587F0B207BA8}.Debug|x64.ActiveCfg = Debug|x64
		{45991095-EA97-40A6-8BAE-587F0B207BA8}.Debug|x64.Build.0 = Debug|x64
		{45991095-EA97-40A6-8BAE-587F0B207BA8}.Debug|x86.ActiveCfg = Debug|Win32
		{45991095-EA97-40A6-8BAE-587F0B207BA8}.Debug|x86.Build.0 = Debug|Win32
		{45991095-EA97-40A6-8BAE-587F0B207BA8}.Release|x64.ActiveCfg = Release|x64
		{45991095-EA97-40A6-8BAE-587F0B207BA8}.Release|x64.Build.0 = Release|x64
		{45991095-EA97-40A6-8BAE-587F0B207BA8}.Release|x86.ActiveCfg = Release|Win32
		{45991095-EA97-40A6-8BAE-587F0B207BA8}.Release|x86.Build.0 = Release|Win32
		{7887552C-3EB1-4FB2-81BC-71595C47F5EB}.Debug|x64.ActiveCfg = Debug|x64
		{7887552C-3EB1-4FB2-81BC-71595C47F5EB}.Debug|x64.Build.0 = Debug|x64
		{7887552C-3EB1-4FB2-81BC-71595C47F5EB}.Debug|x86.ActiveCfg = Debug|Win32
		{7887552C-3EB1-4FB2-81BC-71595C47F5EB}.Debug|x86.Build.0 = Debug|Win32
		{7887552C-3EB1-4FB2-81BC-71595C47F5EB}.Release|x64.ActiveCfg = Release|x64
		{7887552C-3EB1-4FB2-81BC-71595C47F5EB}.Release|x64.Build.0 = Release|x64
		{7887552C-3EB1-4FB2-81BC-71595C47F5EB}.Release|x86.ActiveCfg = Release|Win32
		{7887552C-3EB1-4FB2-81BC-71595C47F5EB}.Release|x86.Build.0 = Release|Win32
		{41C0E453-8FA7-47F0-B15D-AA60826FA408}.Debug|x64.ActiveCfg = Debug|x64
		{41C0E453-8FA7-47F0-B15D-AA60826FA408}.Debug|x64.Build.0 = Debug|x64
		{41C0E453-8FA7-47F0-B15D-AA60826FA408}.Debug|x86.ActiveCfg = Debug|Win32
		{41C0E453-8FA7-47F0-B15D-AA60826FA408}.Debug|x86.Build.0 = Debug|Win32
		{41C0E453-8FA7-47F0-B15D-AA60826FA408}.Release|x64.ActiveCfg = Release|x64
		{41C0E453-8FA7-47F0-B15D-AA60826FA408}.Release|x64.Build.0 = Release|x64
		{41C0E453-8FA7-47F0-B15D-AA60826FA408}.Release|x86.ActiveCfg = Release|Win32
		{41C0E453-8FA7-47F0-B15D-AA60826FA408}.Release|x86.Build.0 = Release|Win32
		{1E2ED949-B189-488B-8FC3-A0537EABD464}.Debug|x64.ActiveCfg = Debug|x64
		{1E2ED949-B189-488B-8FC3-A0537EABD464}.Debug|x64.Build.0 = Debug|x64
		{1E2ED949-B189-488B-8FC3-A0537EABD464}.Debug|x86.ActiveCfg = Debug|Win32
		{1E2ED949-B189-488B-8FC3-A0537EABD464}.Debug|x86.Build.0 = Debug|Win32
		{1E2ED949-B189-488B-8FC3-A0537EABD464}.Release|x64.ActiveCfg = Release|x64
		{1E2ED949-B189-488B-8FC3-A0537EABD464}.Release|x64.Build.0 = Release|x64
		{1E2ED949-B189-488B-8FC3-A0537EABD464}.Release|x86.ActiveCfg = Release|Win32
		{1E2ED949-B189-488B-8FC3-A0537EABD464}.Release|x86.Build.0 = Release|Win32
		{9D6C084B-2341-4798-8E5C-A9F946B7B088}.Debug|x64.ActiveCfg = Debug|x64
		{9D6C084B-2341-4798-8E5C-A9F946B7B088}.Debug|x64.Build.0 = Debug|x64
		{9D6C084B-2341-4798-8E5C-A9F946B7B088}.Debug|x86.ActiveCfg = Debug|Win32
		{9D6C084B-2341-4798-8E5C-A9F946B7B088}.Debug|x86.Build.0 = Debug|Win32
		{9D6C084B-2341-4798-8E5C-A9F946B7B088}.Release|x64.ActiveCfg = Release|x64
		{9D6C084B-2341-4798-8E5C-A9F946B7B088}.Release|x64.Build.0 = Release|x64
		{9D6C084B-2341-4798-8E5C-A9F946B7B088}.Release|x86.ActiveCfg = Release|Win32
		{9D6C084B-2341-4798-8E5C-A9F946B7B088}.Release|x86.Build.0 = Release|Win32
		{4ACDE190-FB20-4CDE-99C7-61FF4E84DAD7}.Debug|x64.ActiveCfg = Debug|x64
		{4ACDE190-FB20-4CDE-99C7-61FF4E84DAD7}.Debug|x64.Build.0 = Debug|x64
		{4ACDE190-FB20-4CDE-99C7-61FF4E84DAD7}.Debug|x86.ActiveCfg = Debug|Win32
		{4ACDE190-FB20-4CDE-99C7-61FF4E84DAD7}.Debug|x86.Build.0 = Debug|Win32
		{4ACDE190-FB20-4CDE-99C7-61FF4E84DAD7}.Release|x64.ActiveCfg = Release|x64
		{4ACDE190-FB20-4CDE-99C7-61FF4E84DAD7}.Release|x64.Build.0 = Release|x64
		{4ACDE190-FB20-4CDE-99C7-61FF4E84DAD7}.Release|x86.ActiveCfg = Release|Win32
		{4ACDE190-FB20-4CDE-99C7-61FF4E84DAD7}.Release|x86.Build.0 = Release|Win32
		{3ECB26F4-75E7-427D-BE39-E8F607EA13E9}.Debug|x64.ActiveCfg = Debug|x64
		{3ECB26F4-75E7-427D-BE39-E8F607EA13E9}.Debug|x64.Build.0 = Debug|x64
		{3ECB26F4-75E7-427D-BE39-E8F607EA13E9}.Debug|x86.ActiveCfg = Debug|Win32
		{3ECB26F4-75E7-427D-BE39-E8F607EA13E9}.Debug|x86.Build.0 = Debug|Win32
		{3ECB26F4-75E7-427D-BE39-E8F607EA13E9}.Release|x64.ActiveCfg = Release|x64
		{3ECB26F4-75E7-427D-BE39-E8F607EA13E9}.Release|x64.Build.0 = Release|x64
		{3ECB26F4-75E7-427D-BE39-E8F607EA13E9}.Release|x86.ActiveCfg = Release|Win32
		{3ECB26F4-75E7-427D-BE39-E8F607EA13E9}.Release|x86.Build.0 = Release|Win32
		{0E0E456A-1C25-4635-A2A9-F4C0B0303BF4}.Debug|x64.ActiveCfg = Debug|x64
		{0E0E456A-1C25-4635-A2A9-F4C0B0303BF4}.Debug|x64.Build.0 = Debug|x64
		{0E0E456A-1C25-4635-A2A9-F4C0B0303BF4}.Debug|x86.ActiveCfg = Debug|Win32
		{0E0E456A-1C25-4635-A2A9-F4C0B0303BF4}.Debug|x86.Build.0 = Debug|Win32
		{0E0E456A-1C25-4635-A2A9-F4C0B0303BF4}.Release|x64.ActiveCfg = Release|x64
		{0E0E456A-1C25-4635-A2A9-F4C0B0303BF4}.Release|x64.Build.0 = Release|x64
		{0E0E456A-1C25-4635-A2A9-F4C0B0303BF4}.Release|x86.ActiveCfg = Release|Win32
		{0E0E456A-1C25-4635-A2A9-F4C0B0303BF4}.Release|x86.Build.0 = Release|Win32
		{245FB179-4392-4C47-BD3C-C505B0DFEB2E}.Debug|x64.ActiveCfg = Debug|x64
		{245FB179-4392-4C47-BD3C-C505B0DFEB2E}.Debug|x64.Build.0 = Debug|x64
		{245FB179-4392-4C47-BD3C-C505B0DFEB2E}.Debug|x86.ActiveCfg = Debug|Win32
		{245FB179-4392-4C47-BD3C-C505B0DFEB2E}.Debug|x86.Build.0 = Debug|Win32
		{245FB179-4392-4C47-BD3C-C505B0DFEB2E}.Release|x64.ActiveCfg = Release|x64
		{245FB179-4392-4C47-BD3C-C505B0DFEB2E}.Release|x64.Build.0 = Release|x64
		{245FB179-4392-4C47-BD3C-C505B0DFEB2E}.Release|x86.ActiveCfg = Release|Win32
		{245FB179-4392-4C47-BD3C-C505B0DFEB2E}.Release|x86.Build.0 = Release|Win32
		{978580EB-A6D1-48FD-B824-8404DB6BB95F}.Debug|x64.ActiveCfg = Debug|x64
		{978580EB-A6D1-48FD-B824-8404DB6BB95F}.Debug|x64.Build.0 = Debug|x64
		{978580EB-A6D1-48FD-B824-8404DB6BB95F}.Debug|x86.ActiveCfg = Debug|Win32
		{978580EB-A6D1-48FD-B824-8404DB6BB95F}.Debug|x86.Build.0 = Debug|Win32
		{978580EB-A6D1-48FD-B824-8404DB6BB95F}.Release|x64.ActiveCfg = Release|x64
		{978580EB-A6D1-48FD-B824-8404DB6BB95F}.Release|x64.Build.0 = Release|x64
		{978580EB-A6D1-48FD-B824-8404DB6BB95F}.Release|x86.ActiveCfg = Release|Win32
		{978580EB-A6D1-48FD-B824-8404DB6BB95F}.Release|x86.Build.0 = Release|Win32
		{F9C13464-2E94-4313-B86D-C571B312B1E6}.Debug|x64.ActiveCfg = Debug|x64
		{F9C13464-2E94-4313-B86D-C571B312B1E6}.Debug|x64.Build.0 = Debug|x64
		{F9C13464-2E94-4313-B86D-C571B312B1E6}.Debug|x86.ActiveCfg = Debug|Win32
		{F9C13464-2E94-4313-B86D-C571B312B1E6}.Debug|x86.Build.0 = Debug|Win32
		{F9C13464-2E94-4313-B86D-C571B312B1E6}.Release|x64.ActiveCfg = Release|x64
		{F9C13464-2E94-4313-B86D-C571B312B1E6}.Release|x64.Build.0 = Release|x64
		{F9C13464-2E94-4313-B86D-C571B312B1E6}.Release|x86.ActiveCfg = Release|Win32
		{F9C13464-2E94-4313-B86D-C571B312B1E6}.Release|x86.Build.0 = Release|Win32
		{E0C11DE6-8C2B-4AD3-B566-888E2E0C9F4E}.Debug|x64.ActiveCfg = Debug|x64
		{E0C11DE6-8C2B-4AD3-B566-888E2E0C9F4E}.Debug|x64.Build.0 = Debug|x64
		{E0C11DE6-8C2B-4AD3-B566-888E2E0C9F4E}.Debug|x86.ActiveCfg = Debug|Win32
		{E0C11DE6-8C2B-4AD3-B566-888E2E0C9F4E}.Debug|x86.Build.0 = Debug|Win32
		{E0C11DE6-8C2B-4AD3-B566-888E2E0C9F4E}.Release|x64.ActiveCfg = Release|x64
		{E0C11DE6-8C2B-4AD3-B566-888E2E0C9F4E}.Release|x64.Build.0 = Release|x64
		{E0C11DE6-8C2B-4AD3-B566-888E2E0C9F4E}.Release|x86.ActiveCfg = Release|Win32
		{E0C11DE6-8C2B-4AD3-B566-888E2E0C9F4E}.Release|x86.Build.0 = Release|Win32
		{A9E50C48-5291-418F-8D91-AF49C58C0036}.Debug|x64.ActiveCfg = Debug|x64
		{A9E50C48-5291-418F-8D91-AF49C58C0036}.Debug|x64.Build.0 = Debug|x64
		{A9E50C48-5291-418F-8D91-AF49C58C0036}.Debug|x86.ActiveCfg = Debug|Win32
		{A9E50C48-5291-418F-8D91-AF49C58C0036}.Debug|x86.Build.0 = Debug|Win32
		{A9E50C48-5291-418F-8D91-AF49C58C0036}.Release|x64.ActiveCfg = Release|x64
		{A9E50C48-5291-418F-8D91-AF49C58C0036}.Release|x64.Build.0 = Release|x64
		{A9E50C48-5291-418F-8D91-AF49C58C0036}.Release|x86.ActiveCfg = Release|Win32
		{A9E50C48-5291-418F-8D91-AF49C58C0036}.Release|x86.Build.0 = Release|Win32
		{97B71399-5E1C-4DEA-9289-078A929E15C4}.Debug|x64.ActiveCfg = Debug|x64
		{97B71399-5E1C-4DEA-9289-078A929E15C4}.Debug|x64.Build.0 = Debug|x64
		{97B71399-5E1C-4DEA-9289-078A929E15C4}.Debug|x86.ActiveCfg = Debug|Win32
		{97B71399-5E1C-4DEA-9289-078A929E15C4}.Debug|x86.Build.0 = Debug|Win32
		{97B71399-5E1C-4DEA-9289-078A929E15C4}.Release|x64.ActiveCfg = Release|x64
		{97B71399-5E1C-4DEA-9289-078A929E15C4}.Release|x64.Build.0 = Release|x64
		{97B71399-5E1C-4DEA-9289-078A929E15C4}.Release|x86.ActiveCfg = Release|Win32
		{97B71399-5E1C-4DEA-9289-078A929E15C4}.Release|x86.Build.0 = Release|Win32
		{F0782D76-4494-44DE-88AC-2B587A7990DA}.Debug|x64.ActiveCfg = Debug|x64
		{F0782D76-4494-44DE-88AC-2B587A7990DA}.Debug|x64.Build.0 = Debug|x64
		{F0782D76-4494-44DE-88AC-2B587A7990DA}.Debug|x86.ActiveCfg = Debug|Win32
		{F0782D76-4494-44DE-88AC-2B587A7990DA}.Debug|x86.Build.0 = Debug|Win32
		{F0782D76-4494-44DE-88AC-2B587A7990DA}.Release|x64.ActiveCfg = Release|x64
		{F0782D76-4494-44DE-88AC-2B587A7990DA}.Release|x64.Build.0 = Release|x64
		{F0782D76-4494-44DE-88AC-2B587A7990DA}.Release|x86.ActiveCfg = Release|Win32
		{F0782D76-4494-44DE-88AC-2B587A7990DA}.Release|x86.Build.0 = Release|Win32
		{AA0B6708-81B5-418F-ADD2-EBBF014A09EF}.Debug|x64.ActiveCfg = Debug|x64
		{AA0B6708-81B5-418F-ADD2-EBBF014A09EF}.Debug|x64.Build.0 = Debug|x64
		{AA0B6708-81B5-418F-ADD2-EBBF014A09EF}.Debug|x86.ActiveCfg = Debug|Win32
		{AA0B6708-81B5-418F-ADD2-EBBF014A09EF}.Debug|x86.Build.0 = Debug|Win32
		{AA0B6708-81B5-418F-ADD2-EBBF014A09EF}.Release|x64.ActiveCfg = Release|x64
		{AA0B6708-81B5-418F-ADD2-EBBF014A09EF}.Release|x64.Build.0 = Release|x64
		{AA0B6708-81B5-418F-ADD2-EBBF014A09EF}.Release|x86.ActiveCfg = Release|Win32
		{AA0B6708-81B5-418F-ADD2-EBBF014A09EF}.Release|x86.Build.0 = Release|Win32
		{134C086E-67C2-455C-974B-5A496D08E0CA}.Debug|x64.ActiveCfg = Debug|x64
		{134C086E-67C2-455C-974B-5A496D08E0CA}.Debug|x64.Build.0 = Debug|x64
		{134C086E-67C2-455C-974B-5A496D08E0CA}.Debug|x86.ActiveCfg = Debug|Win32
		{134C086E-67C2-455C-974B-5A496D08E0CA}.Debug|x86.Build.0 = Debug|Win32
		{134C086E-67C2-455C-974B-5A496D08E0CA}.Release|x64.ActiveCfg = Release|x64
		{134C086E-67C2-455C-974B-5A496D08E0CA}.Release|x64.Build.0 = Release|x64
		{134C086E-67C2-455C-974B-5A496D08E0CA}.Release|x86.ActiveCfg = Release|Win32
		{134C086E-67C2-455C-974B-5A496D08E0CA}.Release|x86.Build.0 = Release|Win32
		{4EC0227E-0D22-4DE5-B02A-9241A256E94D}.Debug|x64.ActiveCfg = Debug|x64
		{4EC0227E-0D22-4DE5-B02A-9241A256E94D}.Debug|x64.Build.0 = Debug|x64
		{4EC0227E-0D22-4DE5-B02A-9241A256E94D}.Debug|x86.ActiveCfg = Debug|Win32
		{4EC0227E-0D22-4DE5-B02A-9241A256E94D}.Debug|x86.Build.0 = Debug|Win32
		{4EC0227E-0D22-4DE5-B02A-9241A256E94D}.Release|x64.ActiveCfg = Release|x64
		{4EC0227E-0D22-4DE5-B02A-9241A256E94D}.Release|x64.Build.0 = Release|x64
		{4EC0227E-0D22-4DE5-B02A-9241A256E94D}.Release|x86.ActiveCfg = Release|Win32
		{4EC0227E-0D22-4DE5-B02A-9241A256E94D}.Release|x86.Build.0 = Release|Win32
		{CE29992C-F547-4A86-A349-2ACD3FB8F71C}.Debug|x64.ActiveCfg = Debug|x64
		{CE29992C-F547-4A86-A349-2ACD3FB8F71C}.Debug|x64.Build.0 = Debug|x64
		{CE29992C-F547-4A86-A349-2ACD3FB8F71C}.Debug|x86.ActiveCfg = Debug|Win32
		{CE29992C-F547-4A86-A349-2ACD3FB8F71C}.Debug|x86.Build.0 = Debug|Win32
		{CE29992C-F547-4A86-A349-2ACD3FB8F71C}.Release|x64.ActiveCfg = Release|x64
		{CE29992C-F547-4A86-A349-2ACD3FB8F71C}.Release|x64.Build.0 = Release|x64
		{CE29992C-F547-4A86-A349-2ACD3FB8F71C}.Release|x86.ActiveCfg = Release|Win32
		{CE29992C-F547-4A86-A349-2ACD3FB8F71C}.Release|x86.Build.0 = Release|Win32
		{F0874756-6437-4B1A-B18E-9B410BC14FA0}.Debug|x64.ActiveCfg = Debug|x64
		{F0874756-6437-4B1A-B18E-9B410BC14FA0}.Debug|x64.Build.0 = Debug|x64
		{F0874756-6437-4B1A-B18E-9B410BC14FA0}.Debug|x86.ActiveCfg = Debug|Win32
		{F0874756-6437-4B1A-B18E-9B410BC14FA0}.Debug|x86.Build.0 = Debug|Win32
		{F0874756-6437-4B1A-B18E-9B410BC14FA0}.Release|x64.ActiveCfg = Release|x64
		{F0874756-6437-4B1A-B18E-9B410BC14FA0}.Release|x64.Build.0 = Release|x64
		{F0874756-6437-4B1A-B18E-9B410BC14FA0}.Release|x86.ActiveCfg = Release|Win32
		{F0874756-6437-4B1A-B18E-9B410BC14FA0}.Release|x86.Build.0 = Release|Win32
		{D1CCDCE2-D113-4819-AC45-1D5B4E0E46D0}.Debug|x64.ActiveCfg = Debug|x64
		{D1CCDCE2-D113-4819-AC45-1D5B4E0E46D0}.Debug|x64.Build.0 = Debug|x64
		{D1CCDCE2-D113-4819-AC45-1D5B4E0E46D0}.Debug|x86.ActiveCfg = Debug|Win32
		{D1CCDCE2-D113-4819-AC45-1D5B4E0E46D0}.Debug|x86.Build.0 = Debug|Win32
		{D1CCDCE2-D113-4819-AC45-1D5B4E0E46D0}.Release|x64.ActiveCfg = Release|x64
		{D1CCDCE2-D113-4819-AC45-1D5B4E0E46D0}.Release|x64.Build.0 = Release|x64
		{D1CCDCE2-D113-4819-AC45-1D5B4E0E46D0}.Release|x86.ActiveCfg = Release|Win32
		{D1CCDCE2-D113-4819-AC45-1D5B4E0E46D0}.Release|x86.Build.0 = Release|Win32
		{7D2E02AC-B7C9-4FCB-985F-12F592B41D33}.Debug|x64.ActiveCfg = Debug|x64
		{7D2E02AC-B7C9-4FCB-985F-12F592B41D33}.Debug|x64.Build.0 = Debug|x64
		{7D2E02AC-B7C9-4FCB-985F-12F592B41D33}.Debug|x86.ActiveCfg = Debug|Win32
		{7D2E02AC-B7C9-4FCB-985F-12F592B41D33}.Debug|x86.Build.0 = Debug|Win32
		{7D2E02AC-B7C9-4FCB-985F-12F592B41D33}.Release|x64.ActiveCfg = Release|x64
		{7D2E02AC-B7C9-4FCB-985F-12F592B41D33}.Release|x64.Build.0 = Release|x64
		{7D2E02AC-B7C9-4FCB-985F-12F592B41D33}.Release|x86.ActiveCfg = Release|Win32
		{7D2E02AC-B7C9-4FCB-985F-12F592B41D33}.Release|x86.Build.0 = Release|Win32
		{CD38A565-815F-49FC-ACBB-3BC360D7E02C}.Debug|x64.ActiveCfg = Debug|x64
		{CD38A565-815F-49FC-ACBB-3BC360D7E02C}.Debug|x64.Build.0 = Debug|x64
		{CD38A565-815F-49FC-ACBB-3BC360D7E02C}.Debug|x86.ActiveCfg = Debug|Win32
		{CD38A565-815F-49FC-ACBB-3BC360D7E02C}.Debug|x86.Build.0 = Debug|Win32
		{CD38A565-815F-49FC-ACBB-3BC360D7E02C}.Release|x64.ActiveCfg = Release|x64
		{CD38A565-815F-49FC-ACBB-3BC360D7E02C}.Release|x64.Build.0 = Release|x64
		{CD38A565-815F-49FC-ACBB-3BC360D7E02C}.Release|x86.ActiveCfg = Release|Win32
		{CD38A565-815F-49FC-ACBB-3BC360D7E02C}.Release|x86.Build.0 = Release|Win32
		{4D0CF9D2-51FA-4B77-998A-3C11FA7E598F}.Debug|x64.ActiveCfg = Debug|x64
		{4D0CF9D2-51FA-4B77-998A-3C11FA7E598F}.Debug|x64.Build.0 = Debug|x64
		{4D0CF9D2-51FA-4B77-998A-3C11FA7E598F}.Debug|x86.ActiveCfg = Debug|Win32
		{4D0CF9D2-51FA-4B77-998A-3C11FA7E598F}.Debug|x86.Build.0 = Debug|Win32
		{4D0CF9D2-51FA-4B77-998A-3C11FA7E598F}.Release|x64.ActiveCfg = Release|x64
		{4D0CF9D2-51FA-4B77-998A-3C11FA7E598F}.Release|x64.Build.0 = Release|x64
		{4D0CF9D2-51FA-4B77-998A-3C11FA7E598F}.Release|x86.ActiveCfg = Release|Win32
		{4D0CF9D2-51FA-4B77-998A-3C11FA7E598F}.Release|x86.Build.0 = Release|Win32
		{7CA80F2E-09E2-49DF-B3A0-B39192978459}.Debug|x64.ActiveCfg = Debug|x64
		{7CA80F2E-09E2-49DF-B3A0-B39192978459}.Debug|x64.Build.0 = Debug|x64
		{7CA80F2E-09E2-49DF-B3A0-B39192978459}.Debug|x86.ActiveCfg = Debug|Win32
		{7CA80F2E-09E2-49DF-B3A0-B39192978459}.Debug|x86.Build.0 = Debug|Win32
		{7CA80F2E-09E2-49DF-B3A0-B39192978459}.Release|x64.ActiveCfg = Release|x64
		{7CA80F2E-09E2-49DF-B3A0-B39192978459}.Release|x64.Build.0 = Release|x64
		{7CA80F2E-09E2-49DF-B3A0-B39192978459}.Release|x86.ActiveCfg = Release|Win32
		{7CA80F2E-09E2-49DF-B3A0-B39192978459}.Release|x86.Build.0 = Release|Win32
		{67B272ED-8ABA-47B3-9AD8-C4611EB6D2B0}.Debug|x64.ActiveCfg = Debug|x64
		{67B272ED-8ABA-47B3-9AD8-C4611EB6D2B0}.Debug|x64.Build.0 = Debug|x64
		{67B272ED-8ABA-47B3-9AD8-C4611EB6D2B0}.Debug|x86.ActiveCfg = Debug|Win32
		{67B272ED-8ABA-47B3-9AD8-C4611EB6D2B0}.Debug|x86.Build.0 = Debug|Win32
		{67B272ED-8ABA-47B3-9AD8-C4611EB6D2B0}.Release|x64.ActiveCfg = Release|x64
		{67B272ED-8ABA-47B3-9AD8-C4611EB6D2B0}.Release|x64.Build.0 = Release|x64
		{67B272ED-8ABA-47B3-9AD8-C4611EB6D2B0}.Release|x86.ActiveCfg = Release|Win32
		{67B272ED-8ABA-47B3-9AD8-C4611EB6D2B0}.Release|x86.Build.0 = Release|Win32
		{FB728BD4-954C-49D0-A08A-CC42B7C3581E}.Debug|x64.ActiveCfg = Debug|x64
		{FB728BD4-954C-49D0-A08A-CC42B7C3581E}.Debug|x64.Build.0 = Debug|x64
		{FB728BD4-954C-49D0-A08A-CC42B7C3581E}.Debug|x86.ActiveCfg = Debug|Win32
		{FB728BD4-954C-49D0-A08A-CC42B7C3581E}.Debug|x86.Build.0 = Debug|Win32
		{FB728BD4-954C-49D0-A08A-CC42B7C3581E}.Release|x64.ActiveCfg = Release|x64
		{FB728BD4-954C-49D0-A08A-CC42B7C3581E}.Release|x64.Build.0 = Release|x64
		{FB728BD4-954C-49D0-A08A-CC42B7C3581E}.Release|x86.ActiveCfg = Release|Win32
		{FB728BD4-954C-49D0-A08A-CC42B7C3581E}.Release|x86.Build.0 = Release|Win32
	EndGlobalSection
	GlobalSection(SolutionProperties) = preSolution
		HideSolutionNode = FALSE
	EndGlobalSection
	GlobalSection(NestedProjects) = preSolution
		{6A5B3F82-AA5C-4ECE-8505-85EEEACC5B51} = {A77E0C14-10DB-4E7E-B192-63D6FEB95D5A}
		{1AA29C02-18A8-4DC9-BEFA-6D6AC2E11CF5} = {A77E0C14-10DB-4E7E-B192-63D6FEB95D5A}
		{928633C7-7299-44BF-9838-9C0DE5B5E7FA} = {A77E0C14-10DB-4E7E-B192-63D6FEB95D5A}
		{5C80224D-A962-45E6-92CA-23E429CE3126} = {A77E0C14-10DB-4E7E-B192-63D6FEB95D5A}
		{B9498B81-0C36-4E7E-BA2F-331C27E2EB72} = {9B08A362-F91A-45FA-AB50-C7A896B6EA59}
		{909C2614-4B71-4671-BEB1-8DD23EABEFDA} = {9B08A362-F91A-45FA-AB50-C7A896B6EA59}
		{A4339F0D-4A4F-400B-832E-D509341CEFDA} = {9B08A362-F91A-45FA-AB50-C7A896B6EA59}
		{2293AAC0-548E-4355-BE5F-55FBA4C1258F} = {9B08A362-F91A-45FA-AB50-C7A896B6EA59}
		{785589BE-677F-4E55-A689-370C4E955343} = {9B08A362-F91A-45FA-AB50-C7A896B6EA59}
		{9B08A362-F91A-45FA-AB50-C7A896B6EA59} = {01BD9209-B7B4-4EFB-B6B7-D94392CCE58F}
		{A77E0C14-10DB-4E7E-B192-63D6FEB95D5A} = {01BD9209-B7B4-4EFB-B6B7-D94392CCE58F}
		{177878D3-F9A0-4D53-8DE2-4E91B9C8E9DE} = {01BD9209-B7B4-4EFB-B6B7-D94392CCE58F}
		{E2D7758E-D31A-4F38-A14C-4C062449BA4C} = {177878D3-F9A0-4D53-8DE2-4E91B9C8E9DE}
		{485637CC-26CA-482E-9E4B-E4E3E6B494DD} = {177878D3-F9A0-4D53-8DE2-4E91B9C8E9DE}
		{5B3DAB25-C3E4-493C-8687-4162AB8D1487} = {177878D3-F9A0-4D53-8DE2-4E91B9C8E9DE}
		{63D43C43-6DBD-41E8-B5A5-E9B3341A0181} = {177878D3-F9A0-4D53-8DE2-4E91B9C8E9DE}
		{96F531DD-B48E-443F-9A69-1491FF91B96B} = {177878D3-F9A0-4D53-8DE2-4E91B9C8E9DE}
		{557EEDAF-C95D-47BB-8757-7AFFB0DA356B} = {01BD9209-B7B4-4EFB-B6B7-D94392CCE58F}
		{5AFC8568-A8C0-4F85-A672-EE4DFED55332} = {557EEDAF-C95D-47BB-8757-7AFFB0DA356B}
		{95182D55-B447-4495-A24E-D63876F704CE} = {557EEDAF-C95D-47BB-8757-7AFFB0DA356B}
		{F3A8D254-53CB-49A1-A31B-42754BF3B267} = {557EEDAF-C95D-47BB-8757-7AFFB0DA356B}
		{8A7860FC-FB91-4CBD-B267-EF74E2A911B5} = {557EEDAF-C95D-47BB-8757-7AFFB0DA356B}
		{5B5F94E6-74E4-408E-A299-BF5B733313D4} = {557EEDAF-C95D-47BB-8757-7AFFB0DA356B}
		{651705BC-B90E-4819-8A88-FD995C79E07B} = {01BD9209-B7B4-4EFB-B6B7-D94392CCE58F}
		{CA094370-F48E-424D-A114-0E4B492D3672} = {651705BC-B90E-4819-8A88-FD995C79E07B}
		{155175EC-21B1-4727-925B-9A0ECB888E98} = {651705BC-B90E-4819-8A88-FD995C79E07B}
		{E8530554-3DEC-4AC0-9F13-E230BC320EDA} = {70783648-9166-499D-8BCB-96AAAE01E848}
		{29553D68-960F-4221-9C81-CE39EC334300} = {70783648-9166-499D-8BCB-96AAAE01E848}
		{072C1F49-E2AB-47DB-9959-A82CAD009274} = {70783648-9166-499D-8BCB-96AAAE01E848}
		{13EF98C8-4442-4B6E-99F0-7F5F7EFE24D6} = {70783648-9166-499D-8BCB-96AAAE01E848}
		{5F8675B7-06EC-4D5B-B670-F3FCB4105708} = {70783648-9166-499D-8BCB-96AAAE01E848}
		{8B7DB142-7A3E-4F14-907F-FE9B2E2ECB78} = {70783648-9166-499D-8BCB-96AAAE01E848}
		{37D18890-656D-46FB-96D5-3036B4661343} = {E8530554-3DEC-4AC0-9F13-E230BC320EDA}
		{8BF5DB77-51B9-4DDA-BF91-2E7921B080B8} = {E8530554-3DEC-4AC0-9F13-E230BC320EDA}
		{122FDA35-E18A-4E90-8390-85D4FA7B6394} = {E8530554-3DEC-4AC0-9F13-E230BC320EDA}
		{0BF1D355-0E38-46AF-8630-95446A243857} = {651705BC-B90E-4819-8A88-FD995C79E07B}
		{D149ADDA-E762-46B9-BE43-E6C2CF4C5FEE} = {E8530554-3DEC-4AC0-9F13-E230BC320EDA}
		{58B0A747-62B8-49DA-B162-541B94643079} = {651705BC-B90E-4819-8A88-FD995C79E07B}
		{1D11DE3E-FE3A-4DB1-AC76-32C2E130221D} = {E8530554-3DEC-4AC0-9F13-E230BC320EDA}
		{DDA09E0F-6344-46FB-A7B1-1DD3951D3EFB} = {E8530554-3DEC-4AC0-9F13-E230BC320EDA}
		{6127AD24-1EA7-405F-B33A-A33A6D5A3189} = {651705BC-B90E-4819-8A88-FD995C79E07B}
		{E10B228E-6052-468B-9543-5F4E75EF5E04} = {E8530554-3DEC-4AC0-9F13-E230BC320EDA}
		{45991095-EA97-40A6-8BAE-587F0B207BA8} = {E8530554-3DEC-4AC0-9F13-E230BC320EDA}
		{E041EAA7-8472-4787-A452-8770C5E0773F} = {01BD9209-B7B4-4EFB-B6B7-D94392CCE58F}
		{7887552C-3EB1-4FB2-81BC-71595C47F5EB} = {E041EAA7-8472-4787-A452-8770C5E0773F}
		{41C0E453-8FA7-47F0-B15D-AA60826FA408} = {E8530554-3DEC-4AC0-9F13-E230BC320EDA}
		{1E2ED949-B189-488B-8FC3-A0537EABD464} = {29553D68-960F-4221-9C81-CE39EC334300}
		{9D6C084B-2341-4798-8E5C-A9F946B7B088} = {E041EAA7-8472-4787-A452-8770C5E0773F}
		{4ACDE190-FB20-4CDE-99C7-61FF4E84DAD7} = {E8530554-3DEC-4AC0-9F13-E230BC320EDA}
		{3ECB26F4-75E7-427D-BE39-E8F607EA13E9} = {29553D68-960F-4221-9C81-CE39EC334300}
		{0E0E456A-1C25-4635-A2A9-F4C0B0303BF4} = {E041EAA7-8472-4787-A452-8770C5E0773F}
		{245FB179-4392-4C47-BD3C-C505B0DFEB2E} = {E8530554-3DEC-4AC0-9F13-E230BC320EDA}
		{978580EB-A6D1-48FD-B824-8404DB6BB95F} = {29553D68-960F-4221-9C81-CE39EC334300}
		{F9C13464-2E94-4313-B86D-C571B312B1E6} = {E8530554-3DEC-4AC0-9F13-E230BC320EDA}
		{E0C11DE6-8C2B-4AD3-B566-888E2E0C9F4E} = {E041EAA7-8472-4787-A452-8770C5E0773F}
		{A9E50C48-5291-418F-8D91-AF49C58C0036} = {E8530554-3DEC-4AC0-9F13-E230BC320EDA}
		{97B71399-5E1C-4DEA-9289-078A929E15C4} = {29553D68-960F-4221-9C81-CE39EC334300}
		{F0782D76-4494-44DE-88AC-2B587A7990DA} = {29553D68-960F-4221-9C81-CE39EC334300}
		{AA0B6708-81B5-418F-ADD2-EBBF014A09EF} = {E041EAA7-8472-4787-A452-8770C5E0773F}
		{134C086E-67C2-455C-974B-5A496D08E0CA} = {E8530554-3DEC-4AC0-9F13-E230BC320EDA}
		{4EC0227E-0D22-4DE5-B02A-9241A256E94D} = {29553D68-960F-4221-9C81-CE39EC334300}
		{6F837018-5149-469C-83AA-26B095887D9E} = {01BD9209-B7B4-4EFB-B6B7-D94392CCE58F}
		{CE29992C-F547-4A86-A349-2ACD3FB8F71C} = {6F837018-5149-469C-83AA-26B095887D9E}
		{F0874756-6437-4B1A-B18E-9B410BC14FA0} = {E8530554-3DEC-4AC0-9F13-E230BC320EDA}
		{D1CCDCE2-D113-4819-AC45-1D5B4E0E46D0} = {29553D68-960F-4221-9C81-CE39EC334300}
		{7D2E02AC-B7C9-4FCB-985F-12F592B41D33} = {29553D68-960F-4221-9C81-CE39EC334300}
		{CD38A565-815F-49FC-ACBB-3BC360D7E02C} = {6F837018-5149-469C-83AA-26B095887D9E}
		{4D0CF9D2-51FA-4B77-998A-3C11FA7E598F} = {E8530554-3DEC-4AC0-9F13-E230BC320EDA}
		{7CA80F2E-09E2-49DF-B3A0-B39192978459} = {E8530554-3DEC-4AC0-9F13-E230BC320EDA}
		{67B272ED-8ABA-47B3-9AD8-C4611EB6D2B0} = {E8530554-3DEC-4AC0-9F13-E230BC320EDA}
		{FB728BD4-954C-49D0-A08A-CC42B7C3581E} = {29553D68-960F-4221-9C81-CE39EC334300}
	EndGlobalSection
	GlobalSection(ExtensibilityGlobals) = postSolution
		SolutionGuid = {9D17E0D5-AC87-49C0-A04A-1417AAB7B46E}
	EndGlobalSection
EndGlobal
