
Microsoft Visual Studio Solution File, Format Version 12.00
# Visual Studio Version 17
VisualStudioVersion = 17.9.34622.214
MinimumVisualStudioVersion = 10.0.40219.1
Project("{8BC9CEB8-8B4A-11D0-8D11-00A0C91BC942}") = "Note", "Note\Note.vcxproj", "{A6025CA9-81F3-4E55-A683-63F8970BD0A2}"
EndProject
Project("{8BC9CEB8-8B4A-11D0-8D11-00A0C91BC942}") = "sockMerchant", "sockMerchant\sockMerchant.vcxproj", "{6A5B3F82-AA5C-4ECE-8505-85EEEACC5B51}"
EndProject
Project("{8BC9CEB8-8B4A-11D0-8D11-00A0C91BC942}") = "countingValleys", "countingValleys\countingValleys.vcxproj", "{1AA29C02-18A8-4DC9-BEFA-6D6AC2E11CF5}"
EndProject
Project("{8BC9CEB8-8B4A-11D0-8D11-00A0C91BC942}") = "JumpingOnTheClouds", "JumpingOnTheClouds\JumpingOnTheClouds.vcxproj", "{928633C7-7299-44BF-9838-9C0DE5B5E7FA}"
EndProject
Project("{8BC9CEB8-8B4A-11D0-8D11-00A0C91BC942}") = "RepeatedString", "RepeatedString\RepeatedString.vcxproj", "{5C80224D-A962-45E6-92CA-23E429CE3126}"
EndProject
Project("{8BC9CEB8-8B4A-11D0-8D11-00A0C91BC942}") = "2DArrayDS", "2DArrayDS\2DArrayDS.vcxproj", "{B9498B81-0C36-4E7E-BA2F-331C27E2EB72}"
EndProject
Project("{8BC9CEB8-8B4A-11D0-8D11-00A0C91BC942}") = "ArraysLeftRotation", "ArraysLeftRotation\ArraysLeftRotation.vcxproj", "{909C2614-4B71-4671-BEB1-8DD23EABEFDA}"
EndProject
Project("{8BC9CEB8-8B4A-11D0-8D11-00A0C91BC942}") = "NewYearChaos", "NewYearChaos\NewYearChaos.vcxproj", "{A4339F0D-4A4F-400B-832E-D509341CEFDA}"
EndProject
Project("{8BC9CEB8-8B4A-11D0-8D11-00A0C91BC942}") = "MinimumSwaps2", "MinimumSwaps2\MinimumSwaps2.vcxproj", "{2293AAC0-548E-4355-BE5F-55FBA4C1258F}"
EndProject
Project("{8BC9CEB8-8B4A-11D0-8D11-00A0C91BC942}") = "ArrayManipulation", "ArrayManipulation\ArrayManipulation.vcxproj", "{785589BE-677F-4E55-A689-370C4E955343}"
EndProject
Project("{2150E333-8FDC-42A3-9474-1A3956D46DE8}") = "Array", "Array", "{9B08A362-F91A-45FA-AB50-C7A896B6EA59}"
EndProject
Project("{2150E333-8FDC-42A3-9474-1A3956D46DE8}") = "WarmingUp", "WarmingUp", "{A77E0C14-10DB-4E7E-B192-63D6FEB95D5A}"
EndProject
Project("{2150E333-8FDC-42A3-9474-1A3956D46DE8}") = "Sort", "Sort", "{177878D3-F9A0-4D53-8DE2-4E91B9C8E9DE}"
EndProject
Project("{8BC9CEB8-8B4A-11D0-8D11-00A0C91BC942}") = "MarkandToys", "MarkandToys\MarkandToys.vcxproj", "{E2D7758E-D31A-4F38-A14C-4C062449BA4C}"
EndProject
Project("{8BC9CEB8-8B4A-11D0-8D11-00A0C91BC942}") = "Sorting_Comparator", "Sorting_Comparator\Sorting_Comparator.vcxproj", "{485637CC-26CA-482E-9E4B-E4E3E6B494DD}"
EndProject
Project("{2150E333-8FDC-42A3-9474-1A3956D46DE8}") = "HackerRank", "HackerRank", "{01BD9209-B7B4-4EFB-B6B7-D94392CCE58F}"
EndProject
Project("{8BC9CEB8-8B4A-11D0-8D11-00A0C91BC942}") = "FraudulentActivityNotifications", "FraudulentActivityNotifications\FraudulentActivityNotifications.vcxproj", "{5B3DAB25-C3E4-493C-8687-4162AB8D1487}"
EndProject
Project("{8BC9CEB8-8B4A-11D0-8D11-00A0C91BC942}") = "Sorting_BubbleSort", "Sorting_BubbleSort\Sorting_BubbleSort.vcxproj", "{63D43C43-6DBD-41E8-B5A5-E9B3341A0181}"
EndProject
Project("{8BC9CEB8-8B4A-11D0-8D11-00A0C91BC942}") = "MergeSort_CountingInversions", "MergeSort_CountingInversions\MergeSort_CountingInversions.vcxproj", "{96F531DD-B48E-443F-9A69-1491FF91B96B}"
EndProject
Project("{2150E333-8FDC-42A3-9474-1A3956D46DE8}") = "HashMap", "HashMap", "{557EEDAF-C95D-47BB-8757-7AFFB0DA356B}"
EndProject
Project("{8BC9CEB8-8B4A-11D0-8D11-00A0C91BC942}") = "HashTable_RansomNote", "HashTable_RansomNote\HashTable_RansomNote.vcxproj", "{5AFC8568-A8C0-4F85-A672-EE4DFED55332}"
EndProject
Project("{8BC9CEB8-8B4A-11D0-8D11-00A0C91BC942}") = "TwoStrings", "TwoStrings\TwoStrings.vcxproj", "{95182D55-B447-4495-A24E-D63876F704CE}"
EndProject
Project("{8BC9CEB8-8B4A-11D0-8D11-00A0C91BC942}") = "SherlockandAnagrams", "SherlockandAnagrams\SherlockandAnagrams.vcxproj", "{F3A8D254-53CB-49A1-A31B-42754BF3B267}"
EndProject
Project("{8BC9CEB8-8B4A-11D0-8D11-00A0C91BC942}") = "CountTriplets", "CountTriplets\CountTriplets.vcxproj", "{8A7860FC-FB91-4CBD-B267-EF74E2A911B5}"
EndProject
Project("{8BC9CEB8-8B4A-11D0-8D11-00A0C91BC942}") = "FrequencyQueries", "FrequencyQueries\FrequencyQueries.vcxproj", "{5B5F94E6-74E4-408E-A299-BF5B733313D4}"
EndProject
Project("{2150E333-8FDC-42A3-9474-1A3956D46DE8}") = "String", "String", "{651705BC-B90E-4819-8A88-FD995C79E07B}"
EndProject
Project("{8BC9CEB8-8B4A-11D0-8D11-00A0C91BC942}") = "Strings_MakingAnagrams", "Strings_MakingAnagrams\Strings_MakingAnagrams.vcxproj", "{CA094370-F48E-424D-A114-0E4B492D3672}"
EndProject
Project("{8BC9CEB8-8B4A-11D0-8D11-00A0C91BC942}") = "AlternatingCharacters", "AlternatingCharacters\AlternatingCharacters.vcxproj", "{155175EC-21B1-4727-925B-9A0ECB888E98}"
EndProject
Project("{2150E333-8FDC-42A3-9474-1A3956D46DE8}") = "Programmers", "Programmers", "{70783648-9166-499D-8BCB-96AAAE01E848}"
EndProject
Project("{2150E333-8FDC-42A3-9474-1A3956D46DE8}") = "Level0", "Level0", "{E8530554-3DEC-4AC0-9F13-E230BC320EDA}"
EndProject
Project("{2150E333-8FDC-42A3-9474-1A3956D46DE8}") = "Level1", "Level1", "{29553D68-960F-4221-9C81-CE39EC334300}"
EndProject
Project("{2150E333-8FDC-42A3-9474-1A3956D46DE8}") = "Level2", "Level2", "{072C1F49-E2AB-47DB-9959-A82CAD009274}"
EndProject
Project("{2150E333-8FDC-42A3-9474-1A3956D46DE8}") = "Level3", "Level3", "{13EF98C8-4442-4B6E-99F0-7F5F7EFE24D6}"
EndProject
Project("{2150E333-8FDC-42A3-9474-1A3956D46DE8}") = "Level4", "Level4", "{5F8675B7-06EC-4D5B-B670-F3FCB4105708}"
EndProject
Project("{2150E333-8FDC-42A3-9474-1A3956D46DE8}") = "Level5", "Level5", "{8B7DB142-7A3E-4F14-907F-FE9B2E2ECB78}"
EndProject
Project("{8BC9CEB8-8B4A-11D0-8D11-00A0C91BC942}") = "181952", "181952\181952.vcxproj", "{37D18890-656D-46FB-96D5-3036B4661343}"
EndProject
Project("{8BC9CEB8-8B4A-11D0-8D11-00A0C91BC942}") = "181951", "181951\181951.vcxproj", "{8BF5DB77-51B9-4DDA-BF91-2E7921B080B8}"
EndProject
Project("{8BC9CEB8-8B4A-11D0-8D11-00A0C91BC942}") = "181950", "181950\181950.vcxproj", "{122FDA35-E18A-4E90-8390-85D4FA7B6394}"
EndProject
Project("{8BC9CEB8-8B4A-11D0-8D11-00A0C91BC942}") = "SherlockandtheValidString", "SherlockandtheValidString\SherlockandtheValidString.vcxproj", "{0BF1D355-0E38-46AF-8630-95446A243857}"
EndProject
Project("{8BC9CEB8-8B4A-11D0-8D11-00A0C91BC942}") = "181949", "181949\181949.vcxproj", "{D149ADDA-E762-46B9-BE43-E6C2CF4C5FEE}"
EndProject
Project("{8BC9CEB8-8B4A-11D0-8D11-00A0C91BC942}") = "TimeCheck", "TimeCheck\TimeCheck.vcxproj", "{F2408A37-0F91-4258-8BE3-047D4A82A872}"
EndProject
Project("{8BC9CEB8-8B4A-11D0-8D11-00A0C91BC942}") = "SpecialStringAgain", "SpecialStringAgain\SpecialStringAgain.vcxproj", "{58B0A747-62B8-49DA-B162-541B94643079}"
EndProject
Project("{8BC9CEB8-8B4A-11D0-8D11-00A0C91BC942}") = "181948", "181948\181948.vcxproj", "{1D11DE3E-FE3A-4DB1-AC76-32C2E130221D}"
EndProject
Project("{8BC9CEB8-8B4A-11D0-8D11-00A0C91BC942}") = "181947", "181947\181947.vcxproj", "{DDA09E0F-6344-46FB-A7B1-1DD3951D3EFB}"
EndProject
Project("{8BC9CEB8-8B4A-11D0-8D11-00A0C91BC942}") = "CommonChild", "CommonChild\CommonChild.vcxproj", "{6127AD24-1EA7-405F-B33A-A33A6D5A3189}"
EndProject
Project("{8BC9CEB8-8B4A-11D0-8D11-00A0C91BC942}") = "181946", "181946\181946.vcxproj", "{E10B228E-6052-468B-9543-5F4E75EF5E04}"
EndProject
Project("{8BC9CEB8-8B4A-11D0-8D11-00A0C91BC942}") = "181945", "181945\181945.vcxproj", "{45991095-EA97-40A6-8BAE-587F0B207BA8}"
EndProject
Project("{2150E333-8FDC-42A3-9474-1A3956D46DE8}") = "GreedyAlgorithms", "GreedyAlgorithms", "{E041EAA7-8472-4787-A452-8770C5E0773F}"
EndProject
Project("{8BC9CEB8-8B4A-11D0-8D11-00A0C91BC942}") = "MinimumAbsoluteDifferenceinanArray", "MinimumAbsoluteDifferenceinanArray\MinimumAbsoluteDifferenceinanArray.vcxproj", "{7887552C-3EB1-4FB2-81BC-71595C47F5EB}"
EndProject
Project("{8BC9CEB8-8B4A-11D0-8D11-00A0C91BC942}") = "181944", "181944\181944.vcxproj", "{41C0E453-8FA7-47F0-B15D-AA60826FA408}"
EndProject
Project("{8BC9CEB8-8B4A-11D0-8D11-00A0C91BC942}") = "178871", "178871\178871.vcxproj", "{1E2ED949-B189-488B-8FC3-A0537EABD464}"
EndProject
Project("{8BC9CEB8-8B4A-11D0-8D11-00A0C91BC942}") = "LuckBalance", "LuckBalance\LuckBalance.vcxproj", "{9D6C084B-2341-4798-8E5C-A9F946B7B088}"
EndProject
Project("{8BC9CEB8-8B4A-11D0-8D11-00A0C91BC942}") = "181943", "181943\181943.vcxproj", "{4ACDE190-FB20-4CDE-99C7-61FF4E84DAD7}"
EndProject
Project("{8BC9CEB8-8B4A-11D0-8D11-00A0C91BC942}") = "176963", "176963\176963.vcxproj", "{3ECB26F4-75E7-427D-BE39-E8F607EA13E9}"
EndProject
Project("{8BC9CEB8-8B4A-11D0-8D11-00A0C91BC942}") = "GreedyFlorist", "GreedyFlorist\GreedyFlorist.vcxproj", "{0E0E456A-1C25-4635-A2A9-F4C0B0303BF4}"
EndProject
Project("{8BC9CEB8-8B4A-11D0-8D11-00A0C91BC942}") = "181942", "181942\181942.vcxproj", "{245FB179-4392-4C47-BD3C-C505B0DFEB2E}"
EndProject
Project("{8BC9CEB8-8B4A-11D0-8D11-00A0C91BC942}") = "172928", "172928\172928.vcxproj", "{978580EB-A6D1-48FD-B824-8404DB6BB95F}"
EndProject
Project("{8BC9CEB8-8B4A-11D0-8D11-00A0C91BC942}") = "181941", "181941\181941.vcxproj", "{F9C13464-2E94-4313-B86D-C571B312B1E6}"
EndProject
Project("{8BC9CEB8-8B4A-11D0-8D11-00A0C91BC942}") = "MaxMin", "MaxMin\MaxMin.vcxproj", "{E0C11DE6-8C2B-4AD3-B566-888E2E0C9F4E}"
EndProject
Project("{8BC9CEB8-8B4A-11D0-8D11-00A0C91BC942}") = "181940", "181940\181940.vcxproj", "{A9E50C48-5291-418F-8D91-AF49C58C0036}"
EndProject
Project("{8BC9CEB8-8B4A-11D0-8D11-00A0C91BC942}") = "161990", "161990\161990.vcxproj", "{97B71399-5E1C-4DEA-9289-078A929E15C4}"
EndProject
Project("{8BC9CEB8-8B4A-11D0-8D11-00A0C91BC942}") = "161989", "161989\161989.vcxproj", "{F0782D76-4494-44DE-88AC-2B587A7990DA}"
EndProject
Project("{8BC9CEB8-8B4A-11D0-8D11-00A0C91BC942}") = "ReverseShuffleMerge", "ReverseShuffleMerge\ReverseShuffleMerge.vcxproj", "{AA0B6708-81B5-418F-ADD2-EBBF014A09EF}"
EndProject
Project("{8BC9CEB8-8B4A-11D0-8D11-00A0C91BC942}") = "181939", "181939\181939.vcxproj", "{134C086E-67C2-455C-974B-5A496D08E0CA}"
EndProject
Project("{8BC9CEB8-8B4A-11D0-8D11-00A0C91BC942}") = "160586", "160586\160586.vcxproj", "{4EC0227E-0D22-4DE5-B02A-9241A256E94D}"
EndProject
Project("{2150E333-8FDC-42A3-9474-1A3956D46DE8}") = "Search", "Search", "{6F837018-5149-469C-83AA-26B095887D9E}"
EndProject
Project("{8BC9CEB8-8B4A-11D0-8D11-00A0C91BC942}") = "HashTables_IceCreamParlor", "HashTables_IceCreamParlor\HashTables_IceCreamParlor.vcxproj", "{CE29992C-F547-4A86-A349-2ACD3FB8F71C}"
EndProject
Project("{8BC9CEB8-8B4A-11D0-8D11-00A0C91BC942}") = "181938", "181938\181938.vcxproj", "{F0874756-6437-4B1A-B18E-9B410BC14FA0}"
EndProject
Project("{8BC9CEB8-8B4A-11D0-8D11-00A0C91BC942}") = "159994", "159994\159994.vcxproj", "{D1CCDCE2-D113-4819-AC45-1D5B4E0E46D0}"
EndProject
Project("{8BC9CEB8-8B4A-11D0-8D11-00A0C91BC942}") = "155652", "155652\155652.vcxproj", "{7D2E02AC-B7C9-4FCB-985F-12F592B41D33}"
EndProject
Project("{8BC9CEB8-8B4A-11D0-8D11-00A0C91BC942}") = "SwapNodes[Algo]", "SwapNodes[Algo]\SwapNodes[Algo].vcxproj", "{CD38A565-815F-49FC-ACBB-3BC360D7E02C}"
EndProject
Project("{8BC9CEB8-8B4A-11D0-8D11-00A0C91BC942}") = "181937", "181937\181937.vcxproj", "{4D0CF9D2-51FA-4B77-998A-3C11FA7E598F}"
EndProject
Project("{8BC9CEB8-8B4A-11D0-8D11-00A0C91BC942}") = "181936", "181936\181936.vcxproj", "{7CA80F2E-09E2-49DF-B3A0-B39192978459}"
EndProject
Project("{8BC9CEB8-8B4A-11D0-8D11-00A0C91BC942}") = "181935", "181935\181935.vcxproj", "{67B272ED-8ABA-47B3-9AD8-C4611EB6D2B0}"
EndProject
Project("{8BC9CEB8-8B4A-11D0-8D11-00A0C91BC942}") = "150370", "150370\150370.vcxproj", "{FB728BD4-954C-49D0-A08A-CC42B7C3581E}"
EndProject
Project("{8BC9CEB8-8B4A-11D0-8D11-00A0C91BC942}") = "181934", "181934\181934.vcxproj", "{6C77EADB-92FF-4301-B2B5-F5606B1F9E8F}"
EndProject
Project("{8BC9CEB8-8B4A-11D0-8D11-00A0C91BC942}") = "258712", "258712\258712.vcxproj", "{B90EF07E-5832-4B55-9AE5-14E32E5ACF1E}"
EndProject
Project("{8BC9CEB8-8B4A-11D0-8D11-00A0C91BC942}") = "181933", "181933\181933.vcxproj", "{8B46F0FB-9BE9-4027-98AE-D6CF143D0C1D}"
EndProject
Project("{8BC9CEB8-8B4A-11D0-8D11-00A0C91BC942}") = "181932", "181932\181932.vcxproj", "{91DBF279-E5A4-4A48-A0F4-9AD14211D2F4}"
EndProject
Project("{8BC9CEB8-8B4A-11D0-8D11-00A0C91BC942}") = "Pairs", "Pairs\Pairs.vcxproj", "{771E953F-2F6B-464A-AEC2-0C63BAEB97F3}"
EndProject
Project("{8BC9CEB8-8B4A-11D0-8D11-00A0C91BC942}") = "181931", "181931\181931.vcxproj", "{3557C3B9-E7D3-4E89-831D-E39A248B21E8}"
EndProject
Project("{8BC9CEB8-8B4A-11D0-8D11-00A0C91BC942}") = "147355", "147355\147355.vcxproj", "{537C0863-0828-4C09-BADC-2C2F13A488CB}"
EndProject
Project("{8BC9CEB8-8B4A-11D0-8D11-00A0C91BC942}") = "42748", "42748\42748.vcxproj", "{0A9195F8-182A-4E12-8B02-A1A87D144536}"
EndProject
Project("{8BC9CEB8-8B4A-11D0-8D11-00A0C91BC942}") = "181930", "181930\181930.vcxproj", "{28C9A6C1-3202-43D7-B63B-DA74BE7BFAA5}"
EndProject
Project("{8BC9CEB8-8B4A-11D0-8D11-00A0C91BC942}") = "Triplesum", "Triplesum\Triplesum.vcxproj", "{DF83981E-948F-493B-9D6D-9BDA14CE0BE1}"
EndProject
Project("{8BC9CEB8-8B4A-11D0-8D11-00A0C91BC942}") = "12977", "12977\12977.vcxproj", "{B0AC6831-ADD7-4ECF-8A49-9033749B1991}"
EndProject
Project("{2150E333-8FDC-42A3-9474-1A3956D46DE8}") = "EfficientTest", "EfficientTest", "{D228768F-11B1-45A2-930A-B0B1245D5F2D}"
EndProject
Project("{8BC9CEB8-8B4A-11D0-8D11-00A0C91BC942}") = "VectorCopy", "VectorCopy\VectorCopy.vcxproj", "{3622685C-6FD7-4BE9-98AC-8F9FE8F2C2DD}"
EndProject
Project("{8BC9CEB8-8B4A-11D0-8D11-00A0C91BC942}") = "FindMaxValue", "FindMaxValue\FindMaxValue.vcxproj", "{2A84CEE1-7DA8-41F6-83D5-8B80BAEE8BE3}"
EndProject
Project("{8BC9CEB8-8B4A-11D0-8D11-00A0C91BC942}") = "131128", "131128\131128.vcxproj", "{1D6F768E-E4C5-41B1-939B-03DEB38EE8FF}"
EndProject
Project("{8BC9CEB8-8B4A-11D0-8D11-00A0C91BC942}") = "136798", "136798\136798.vcxproj", "{9B56B159-0C9B-4B59-ACCD-1F8D70AF153B}"
EndProject
Project("{8BC9CEB8-8B4A-11D0-8D11-00A0C91BC942}") = "181929", "181929\181929.vcxproj", "{D76DC46D-A294-4DD3-83EA-6AC769CD570D}"
EndProject
Project("{8BC9CEB8-8B4A-11D0-8D11-00A0C91BC942}") = "MinimumTimeRequired", "MinimumTimeRequired\MinimumTimeRequired.vcxproj", "{545A69A3-C067-4479-8DEC-B69898752A99}"
EndProject
Project("{8BC9CEB8-8B4A-11D0-8D11-00A0C91BC942}") = "142086", "142086\142086.vcxproj", "{75CAA62E-AA2E-4CB3-8BE0-ABB064927FB9}"
EndProject
Project("{8BC9CEB8-8B4A-11D0-8D11-00A0C91BC942}") = "181928", "181928\181928.vcxproj", "{253D64BA-8FBF-4C8E-84D2-FA1BFCF3BD20}"
EndProject
Project("{8BC9CEB8-8B4A-11D0-8D11-00A0C91BC942}") = "181927", "181927\181927.vcxproj", "{3BB35496-2A07-4F32-B8E1-EF086BBF8EFF}"
EndProject
Project("{8BC9CEB8-8B4A-11D0-8D11-00A0C91BC942}") = "181926", "181926\181926.vcxproj", "{A3E20E51-2AB5-4192-AF18-CE0009FB8086}"
EndProject
Project("{8BC9CEB8-8B4A-11D0-8D11-00A0C91BC942}") = "181925", "181925\181925.vcxproj", "{B5FCBAE5-9F80-4AF0-ADE2-D890B19DD79B}"
EndProject
Project("{8BC9CEB8-8B4A-11D0-8D11-00A0C91BC942}") = "12912", "12912\12912.vcxproj", "{07DDC1E7-6FBC-472E-B431-BC868EAB7914}"
EndProject
Project("{8BC9CEB8-8B4A-11D0-8D11-00A0C91BC942}") = "138477", "138477\138477.vcxproj", "{FC3B679A-17AA-4281-B609-A722A428A0B5}"
EndProject
Project("{8BC9CEB8-8B4A-11D0-8D11-00A0C91BC942}") = "181924", "181924\181924.vcxproj", "{5F92F980-C5C7-47A3-9292-9E907F7D6878}"
EndProject
Project("{8BC9CEB8-8B4A-11D0-8D11-00A0C91BC942}") = "133502", "133502\133502.vcxproj", "{14EF12AF-811B-4675-81FA-881D6AE7452D}"
EndProject
Project("{8BC9CEB8-8B4A-11D0-8D11-00A0C91BC942}") = "Copy&Move_Semantics", "Copy&Move_Semantics\Copy&Move_Semantics.vcxproj", "{03DF1E17-74B0-4F2F-BDAA-FCE0F1C8EFB1}"
EndProject
Project("{8BC9CEB8-8B4A-11D0-8D11-00A0C91BC942}") = "181923", "181923\181923.vcxproj", "{04DC69D8-14DE-402E-A6C0-180851C1BE8D}"
EndProject
Project("{8BC9CEB8-8B4A-11D0-8D11-00A0C91BC942}") = "140108", "140108\140108.vcxproj", "{DDC06B53-BBEF-470B-9AE3-CAB518B2E7FB}"
EndProject
Project("{8BC9CEB8-8B4A-11D0-8D11-00A0C91BC942}") = "181188", "181188\181188.vcxproj", "{7C2A50C2-3753-4015-BA7D-470B174DBC0B}"
EndProject
Project("{8BC9CEB8-8B4A-11D0-8D11-00A0C91BC942}") = "120804", "120804\120804.vcxproj", "{468546C0-98F8-4316-A6B7-A88D3149F33D}"
EndProject
Project("{8BC9CEB8-8B4A-11D0-8D11-00A0C91BC942}") = "120803", "120803\120803.vcxproj", "{942E351C-DEB5-4495-AA31-C0E20DFCD7EF}"
EndProject
Project("{8BC9CEB8-8B4A-11D0-8D11-00A0C91BC942}") = "120807", "120807\120807.vcxproj", "{96DB7185-C651-4822-8C98-ED74E8BF748C}"
EndProject
Project("{8BC9CEB8-8B4A-11D0-8D11-00A0C91BC942}") = "120820", "120820\120820.vcxproj", "{F2525F4E-0F11-4C7C-9CDC-E83FE7D4C5A2}"
EndProject
Project("{8BC9CEB8-8B4A-11D0-8D11-00A0C91BC942}") = "181921", "181921\181921.vcxproj", "{72C793D1-1332-45FC-81C6-168275DE9A0F}"
EndProject
Project("{8BC9CEB8-8B4A-11D0-8D11-00A0C91BC942}") = "181922", "181922\181922.vcxproj", "{FE70C132-2104-4AE1-8AEF-407B74D14A03}"
EndProject
Project("{8BC9CEB8-8B4A-11D0-8D11-00A0C91BC942}") = "135808", "135808\135808.vcxproj", "{1BF143D7-5933-4BCA-881A-0AC766927E85}"
EndProject
Project("{8BC9CEB8-8B4A-11D0-8D11-00A0C91BC942}") = "181187", "181187\181187.vcxproj", "{3487E765-3BA1-4A20-8174-E552492BB428}"
EndProject
Project("{8BC9CEB8-8B4A-11D0-8D11-00A0C91BC942}") = "181920", "181920\181920.vcxproj", "{43A9FE69-2CEA-42C4-86E3-6F0C8CC9D210}"
EndProject
Project("{8BC9CEB8-8B4A-11D0-8D11-00A0C91BC942}") = "132267", "132267\132267.vcxproj", "{C0B4CE71-2A41-43B5-8B03-9F53DAC15EAA}"
EndProject
Project("{8BC9CEB8-8B4A-11D0-8D11-00A0C91BC942}") = "42576", "42576\42576.vcxproj", "{2F402FA9-EE8D-49E2-BEFB-0D9D0A162644}"
EndProject
Project("{8BC9CEB8-8B4A-11D0-8D11-00A0C91BC942}") = "181919", "181919\181919.vcxproj", "{D2E59E7C-6273-43E2-8E2D-32A390C7291D}"
EndProject
Project("{8BC9CEB8-8B4A-11D0-8D11-00A0C91BC942}") = "If&Switch", "If&Switch\If&Switch.vcxproj", "{7F0702CA-A158-4E4B-B86B-8354FC2D2AB9}"
EndProject
Project("{8BC9CEB8-8B4A-11D0-8D11-00A0C91BC942}") = "12943", "12943\12943.vcxproj", "{84AF28F8-15C9-4BD3-82ED-5EB964AE6758}"
EndProject
Project("{8BC9CEB8-8B4A-11D0-8D11-00A0C91BC942}") = "12922", "12922\12922.vcxproj", "{9A126D24-3871-406C-AA27-CF24A0B329D4}"
EndProject
Global
	GlobalSection(SolutionConfigurationPlatforms) = preSolution
		Debug|x64 = Debug|x64
		Debug|x86 = Debug|x86
		Release|x64 = Release|x64
		Release|x86 = Release|x86
	EndGlobalSection
	GlobalSection(ProjectConfigurationPlatforms) = postSolution
		{A6025CA9-81F3-4E55-A683-63F8970BD0A2}.Debug|x64.ActiveCfg = Debug|x64
		{A6025CA9-81F3-4E55-A683-63F8970BD0A2}.Debug|x64.Build.0 = Debug|x64
		{A6025CA9-81F3-4E55-A683-63F8970BD0A2}.Debug|x86.ActiveCfg = Debug|Win32
		{A6025CA9-81F3-4E55-A683-63F8970BD0A2}.Debug|x86.Build.0 = Debug|Win32
		{A6025CA9-81F3-4E55-A683-63F8970BD0A2}.Release|x64.ActiveCfg = Release|x64
		{A6025CA9-81F3-4E55-A683-63F8970BD0A2}.Release|x64.Build.0 = Release|x64
		{A6025CA9-81F3-4E55-A683-63F8970BD0A2}.Release|x86.ActiveCfg = Release|Win32
		{A6025CA9-81F3-4E55-A683-63F8970BD0A2}.Release|x86.Build.0 = Release|Win32
		{6A5B3F82-AA5C-4ECE-8505-85EEEACC5B51}.Debug|x64.ActiveCfg = Debug|x64
		{6A5B3F82-AA5C-4ECE-8505-85EEEACC5B51}.Debug|x64.Build.0 = Debug|x64
		{6A5B3F82-AA5C-4ECE-8505-85EEEACC5B51}.Debug|x86.ActiveCfg = Debug|Win32
		{6A5B3F82-AA5C-4ECE-8505-85EEEACC5B51}.Debug|x86.Build.0 = Debug|Win32
		{6A5B3F82-AA5C-4ECE-8505-85EEEACC5B51}.Release|x64.ActiveCfg = Release|x64
		{6A5B3F82-AA5C-4ECE-8505-85EEEACC5B51}.Release|x64.Build.0 = Release|x64
		{6A5B3F82-AA5C-4ECE-8505-85EEEACC5B51}.Release|x86.ActiveCfg = Release|Win32
		{6A5B3F82-AA5C-4ECE-8505-85EEEACC5B51}.Release|x86.Build.0 = Release|Win32
		{1AA29C02-18A8-4DC9-BEFA-6D6AC2E11CF5}.Debug|x64.ActiveCfg = Debug|x64
		{1AA29C02-18A8-4DC9-BEFA-6D6AC2E11CF5}.Debug|x64.Build.0 = Debug|x64
		{1AA29C02-18A8-4DC9-BEFA-6D6AC2E11CF5}.Debug|x86.ActiveCfg = Debug|Win32
		{1AA29C02-18A8-4DC9-BEFA-6D6AC2E11CF5}.Debug|x86.Build.0 = Debug|Win32
		{1AA29C02-18A8-4DC9-BEFA-6D6AC2E11CF5}.Release|x64.ActiveCfg = Release|x64
		{1AA29C02-18A8-4DC9-BEFA-6D6AC2E11CF5}.Release|x64.Build.0 = Release|x64
		{1AA29C02-18A8-4DC9-BEFA-6D6AC2E11CF5}.Release|x86.ActiveCfg = Release|Win32
		{1AA29C02-18A8-4DC9-BEFA-6D6AC2E11CF5}.Release|x86.Build.0 = Release|Win32
		{928633C7-7299-44BF-9838-9C0DE5B5E7FA}.Debug|x64.ActiveCfg = Debug|x64
		{928633C7-7299-44BF-9838-9C0DE5B5E7FA}.Debug|x64.Build.0 = Debug|x64
		{928633C7-7299-44BF-9838-9C0DE5B5E7FA}.Debug|x86.ActiveCfg = Debug|Win32
		{928633C7-7299-44BF-9838-9C0DE5B5E7FA}.Debug|x86.Build.0 = Debug|Win32
		{928633C7-7299-44BF-9838-9C0DE5B5E7FA}.Release|x64.ActiveCfg = Release|x64
		{928633C7-7299-44BF-9838-9C0DE5B5E7FA}.Release|x64.Build.0 = Release|x64
		{928633C7-7299-44BF-9838-9C0DE5B5E7FA}.Release|x86.ActiveCfg = Release|Win32
		{928633C7-7299-44BF-9838-9C0DE5B5E7FA}.Release|x86.Build.0 = Release|Win32
		{5C80224D-A962-45E6-92CA-23E429CE3126}.Debug|x64.ActiveCfg = Debug|x64
		{5C80224D-A962-45E6-92CA-23E429CE3126}.Debug|x64.Build.0 = Debug|x64
		{5C80224D-A962-45E6-92CA-23E429CE3126}.Debug|x86.ActiveCfg = Debug|Win32
		{5C80224D-A962-45E6-92CA-23E429CE3126}.Debug|x86.Build.0 = Debug|Win32
		{5C80224D-A962-45E6-92CA-23E429CE3126}.Release|x64.ActiveCfg = Release|x64
		{5C80224D-A962-45E6-92CA-23E429CE3126}.Release|x64.Build.0 = Release|x64
		{5C80224D-A962-45E6-92CA-23E429CE3126}.Release|x86.ActiveCfg = Release|Win32
		{5C80224D-A962-45E6-92CA-23E429CE3126}.Release|x86.Build.0 = Release|Win32
		{B9498B81-0C36-4E7E-BA2F-331C27E2EB72}.Debug|x64.ActiveCfg = Debug|x64
		{B9498B81-0C36-4E7E-BA2F-331C27E2EB72}.Debug|x64.Build.0 = Debug|x64
		{B9498B81-0C36-4E7E-BA2F-331C27E2EB72}.Debug|x86.ActiveCfg = Debug|Win32
		{B9498B81-0C36-4E7E-BA2F-331C27E2EB72}.Debug|x86.Build.0 = Debug|Win32
		{B9498B81-0C36-4E7E-BA2F-331C27E2EB72}.Release|x64.ActiveCfg = Release|x64
		{B9498B81-0C36-4E7E-BA2F-331C27E2EB72}.Release|x64.Build.0 = Release|x64
		{B9498B81-0C36-4E7E-BA2F-331C27E2EB72}.Release|x86.ActiveCfg = Release|Win32
		{B9498B81-0C36-4E7E-BA2F-331C27E2EB72}.Release|x86.Build.0 = Release|Win32
		{909C2614-4B71-4671-BEB1-8DD23EABEFDA}.Debug|x64.ActiveCfg = Debug|x64
		{909C2614-4B71-4671-BEB1-8DD23EABEFDA}.Debug|x64.Build.0 = Debug|x64
		{909C2614-4B71-4671-BEB1-8DD23EABEFDA}.Debug|x86.ActiveCfg = Debug|Win32
		{909C2614-4B71-4671-BEB1-8DD23EABEFDA}.Debug|x86.Build.0 = Debug|Win32
		{909C2614-4B71-4671-BEB1-8DD23EABEFDA}.Release|x64.ActiveCfg = Release|x64
		{909C2614-4B71-4671-BEB1-8DD23EABEFDA}.Release|x64.Build.0 = Release|x64
		{909C2614-4B71-4671-BEB1-8DD23EABEFDA}.Release|x86.ActiveCfg = Release|Win32
		{909C2614-4B71-4671-BEB1-8DD23EABEFDA}.Release|x86.Build.0 = Release|Win32
		{A4339F0D-4A4F-400B-832E-D509341CEFDA}.Debug|x64.ActiveCfg = Debug|x64
		{A4339F0D-4A4F-400B-832E-D509341CEFDA}.Debug|x64.Build.0 = Debug|x64
		{A4339F0D-4A4F-400B-832E-D509341CEFDA}.Debug|x86.ActiveCfg = Debug|Win32
		{A4339F0D-4A4F-400B-832E-D509341CEFDA}.Debug|x86.Build.0 = Debug|Win32
		{A4339F0D-4A4F-400B-832E-D509341CEFDA}.Release|x64.ActiveCfg = Release|x64
		{A4339F0D-4A4F-400B-832E-D509341CEFDA}.Release|x64.Build.0 = Release|x64
		{A4339F0D-4A4F-400B-832E-D509341CEFDA}.Release|x86.ActiveCfg = Release|Win32
		{A4339F0D-4A4F-400B-832E-D509341CEFDA}.Release|x86.Build.0 = Release|Win32
		{2293AAC0-548E-4355-BE5F-55FBA4C1258F}.Debug|x64.ActiveCfg = Debug|x64
		{2293AAC0-548E-4355-BE5F-55FBA4C1258F}.Debug|x64.Build.0 = Debug|x64
		{2293AAC0-548E-4355-BE5F-55FBA4C1258F}.Debug|x86.ActiveCfg = Debug|Win32
		{2293AAC0-548E-4355-BE5F-55FBA4C1258F}.Debug|x86.Build.0 = Debug|Win32
		{2293AAC0-548E-4355-BE5F-55FBA4C1258F}.Release|x64.ActiveCfg = Release|x64
		{2293AAC0-548E-4355-BE5F-55FBA4C1258F}.Release|x64.Build.0 = Release|x64
		{2293AAC0-548E-4355-BE5F-55FBA4C1258F}.Release|x86.ActiveCfg = Release|Win32
		{2293AAC0-548E-4355-BE5F-55FBA4C1258F}.Release|x86.Build.0 = Release|Win32
		{785589BE-677F-4E55-A689-370C4E955343}.Debug|x64.ActiveCfg = Debug|x64
		{785589BE-677F-4E55-A689-370C4E955343}.Debug|x64.Build.0 = Debug|x64
		{785589BE-677F-4E55-A689-370C4E955343}.Debug|x86.ActiveCfg = Debug|Win32
		{785589BE-677F-4E55-A689-370C4E955343}.Debug|x86.Build.0 = Debug|Win32
		{785589BE-677F-4E55-A689-370C4E955343}.Release|x64.ActiveCfg = Release|x64
		{785589BE-677F-4E55-A689-370C4E955343}.Release|x64.Build.0 = Release|x64
		{785589BE-677F-4E55-A689-370C4E955343}.Release|x86.ActiveCfg = Release|Win32
		{785589BE-677F-4E55-A689-370C4E955343}.Release|x86.Build.0 = Release|Win32
		{E2D7758E-D31A-4F38-A14C-4C062449BA4C}.Debug|x64.ActiveCfg = Debug|x64
		{E2D7758E-D31A-4F38-A14C-4C062449BA4C}.Debug|x64.Build.0 = Debug|x64
		{E2D7758E-D31A-4F38-A14C-4C062449BA4C}.Debug|x86.ActiveCfg = Debug|Win32
		{E2D7758E-D31A-4F38-A14C-4C062449BA4C}.Debug|x86.Build.0 = Debug|Win32
		{E2D7758E-D31A-4F38-A14C-4C062449BA4C}.Release|x64.ActiveCfg = Release|x64
		{E2D7758E-D31A-4F38-A14C-4C062449BA4C}.Release|x64.Build.0 = Release|x64
		{E2D7758E-D31A-4F38-A14C-4C062449BA4C}.Release|x86.ActiveCfg = Release|Win32
		{E2D7758E-D31A-4F38-A14C-4C062449BA4C}.Release|x86.Build.0 = Release|Win32
		{485637CC-26CA-482E-9E4B-E4E3E6B494DD}.Debug|x64.ActiveCfg = Debug|x64
		{485637CC-26CA-482E-9E4B-E4E3E6B494DD}.Debug|x64.Build.0 = Debug|x64
		{485637CC-26CA-482E-9E4B-E4E3E6B494DD}.Debug|x86.ActiveCfg = Debug|Win32
		{485637CC-26CA-482E-9E4B-E4E3E6B494DD}.Debug|x86.Build.0 = Debug|Win32
		{485637CC-26CA-482E-9E4B-E4E3E6B494DD}.Release|x64.ActiveCfg = Release|x64
		{485637CC-26CA-482E-9E4B-E4E3E6B494DD}.Release|x64.Build.0 = Release|x64
		{485637CC-26CA-482E-9E4B-E4E3E6B494DD}.Release|x86.ActiveCfg = Release|Win32
		{485637CC-26CA-482E-9E4B-E4E3E6B494DD}.Release|x86.Build.0 = Release|Win32
		{5B3DAB25-C3E4-493C-8687-4162AB8D1487}.Debug|x64.ActiveCfg = Debug|x64
		{5B3DAB25-C3E4-493C-8687-4162AB8D1487}.Debug|x64.Build.0 = Debug|x64
		{5B3DAB25-C3E4-493C-8687-4162AB8D1487}.Debug|x86.ActiveCfg = Debug|Win32
		{5B3DAB25-C3E4-493C-8687-4162AB8D1487}.Debug|x86.Build.0 = Debug|Win32
		{5B3DAB25-C3E4-493C-8687-4162AB8D1487}.Release|x64.ActiveCfg = Release|x64
		{5B3DAB25-C3E4-493C-8687-4162AB8D1487}.Release|x64.Build.0 = Release|x64
		{5B3DAB25-C3E4-493C-8687-4162AB8D1487}.Release|x86.ActiveCfg = Release|Win32
		{5B3DAB25-C3E4-493C-8687-4162AB8D1487}.Release|x86.Build.0 = Release|Win32
		{63D43C43-6DBD-41E8-B5A5-E9B3341A0181}.Debug|x64.ActiveCfg = Debug|x64
		{63D43C43-6DBD-41E8-B5A5-E9B3341A0181}.Debug|x64.Build.0 = Debug|x64
		{63D43C43-6DBD-41E8-B5A5-E9B3341A0181}.Debug|x86.ActiveCfg = Debug|Win32
		{63D43C43-6DBD-41E8-B5A5-E9B3341A0181}.Debug|x86.Build.0 = Debug|Win32
		{63D43C43-6DBD-41E8-B5A5-E9B3341A0181}.Release|x64.ActiveCfg = Release|x64
		{63D43C43-6DBD-41E8-B5A5-E9B3341A0181}.Release|x64.Build.0 = Release|x64
		{63D43C43-6DBD-41E8-B5A5-E9B3341A0181}.Release|x86.ActiveCfg = Release|Win32
		{63D43C43-6DBD-41E8-B5A5-E9B3341A0181}.Release|x86.Build.0 = Release|Win32
		{96F531DD-B48E-443F-9A69-1491FF91B96B}.Debug|x64.ActiveCfg = Debug|x64
		{96F531DD-B48E-443F-9A69-1491FF91B96B}.Debug|x64.Build.0 = Debug|x64
		{96F531DD-B48E-443F-9A69-1491FF91B96B}.Debug|x86.ActiveCfg = Debug|Win32
		{96F531DD-B48E-443F-9A69-1491FF91B96B}.Debug|x86.Build.0 = Debug|Win32
		{96F531DD-B48E-443F-9A69-1491FF91B96B}.Release|x64.ActiveCfg = Release|x64
		{96F531DD-B48E-443F-9A69-1491FF91B96B}.Release|x64.Build.0 = Release|x64
		{96F531DD-B48E-443F-9A69-1491FF91B96B}.Release|x86.ActiveCfg = Release|Win32
		{96F531DD-B48E-443F-9A69-1491FF91B96B}.Release|x86.Build.0 = Release|Win32
		{5AFC8568-A8C0-4F85-A672-EE4DFED55332}.Debug|x64.ActiveCfg = Debug|x64
		{5AFC8568-A8C0-4F85-A672-EE4DFED55332}.Debug|x64.Build.0 = Debug|x64
		{5AFC8568-A8C0-4F85-A672-EE4DFED55332}.Debug|x86.ActiveCfg = Debug|Win32
		{5AFC8568-A8C0-4F85-A672-EE4DFED55332}.Debug|x86.Build.0 = Debug|Win32
		{5AFC8568-A8C0-4F85-A672-EE4DFED55332}.Release|x64.ActiveCfg = Release|x64
		{5AFC8568-A8C0-4F85-A672-EE4DFED55332}.Release|x64.Build.0 = Release|x64
		{5AFC8568-A8C0-4F85-A672-EE4DFED55332}.Release|x86.ActiveCfg = Release|Win32
		{5AFC8568-A8C0-4F85-A672-EE4DFED55332}.Release|x86.Build.0 = Release|Win32
		{95182D55-B447-4495-A24E-D63876F704CE}.Debug|x64.ActiveCfg = Debug|x64
		{95182D55-B447-4495-A24E-D63876F704CE}.Debug|x64.Build.0 = Debug|x64
		{95182D55-B447-4495-A24E-D63876F704CE}.Debug|x86.ActiveCfg = Debug|Win32
		{95182D55-B447-4495-A24E-D63876F704CE}.Debug|x86.Build.0 = Debug|Win32
		{95182D55-B447-4495-A24E-D63876F704CE}.Release|x64.ActiveCfg = Release|x64
		{95182D55-B447-4495-A24E-D63876F704CE}.Release|x64.Build.0 = Release|x64
		{95182D55-B447-4495-A24E-D63876F704CE}.Release|x86.ActiveCfg = Release|Win32
		{95182D55-B447-4495-A24E-D63876F704CE}.Release|x86.Build.0 = Release|Win32
		{F3A8D254-53CB-49A1-A31B-42754BF3B267}.Debug|x64.ActiveCfg = Debug|x64
		{F3A8D254-53CB-49A1-A31B-42754BF3B267}.Debug|x64.Build.0 = Debug|x64
		{F3A8D254-53CB-49A1-A31B-42754BF3B267}.Debug|x86.ActiveCfg = Debug|Win32
		{F3A8D254-53CB-49A1-A31B-42754BF3B267}.Debug|x86.Build.0 = Debug|Win32
		{F3A8D254-53CB-49A1-A31B-42754BF3B267}.Release|x64.ActiveCfg = Release|x64
		{F3A8D254-53CB-49A1-A31B-42754BF3B267}.Release|x64.Build.0 = Release|x64
		{F3A8D254-53CB-49A1-A31B-42754BF3B267}.Release|x86.ActiveCfg = Release|Win32
		{F3A8D254-53CB-49A1-A31B-42754BF3B267}.Release|x86.Build.0 = Release|Win32
		{8A7860FC-FB91-4CBD-B267-EF74E2A911B5}.Debug|x64.ActiveCfg = Debug|x64
		{8A7860FC-FB91-4CBD-B267-EF74E2A911B5}.Debug|x64.Build.0 = Debug|x64
		{8A7860FC-FB91-4CBD-B267-EF74E2A911B5}.Debug|x86.ActiveCfg = Debug|Win32
		{8A7860FC-FB91-4CBD-B267-EF74E2A911B5}.Debug|x86.Build.0 = Debug|Win32
		{8A7860FC-FB91-4CBD-B267-EF74E2A911B5}.Release|x64.ActiveCfg = Release|x64
		{8A7860FC-FB91-4CBD-B267-EF74E2A911B5}.Release|x64.Build.0 = Release|x64
		{8A7860FC-FB91-4CBD-B267-EF74E2A911B5}.Release|x86.ActiveCfg = Release|Win32
		{8A7860FC-FB91-4CBD-B267-EF74E2A911B5}.Release|x86.Build.0 = Release|Win32
		{5B5F94E6-74E4-408E-A299-BF5B733313D4}.Debug|x64.ActiveCfg = Debug|x64
		{5B5F94E6-74E4-408E-A299-BF5B733313D4}.Debug|x64.Build.0 = Debug|x64
		{5B5F94E6-74E4-408E-A299-BF5B733313D4}.Debug|x86.ActiveCfg = Debug|Win32
		{5B5F94E6-74E4-408E-A299-BF5B733313D4}.Debug|x86.Build.0 = Debug|Win32
		{5B5F94E6-74E4-408E-A299-BF5B733313D4}.Release|x64.ActiveCfg = Release|x64
		{5B5F94E6-74E4-408E-A299-BF5B733313D4}.Release|x64.Build.0 = Release|x64
		{5B5F94E6-74E4-408E-A299-BF5B733313D4}.Release|x86.ActiveCfg = Release|Win32
		{5B5F94E6-74E4-408E-A299-BF5B733313D4}.Release|x86.Build.0 = Release|Win32
		{CA094370-F48E-424D-A114-0E4B492D3672}.Debug|x64.ActiveCfg = Debug|x64
		{CA094370-F48E-424D-A114-0E4B492D3672}.Debug|x64.Build.0 = Debug|x64
		{CA094370-F48E-424D-A114-0E4B492D3672}.Debug|x86.ActiveCfg = Debug|Win32
		{CA094370-F48E-424D-A114-0E4B492D3672}.Debug|x86.Build.0 = Debug|Win32
		{CA094370-F48E-424D-A114-0E4B492D3672}.Release|x64.ActiveCfg = Release|x64
		{CA094370-F48E-424D-A114-0E4B492D3672}.Release|x64.Build.0 = Release|x64
		{CA094370-F48E-424D-A114-0E4B492D3672}.Release|x86.ActiveCfg = Release|Win32
		{CA094370-F48E-424D-A114-0E4B492D3672}.Release|x86.Build.0 = Release|Win32
		{155175EC-21B1-4727-925B-9A0ECB888E98}.Debug|x64.ActiveCfg = Debug|x64
		{155175EC-21B1-4727-925B-9A0ECB888E98}.Debug|x64.Build.0 = Debug|x64
		{155175EC-21B1-4727-925B-9A0ECB888E98}.Debug|x86.ActiveCfg = Debug|Win32
		{155175EC-21B1-4727-925B-9A0ECB888E98}.Debug|x86.Build.0 = Debug|Win32
		{155175EC-21B1-4727-925B-9A0ECB888E98}.Release|x64.ActiveCfg = Release|x64
		{155175EC-21B1-4727-925B-9A0ECB888E98}.Release|x64.Build.0 = Release|x64
		{155175EC-21B1-4727-925B-9A0ECB888E98}.Release|x86.ActiveCfg = Release|Win32
		{155175EC-21B1-4727-925B-9A0ECB888E98}.Release|x86.Build.0 = Release|Win32
		{37D18890-656D-46FB-96D5-3036B4661343}.Debug|x64.ActiveCfg = Debug|x64
		{37D18890-656D-46FB-96D5-3036B4661343}.Debug|x64.Build.0 = Debug|x64
		{37D18890-656D-46FB-96D5-3036B4661343}.Debug|x86.ActiveCfg = Debug|Win32
		{37D18890-656D-46FB-96D5-3036B4661343}.Debug|x86.Build.0 = Debug|Win32
		{37D18890-656D-46FB-96D5-3036B4661343}.Release|x64.ActiveCfg = Release|x64
		{37D18890-656D-46FB-96D5-3036B4661343}.Release|x64.Build.0 = Release|x64
		{37D18890-656D-46FB-96D5-3036B4661343}.Release|x86.ActiveCfg = Release|Win32
		{37D18890-656D-46FB-96D5-3036B4661343}.Release|x86.Build.0 = Release|Win32
		{8BF5DB77-51B9-4DDA-BF91-2E7921B080B8}.Debug|x64.ActiveCfg = Debug|x64
		{8BF5DB77-51B9-4DDA-BF91-2E7921B080B8}.Debug|x64.Build.0 = Debug|x64
		{8BF5DB77-51B9-4DDA-BF91-2E7921B080B8}.Debug|x86.ActiveCfg = Debug|Win32
		{8BF5DB77-51B9-4DDA-BF91-2E7921B080B8}.Debug|x86.Build.0 = Debug|Win32
		{8BF5DB77-51B9-4DDA-BF91-2E7921B080B8}.Release|x64.ActiveCfg = Release|x64
		{8BF5DB77-51B9-4DDA-BF91-2E7921B080B8}.Release|x64.Build.0 = Release|x64
		{8BF5DB77-51B9-4DDA-BF91-2E7921B080B8}.Release|x86.ActiveCfg = Release|Win32
		{8BF5DB77-51B9-4DDA-BF91-2E7921B080B8}.Release|x86.Build.0 = Release|Win32
		{122FDA35-E18A-4E90-8390-85D4FA7B6394}.Debug|x64.ActiveCfg = Debug|x64
		{122FDA35-E18A-4E90-8390-85D4FA7B6394}.Debug|x64.Build.0 = Debug|x64
		{122FDA35-E18A-4E90-8390-85D4FA7B6394}.Debug|x86.ActiveCfg = Debug|Win32
		{122FDA35-E18A-4E90-8390-85D4FA7B6394}.Debug|x86.Build.0 = Debug|Win32
		{122FDA35-E18A-4E90-8390-85D4FA7B6394}.Release|x64.ActiveCfg = Release|x64
		{122FDA35-E18A-4E90-8390-85D4FA7B6394}.Release|x64.Build.0 = Release|x64
		{122FDA35-E18A-4E90-8390-85D4FA7B6394}.Release|x86.ActiveCfg = Release|Win32
		{122FDA35-E18A-4E90-8390-85D4FA7B6394}.Release|x86.Build.0 = Release|Win32
		{0BF1D355-0E38-46AF-8630-95446A243857}.Debug|x64.ActiveCfg = Debug|x64
		{0BF1D355-0E38-46AF-8630-95446A243857}.Debug|x64.Build.0 = Debug|x64
		{0BF1D355-0E38-46AF-8630-95446A243857}.Debug|x86.ActiveCfg = Debug|Win32
		{0BF1D355-0E38-46AF-8630-95446A243857}.Debug|x86.Build.0 = Debug|Win32
		{0BF1D355-0E38-46AF-8630-95446A243857}.Release|x64.ActiveCfg = Release|x64
		{0BF1D355-0E38-46AF-8630-95446A243857}.Release|x64.Build.0 = Release|x64
		{0BF1D355-0E38-46AF-8630-95446A243857}.Release|x86.ActiveCfg = Release|Win32
		{0BF1D355-0E38-46AF-8630-95446A243857}.Release|x86.Build.0 = Release|Win32
		{D149ADDA-E762-46B9-BE43-E6C2CF4C5FEE}.Debug|x64.ActiveCfg = Debug|x64
		{D149ADDA-E762-46B9-BE43-E6C2CF4C5FEE}.Debug|x64.Build.0 = Debug|x64
		{D149ADDA-E762-46B9-BE43-E6C2CF4C5FEE}.Debug|x86.ActiveCfg = Debug|Win32
		{D149ADDA-E762-46B9-BE43-E6C2CF4C5FEE}.Debug|x86.Build.0 = Debug|Win32
		{D149ADDA-E762-46B9-BE43-E6C2CF4C5FEE}.Release|x64.ActiveCfg = Release|x64
		{D149ADDA-E762-46B9-BE43-E6C2CF4C5FEE}.Release|x64.Build.0 = Release|x64
		{D149ADDA-E762-46B9-BE43-E6C2CF4C5FEE}.Release|x86.ActiveCfg = Release|Win32
		{D149ADDA-E762-46B9-BE43-E6C2CF4C5FEE}.Release|x86.Build.0 = Release|Win32
		{F2408A37-0F91-4258-8BE3-047D4A82A872}.Debug|x64.ActiveCfg = Debug|x64
		{F2408A37-0F91-4258-8BE3-047D4A82A872}.Debug|x64.Build.0 = Debug|x64
		{F2408A37-0F91-4258-8BE3-047D4A82A872}.Debug|x86.ActiveCfg = Debug|Win32
		{F2408A37-0F91-4258-8BE3-047D4A82A872}.Debug|x86.Build.0 = Debug|Win32
		{F2408A37-0F91-4258-8BE3-047D4A82A872}.Release|x64.ActiveCfg = Release|x64
		{F2408A37-0F91-4258-8BE3-047D4A82A872}.Release|x64.Build.0 = Release|x64
		{F2408A37-0F91-4258-8BE3-047D4A82A872}.Release|x86.ActiveCfg = Release|Win32
		{F2408A37-0F91-4258-8BE3-047D4A82A872}.Release|x86.Build.0 = Release|Win32
		{58B0A747-62B8-49DA-B162-541B94643079}.Debug|x64.ActiveCfg = Debug|x64
		{58B0A747-62B8-49DA-B162-541B94643079}.Debug|x64.Build.0 = Debug|x64
		{58B0A747-62B8-49DA-B162-541B94643079}.Debug|x86.ActiveCfg = Debug|Win32
		{58B0A747-62B8-49DA-B162-541B94643079}.Debug|x86.Build.0 = Debug|Win32
		{58B0A747-62B8-49DA-B162-541B94643079}.Release|x64.ActiveCfg = Release|x64
		{58B0A747-62B8-49DA-B162-541B94643079}.Release|x64.Build.0 = Release|x64
		{58B0A747-62B8-49DA-B162-541B94643079}.Release|x86.ActiveCfg = Release|Win32
		{58B0A747-62B8-49DA-B162-541B94643079}.Release|x86.Build.0 = Release|Win32
		{1D11DE3E-FE3A-4DB1-AC76-32C2E130221D}.Debug|x64.ActiveCfg = Debug|x64
		{1D11DE3E-FE3A-4DB1-AC76-32C2E130221D}.Debug|x64.Build.0 = Debug|x64
		{1D11DE3E-FE3A-4DB1-AC76-32C2E130221D}.Debug|x86.ActiveCfg = Debug|Win32
		{1D11DE3E-FE3A-4DB1-AC76-32C2E130221D}.Debug|x86.Build.0 = Debug|Win32
		{1D11DE3E-FE3A-4DB1-AC76-32C2E130221D}.Release|x64.ActiveCfg = Release|x64
		{1D11DE3E-FE3A-4DB1-AC76-32C2E130221D}.Release|x64.Build.0 = Release|x64
		{1D11DE3E-FE3A-4DB1-AC76-32C2E130221D}.Release|x86.ActiveCfg = Release|Win32
		{1D11DE3E-FE3A-4DB1-AC76-32C2E130221D}.Release|x86.Build.0 = Release|Win32
		{DDA09E0F-6344-46FB-A7B1-1DD3951D3EFB}.Debug|x64.ActiveCfg = Debug|x64
		{DDA09E0F-6344-46FB-A7B1-1DD3951D3EFB}.Debug|x64.Build.0 = Debug|x64
		{DDA09E0F-6344-46FB-A7B1-1DD3951D3EFB}.Debug|x86.ActiveCfg = Debug|Win32
		{DDA09E0F-6344-46FB-A7B1-1DD3951D3EFB}.Debug|x86.Build.0 = Debug|Win32
		{DDA09E0F-6344-46FB-A7B1-1DD3951D3EFB}.Release|x64.ActiveCfg = Release|x64
		{DDA09E0F-6344-46FB-A7B1-1DD3951D3EFB}.Release|x64.Build.0 = Release|x64
		{DDA09E0F-6344-46FB-A7B1-1DD3951D3EFB}.Release|x86.ActiveCfg = Release|Win32
		{DDA09E0F-6344-46FB-A7B1-1DD3951D3EFB}.Release|x86.Build.0 = Release|Win32
		{6127AD24-1EA7-405F-B33A-A33A6D5A3189}.Debug|x64.ActiveCfg = Debug|x64
		{6127AD24-1EA7-405F-B33A-A33A6D5A3189}.Debug|x64.Build.0 = Debug|x64
		{6127AD24-1EA7-405F-B33A-A33A6D5A3189}.Debug|x86.ActiveCfg = Debug|Win32
		{6127AD24-1EA7-405F-B33A-A33A6D5A3189}.Debug|x86.Build.0 = Debug|Win32
		{6127AD24-1EA7-405F-B33A-A33A6D5A3189}.Release|x64.ActiveCfg = Release|x64
		{6127AD24-1EA7-405F-B33A-A33A6D5A3189}.Release|x64.Build.0 = Release|x64
		{6127AD24-1EA7-405F-B33A-A33A6D5A3189}.Release|x86.ActiveCfg = Release|Win32
		{6127AD24-1EA7-405F-B33A-A33A6D5A3189}.Release|x86.Build.0 = Release|Win32
		{E10B228E-6052-468B-9543-5F4E75EF5E04}.Debug|x64.ActiveCfg = Debug|x64
		{E10B228E-6052-468B-9543-5F4E75EF5E04}.Debug|x64.Build.0 = Debug|x64
		{E10B228E-6052-468B-9543-5F4E75EF5E04}.Debug|x86.ActiveCfg = Debug|Win32
		{E10B228E-6052-468B-9543-5F4E75EF5E04}.Debug|x86.Build.0 = Debug|Win32
		{E10B228E-6052-468B-9543-5F4E75EF5E04}.Release|x64.ActiveCfg = Release|x64
		{E10B228E-6052-468B-9543-5F4E75EF5E04}.Release|x64.Build.0 = Release|x64
		{E10B228E-6052-468B-9543-5F4E75EF5E04}.Release|x86.ActiveCfg = Release|Win32
		{E10B228E-6052-468B-9543-5F4E75EF5E04}.Release|x86.Build.0 = Release|Win32
		{45991095-EA97-40A6-8BAE-587F0B207BA8}.Debug|x64.ActiveCfg = Debug|x64
		{45991095-EA97-40A6-8BAE-587F0B207BA8}.Debug|x64.Build.0 = Debug|x64
		{45991095-EA97-40A6-8BAE-587F0B207BA8}.Debug|x86.ActiveCfg = Debug|Win32
		{45991095-EA97-40A6-8BAE-587F0B207BA8}.Debug|x86.Build.0 = Debug|Win32
		{45991095-EA97-40A6-8BAE-587F0B207BA8}.Release|x64.ActiveCfg = Release|x64
		{45991095-EA97-40A6-8BAE-587F0B207BA8}.Release|x64.Build.0 = Release|x64
		{45991095-EA97-40A6-8BAE-587F0B207BA8}.Release|x86.ActiveCfg = Release|Win32
		{45991095-EA97-40A6-8BAE-587F0B207BA8}.Release|x86.Build.0 = Release|Win32
		{7887552C-3EB1-4FB2-81BC-71595C47F5EB}.Debug|x64.ActiveCfg = Debug|x64
		{7887552C-3EB1-4FB2-81BC-71595C47F5EB}.Debug|x64.Build.0 = Debug|x64
		{7887552C-3EB1-4FB2-81BC-71595C47F5EB}.Debug|x86.ActiveCfg = Debug|Win32
		{7887552C-3EB1-4FB2-81BC-71595C47F5EB}.Debug|x86.Build.0 = Debug|Win32
		{7887552C-3EB1-4FB2-81BC-71595C47F5EB}.Release|x64.ActiveCfg = Release|x64
		{7887552C-3EB1-4FB2-81BC-71595C47F5EB}.Release|x64.Build.0 = Release|x64
		{7887552C-3EB1-4FB2-81BC-71595C47F5EB}.Release|x86.ActiveCfg = Release|Win32
		{7887552C-3EB1-4FB2-81BC-71595C47F5EB}.Release|x86.Build.0 = Release|Win32
		{41C0E453-8FA7-47F0-B15D-AA60826FA408}.Debug|x64.ActiveCfg = Debug|x64
		{41C0E453-8FA7-47F0-B15D-AA60826FA408}.Debug|x64.Build.0 = Debug|x64
		{41C0E453-8FA7-47F0-B15D-AA60826FA408}.Debug|x86.ActiveCfg = Debug|Win32
		{41C0E453-8FA7-47F0-B15D-AA60826FA408}.Debug|x86.Build.0 = Debug|Win32
		{41C0E453-8FA7-47F0-B15D-AA60826FA408}.Release|x64.ActiveCfg = Release|x64
		{41C0E453-8FA7-47F0-B15D-AA60826FA408}.Release|x64.Build.0 = Release|x64
		{41C0E453-8FA7-47F0-B15D-AA60826FA408}.Release|x86.ActiveCfg = Release|Win32
		{41C0E453-8FA7-47F0-B15D-AA60826FA408}.Release|x86.Build.0 = Release|Win32
		{1E2ED949-B189-488B-8FC3-A0537EABD464}.Debug|x64.ActiveCfg = Debug|x64
		{1E2ED949-B189-488B-8FC3-A0537EABD464}.Debug|x64.Build.0 = Debug|x64
		{1E2ED949-B189-488B-8FC3-A0537EABD464}.Debug|x86.ActiveCfg = Debug|Win32
		{1E2ED949-B189-488B-8FC3-A0537EABD464}.Debug|x86.Build.0 = Debug|Win32
		{1E2ED949-B189-488B-8FC3-A0537EABD464}.Release|x64.ActiveCfg = Release|x64
		{1E2ED949-B189-488B-8FC3-A0537EABD464}.Release|x64.Build.0 = Release|x64
		{1E2ED949-B189-488B-8FC3-A0537EABD464}.Release|x86.ActiveCfg = Release|Win32
		{1E2ED949-B189-488B-8FC3-A0537EABD464}.Release|x86.Build.0 = Release|Win32
		{9D6C084B-2341-4798-8E5C-A9F946B7B088}.Debug|x64.ActiveCfg = Debug|x64
		{9D6C084B-2341-4798-8E5C-A9F946B7B088}.Debug|x64.Build.0 = Debug|x64
		{9D6C084B-2341-4798-8E5C-A9F946B7B088}.Debug|x86.ActiveCfg = Debug|Win32
		{9D6C084B-2341-4798-8E5C-A9F946B7B088}.Debug|x86.Build.0 = Debug|Win32
		{9D6C084B-2341-4798-8E5C-A9F946B7B088}.Release|x64.ActiveCfg = Release|x64
		{9D6C084B-2341-4798-8E5C-A9F946B7B088}.Release|x64.Build.0 = Release|x64
		{9D6C084B-2341-4798-8E5C-A9F946B7B088}.Release|x86.ActiveCfg = Release|Win32
		{9D6C084B-2341-4798-8E5C-A9F946B7B088}.Release|x86.Build.0 = Release|Win32
		{4ACDE190-FB20-4CDE-99C7-61FF4E84DAD7}.Debug|x64.ActiveCfg = Debug|x64
		{4ACDE190-FB20-4CDE-99C7-61FF4E84DAD7}.Debug|x64.Build.0 = Debug|x64
		{4ACDE190-FB20-4CDE-99C7-61FF4E84DAD7}.Debug|x86.ActiveCfg = Debug|Win32
		{4ACDE190-FB20-4CDE-99C7-61FF4E84DAD7}.Debug|x86.Build.0 = Debug|Win32
		{4ACDE190-FB20-4CDE-99C7-61FF4E84DAD7}.Release|x64.ActiveCfg = Release|x64
		{4ACDE190-FB20-4CDE-99C7-61FF4E84DAD7}.Release|x64.Build.0 = Release|x64
		{4ACDE190-FB20-4CDE-99C7-61FF4E84DAD7}.Release|x86.ActiveCfg = Release|Win32
		{4ACDE190-FB20-4CDE-99C7-61FF4E84DAD7}.Release|x86.Build.0 = Release|Win32
		{3ECB26F4-75E7-427D-BE39-E8F607EA13E9}.Debug|x64.ActiveCfg = Debug|x64
		{3ECB26F4-75E7-427D-BE39-E8F607EA13E9}.Debug|x64.Build.0 = Debug|x64
		{3ECB26F4-75E7-427D-BE39-E8F607EA13E9}.Debug|x86.ActiveCfg = Debug|Win32
		{3ECB26F4-75E7-427D-BE39-E8F607EA13E9}.Debug|x86.Build.0 = Debug|Win32
		{3ECB26F4-75E7-427D-BE39-E8F607EA13E9}.Release|x64.ActiveCfg = Release|x64
		{3ECB26F4-75E7-427D-BE39-E8F607EA13E9}.Release|x64.Build.0 = Release|x64
		{3ECB26F4-75E7-427D-BE39-E8F607EA13E9}.Release|x86.ActiveCfg = Release|Win32
		{3ECB26F4-75E7-427D-BE39-E8F607EA13E9}.Release|x86.Build.0 = Release|Win32
		{0E0E456A-1C25-4635-A2A9-F4C0B0303BF4}.Debug|x64.ActiveCfg = Debug|x64
		{0E0E456A-1C25-4635-A2A9-F4C0B0303BF4}.Debug|x64.Build.0 = Debug|x64
		{0E0E456A-1C25-4635-A2A9-F4C0B0303BF4}.Debug|x86.ActiveCfg = Debug|Win32
		{0E0E456A-1C25-4635-A2A9-F4C0B0303BF4}.Debug|x86.Build.0 = Debug|Win32
		{0E0E456A-1C25-4635-A2A9-F4C0B0303BF4}.Release|x64.ActiveCfg = Release|x64
		{0E0E456A-1C25-4635-A2A9-F4C0B0303BF4}.Release|x64.Build.0 = Release|x64
		{0E0E456A-1C25-4635-A2A9-F4C0B0303BF4}.Release|x86.ActiveCfg = Release|Win32
		{0E0E456A-1C25-4635-A2A9-F4C0B0303BF4}.Release|x86.Build.0 = Release|Win32
		{245FB179-4392-4C47-BD3C-C505B0DFEB2E}.Debug|x64.ActiveCfg = Debug|x64
		{245FB179-4392-4C47-BD3C-C505B0DFEB2E}.Debug|x64.Build.0 = Debug|x64
		{245FB179-4392-4C47-BD3C-C505B0DFEB2E}.Debug|x86.ActiveCfg = Debug|Win32
		{245FB179-4392-4C47-BD3C-C505B0DFEB2E}.Debug|x86.Build.0 = Debug|Win32
		{245FB179-4392-4C47-BD3C-C505B0DFEB2E}.Release|x64.ActiveCfg = Release|x64
		{245FB179-4392-4C47-BD3C-C505B0DFEB2E}.Release|x64.Build.0 = Release|x64
		{245FB179-4392-4C47-BD3C-C505B0DFEB2E}.Release|x86.ActiveCfg = Release|Win32
		{245FB179-4392-4C47-BD3C-C505B0DFEB2E}.Release|x86.Build.0 = Release|Win32
		{978580EB-A6D1-48FD-B824-8404DB6BB95F}.Debug|x64.ActiveCfg = Debug|x64
		{978580EB-A6D1-48FD-B824-8404DB6BB95F}.Debug|x64.Build.0 = Debug|x64
		{978580EB-A6D1-48FD-B824-8404DB6BB95F}.Debug|x86.ActiveCfg = Debug|Win32
		{978580EB-A6D1-48FD-B824-8404DB6BB95F}.Debug|x86.Build.0 = Debug|Win32
		{978580EB-A6D1-48FD-B824-8404DB6BB95F}.Release|x64.ActiveCfg = Release|x64
		{978580EB-A6D1-48FD-B824-8404DB6BB95F}.Release|x64.Build.0 = Release|x64
		{978580EB-A6D1-48FD-B824-8404DB6BB95F}.Release|x86.ActiveCfg = Release|Win32
		{978580EB-A6D1-48FD-B824-8404DB6BB95F}.Release|x86.Build.0 = Release|Win32
		{F9C13464-2E94-4313-B86D-C571B312B1E6}.Debug|x64.ActiveCfg = Debug|x64
		{F9C13464-2E94-4313-B86D-C571B312B1E6}.Debug|x64.Build.0 = Debug|x64
		{F9C13464-2E94-4313-B86D-C571B312B1E6}.Debug|x86.ActiveCfg = Debug|Win32
		{F9C13464-2E94-4313-B86D-C571B312B1E6}.Debug|x86.Build.0 = Debug|Win32
		{F9C13464-2E94-4313-B86D-C571B312B1E6}.Release|x64.ActiveCfg = Release|x64
		{F9C13464-2E94-4313-B86D-C571B312B1E6}.Release|x64.Build.0 = Release|x64
		{F9C13464-2E94-4313-B86D-C571B312B1E6}.Release|x86.ActiveCfg = Release|Win32
		{F9C13464-2E94-4313-B86D-C571B312B1E6}.Release|x86.Build.0 = Release|Win32
		{E0C11DE6-8C2B-4AD3-B566-888E2E0C9F4E}.Debug|x64.ActiveCfg = Debug|x64
		{E0C11DE6-8C2B-4AD3-B566-888E2E0C9F4E}.Debug|x64.Build.0 = Debug|x64
		{E0C11DE6-8C2B-4AD3-B566-888E2E0C9F4E}.Debug|x86.ActiveCfg = Debug|Win32
		{E0C11DE6-8C2B-4AD3-B566-888E2E0C9F4E}.Debug|x86.Build.0 = Debug|Win32
		{E0C11DE6-8C2B-4AD3-B566-888E2E0C9F4E}.Release|x64.ActiveCfg = Release|x64
		{E0C11DE6-8C2B-4AD3-B566-888E2E0C9F4E}.Release|x64.Build.0 = Release|x64
		{E0C11DE6-8C2B-4AD3-B566-888E2E0C9F4E}.Release|x86.ActiveCfg = Release|Win32
		{E0C11DE6-8C2B-4AD3-B566-888E2E0C9F4E}.Release|x86.Build.0 = Release|Win32
		{A9E50C48-5291-418F-8D91-AF49C58C0036}.Debug|x64.ActiveCfg = Debug|x64
		{A9E50C48-5291-418F-8D91-AF49C58C0036}.Debug|x64.Build.0 = Debug|x64
		{A9E50C48-5291-418F-8D91-AF49C58C0036}.Debug|x86.ActiveCfg = Debug|Win32
		{A9E50C48-5291-418F-8D91-AF49C58C0036}.Debug|x86.Build.0 = Debug|Win32
		{A9E50C48-5291-418F-8D91-AF49C58C0036}.Release|x64.ActiveCfg = Release|x64
		{A9E50C48-5291-418F-8D91-AF49C58C0036}.Release|x64.Build.0 = Release|x64
		{A9E50C48-5291-418F-8D91-AF49C58C0036}.Release|x86.ActiveCfg = Release|Win32
		{A9E50C48-5291-418F-8D91-AF49C58C0036}.Release|x86.Build.0 = Release|Win32
		{97B71399-5E1C-4DEA-9289-078A929E15C4}.Debug|x64.ActiveCfg = Debug|x64
		{97B71399-5E1C-4DEA-9289-078A929E15C4}.Debug|x64.Build.0 = Debug|x64
		{97B71399-5E1C-4DEA-9289-078A929E15C4}.Debug|x86.ActiveCfg = Debug|Win32
		{97B71399-5E1C-4DEA-9289-078A929E15C4}.Debug|x86.Build.0 = Debug|Win32
		{97B71399-5E1C-4DEA-9289-078A929E15C4}.Release|x64.ActiveCfg = Release|x64
		{97B71399-5E1C-4DEA-9289-078A929E15C4}.Release|x64.Build.0 = Release|x64
		{97B71399-5E1C-4DEA-9289-078A929E15C4}.Release|x86.ActiveCfg = Release|Win32
		{97B71399-5E1C-4DEA-9289-078A929E15C4}.Release|x86.Build.0 = Release|Win32
		{F0782D76-4494-44DE-88AC-2B587A7990DA}.Debug|x64.ActiveCfg = Debug|x64
		{F0782D76-4494-44DE-88AC-2B587A7990DA}.Debug|x64.Build.0 = Debug|x64
		{F0782D76-4494-44DE-88AC-2B587A7990DA}.Debug|x86.ActiveCfg = Debug|Win32
		{F0782D76-4494-44DE-88AC-2B587A7990DA}.Debug|x86.Build.0 = Debug|Win32
		{F0782D76-4494-44DE-88AC-2B587A7990DA}.Release|x64.ActiveCfg = Release|x64
		{F0782D76-4494-44DE-88AC-2B587A7990DA}.Release|x64.Build.0 = Release|x64
		{F0782D76-4494-44DE-88AC-2B587A7990DA}.Release|x86.ActiveCfg = Release|Win32
		{F0782D76-4494-44DE-88AC-2B587A7990DA}.Release|x86.Build.0 = Release|Win32
		{AA0B6708-81B5-418F-ADD2-EBBF014A09EF}.Debug|x64.ActiveCfg = Debug|x64
		{AA0B6708-81B5-418F-ADD2-EBBF014A09EF}.Debug|x64.Build.0 = Debug|x64
		{AA0B6708-81B5-418F-ADD2-EBBF014A09EF}.Debug|x86.ActiveCfg = Debug|Win32
		{AA0B6708-81B5-418F-ADD2-EBBF014A09EF}.Debug|x86.Build.0 = Debug|Win32
		{AA0B6708-81B5-418F-ADD2-EBBF014A09EF}.Release|x64.ActiveCfg = Release|x64
		{AA0B6708-81B5-418F-ADD2-EBBF014A09EF}.Release|x64.Build.0 = Release|x64
		{AA0B6708-81B5-418F-ADD2-EBBF014A09EF}.Release|x86.ActiveCfg = Release|Win32
		{AA0B6708-81B5-418F-ADD2-EBBF014A09EF}.Release|x86.Build.0 = Release|Win32
		{134C086E-67C2-455C-974B-5A496D08E0CA}.Debug|x64.ActiveCfg = Debug|x64
		{134C086E-67C2-455C-974B-5A496D08E0CA}.Debug|x64.Build.0 = Debug|x64
		{134C086E-67C2-455C-974B-5A496D08E0CA}.Debug|x86.ActiveCfg = Debug|Win32
		{134C086E-67C2-455C-974B-5A496D08E0CA}.Debug|x86.Build.0 = Debug|Win32
		{134C086E-67C2-455C-974B-5A496D08E0CA}.Release|x64.ActiveCfg = Release|x64
		{134C086E-67C2-455C-974B-5A496D08E0CA}.Release|x64.Build.0 = Release|x64
		{134C086E-67C2-455C-974B-5A496D08E0CA}.Release|x86.ActiveCfg = Release|Win32
		{134C086E-67C2-455C-974B-5A496D08E0CA}.Release|x86.Build.0 = Release|Win32
		{4EC0227E-0D22-4DE5-B02A-9241A256E94D}.Debug|x64.ActiveCfg = Debug|x64
		{4EC0227E-0D22-4DE5-B02A-9241A256E94D}.Debug|x64.Build.0 = Debug|x64
		{4EC0227E-0D22-4DE5-B02A-9241A256E94D}.Debug|x86.ActiveCfg = Debug|Win32
		{4EC0227E-0D22-4DE5-B02A-9241A256E94D}.Debug|x86.Build.0 = Debug|Win32
		{4EC0227E-0D22-4DE5-B02A-9241A256E94D}.Release|x64.ActiveCfg = Release|x64
		{4EC0227E-0D22-4DE5-B02A-9241A256E94D}.Release|x64.Build.0 = Release|x64
		{4EC0227E-0D22-4DE5-B02A-9241A256E94D}.Release|x86.ActiveCfg = Release|Win32
		{4EC0227E-0D22-4DE5-B02A-9241A256E94D}.Release|x86.Build.0 = Release|Win32
		{CE29992C-F547-4A86-A349-2ACD3FB8F71C}.Debug|x64.ActiveCfg = Debug|x64
		{CE29992C-F547-4A86-A349-2ACD3FB8F71C}.Debug|x64.Build.0 = Debug|x64
		{CE29992C-F547-4A86-A349-2ACD3FB8F71C}.Debug|x86.ActiveCfg = Debug|Win32
		{CE29992C-F547-4A86-A349-2ACD3FB8F71C}.Debug|x86.Build.0 = Debug|Win32
		{CE29992C-F547-4A86-A349-2ACD3FB8F71C}.Release|x64.ActiveCfg = Release|x64
		{CE29992C-F547-4A86-A349-2ACD3FB8F71C}.Release|x64.Build.0 = Release|x64
		{CE29992C-F547-4A86-A349-2ACD3FB8F71C}.Release|x86.ActiveCfg = Release|Win32
		{CE29992C-F547-4A86-A349-2ACD3FB8F71C}.Release|x86.Build.0 = Release|Win32
		{F0874756-6437-4B1A-B18E-9B410BC14FA0}.Debug|x64.ActiveCfg = Debug|x64
		{F0874756-6437-4B1A-B18E-9B410BC14FA0}.Debug|x64.Build.0 = Debug|x64
		{F0874756-6437-4B1A-B18E-9B410BC14FA0}.Debug|x86.ActiveCfg = Debug|Win32
		{F0874756-6437-4B1A-B18E-9B410BC14FA0}.Debug|x86.Build.0 = Debug|Win32
		{F0874756-6437-4B1A-B18E-9B410BC14FA0}.Release|x64.ActiveCfg = Release|x64
		{F0874756-6437-4B1A-B18E-9B410BC14FA0}.Release|x64.Build.0 = Release|x64
		{F0874756-6437-4B1A-B18E-9B410BC14FA0}.Release|x86.ActiveCfg = Release|Win32
		{F0874756-6437-4B1A-B18E-9B410BC14FA0}.Release|x86.Build.0 = Release|Win32
		{D1CCDCE2-D113-4819-AC45-1D5B4E0E46D0}.Debug|x64.ActiveCfg = Debug|x64
		{D1CCDCE2-D113-4819-AC45-1D5B4E0E46D0}.Debug|x64.Build.0 = Debug|x64
		{D1CCDCE2-D113-4819-AC45-1D5B4E0E46D0}.Debug|x86.ActiveCfg = Debug|Win32
		{D1CCDCE2-D113-4819-AC45-1D5B4E0E46D0}.Debug|x86.Build.0 = Debug|Win32
		{D1CCDCE2-D113-4819-AC45-1D5B4E0E46D0}.Release|x64.ActiveCfg = Release|x64
		{D1CCDCE2-D113-4819-AC45-1D5B4E0E46D0}.Release|x64.Build.0 = Release|x64
		{D1CCDCE2-D113-4819-AC45-1D5B4E0E46D0}.Release|x86.ActiveCfg = Release|Win32
		{D1CCDCE2-D113-4819-AC45-1D5B4E0E46D0}.Release|x86.Build.0 = Release|Win32
		{7D2E02AC-B7C9-4FCB-985F-12F592B41D33}.Debug|x64.ActiveCfg = Debug|x64
		{7D2E02AC-B7C9-4FCB-985F-12F592B41D33}.Debug|x64.Build.0 = Debug|x64
		{7D2E02AC-B7C9-4FCB-985F-12F592B41D33}.Debug|x86.ActiveCfg = Debug|Win32
		{7D2E02AC-B7C9-4FCB-985F-12F592B41D33}.Debug|x86.Build.0 = Debug|Win32
		{7D2E02AC-B7C9-4FCB-985F-12F592B41D33}.Release|x64.ActiveCfg = Release|x64
		{7D2E02AC-B7C9-4FCB-985F-12F592B41D33}.Release|x64.Build.0 = Release|x64
		{7D2E02AC-B7C9-4FCB-985F-12F592B41D33}.Release|x86.ActiveCfg = Release|Win32
		{7D2E02AC-B7C9-4FCB-985F-12F592B41D33}.Release|x86.Build.0 = Release|Win32
		{CD38A565-815F-49FC-ACBB-3BC360D7E02C}.Debug|x64.ActiveCfg = Debug|x64
		{CD38A565-815F-49FC-ACBB-3BC360D7E02C}.Debug|x64.Build.0 = Debug|x64
		{CD38A565-815F-49FC-ACBB-3BC360D7E02C}.Debug|x86.ActiveCfg = Debug|Win32
		{CD38A565-815F-49FC-ACBB-3BC360D7E02C}.Debug|x86.Build.0 = Debug|Win32
		{CD38A565-815F-49FC-ACBB-3BC360D7E02C}.Release|x64.ActiveCfg = Release|x64
		{CD38A565-815F-49FC-ACBB-3BC360D7E02C}.Release|x64.Build.0 = Release|x64
		{CD38A565-815F-49FC-ACBB-3BC360D7E02C}.Release|x86.ActiveCfg = Release|Win32
		{CD38A565-815F-49FC-ACBB-3BC360D7E02C}.Release|x86.Build.0 = Release|Win32
		{4D0CF9D2-51FA-4B77-998A-3C11FA7E598F}.Debug|x64.ActiveCfg = Debug|x64
		{4D0CF9D2-51FA-4B77-998A-3C11FA7E598F}.Debug|x64.Build.0 = Debug|x64
		{4D0CF9D2-51FA-4B77-998A-3C11FA7E598F}.Debug|x86.ActiveCfg = Debug|Win32
		{4D0CF9D2-51FA-4B77-998A-3C11FA7E598F}.Debug|x86.Build.0 = Debug|Win32
		{4D0CF9D2-51FA-4B77-998A-3C11FA7E598F}.Release|x64.ActiveCfg = Release|x64
		{4D0CF9D2-51FA-4B77-998A-3C11FA7E598F}.Release|x64.Build.0 = Release|x64
		{4D0CF9D2-51FA-4B77-998A-3C11FA7E598F}.Release|x86.ActiveCfg = Release|Win32
		{4D0CF9D2-51FA-4B77-998A-3C11FA7E598F}.Release|x86.Build.0 = Release|Win32
		{7CA80F2E-09E2-49DF-B3A0-B39192978459}.Debug|x64.ActiveCfg = Debug|x64
		{7CA80F2E-09E2-49DF-B3A0-B39192978459}.Debug|x64.Build.0 = Debug|x64
		{7CA80F2E-09E2-49DF-B3A0-B39192978459}.Debug|x86.ActiveCfg = Debug|Win32
		{7CA80F2E-09E2-49DF-B3A0-B39192978459}.Debug|x86.Build.0 = Debug|Win32
		{7CA80F2E-09E2-49DF-B3A0-B39192978459}.Release|x64.ActiveCfg = Release|x64
		{7CA80F2E-09E2-49DF-B3A0-B39192978459}.Release|x64.Build.0 = Release|x64
		{7CA80F2E-09E2-49DF-B3A0-B39192978459}.Release|x86.ActiveCfg = Release|Win32
		{7CA80F2E-09E2-49DF-B3A0-B39192978459}.Release|x86.Build.0 = Release|Win32
		{67B272ED-8ABA-47B3-9AD8-C4611EB6D2B0}.Debug|x64.ActiveCfg = Debug|x64
		{67B272ED-8ABA-47B3-9AD8-C4611EB6D2B0}.Debug|x64.Build.0 = Debug|x64
		{67B272ED-8ABA-47B3-9AD8-C4611EB6D2B0}.Debug|x86.ActiveCfg = Debug|Win32
		{67B272ED-8ABA-47B3-9AD8-C4611EB6D2B0}.Debug|x86.Build.0 = Debug|Win32
		{67B272ED-8ABA-47B3-9AD8-C4611EB6D2B0}.Release|x64.ActiveCfg = Release|x64
		{67B272ED-8ABA-47B3-9AD8-C4611EB6D2B0}.Release|x64.Build.0 = Release|x64
		{67B272ED-8ABA-47B3-9AD8-C4611EB6D2B0}.Release|x86.ActiveCfg = Release|Win32
		{67B272ED-8ABA-47B3-9AD8-C4611EB6D2B0}.Release|x86.Build.0 = Release|Win32
		{FB728BD4-954C-49D0-A08A-CC42B7C3581E}.Debug|x64.ActiveCfg = Debug|x64
		{FB728BD4-954C-49D0-A08A-CC42B7C3581E}.Debug|x64.Build.0 = Debug|x64
		{FB728BD4-954C-49D0-A08A-CC42B7C3581E}.Debug|x86.ActiveCfg = Debug|Win32
		{FB728BD4-954C-49D0-A08A-CC42B7C3581E}.Debug|x86.Build.0 = Debug|Win32
		{FB728BD4-954C-49D0-A08A-CC42B7C3581E}.Release|x64.ActiveCfg = Release|x64
		{FB728BD4-954C-49D0-A08A-CC42B7C3581E}.Release|x64.Build.0 = Release|x64
		{FB728BD4-954C-49D0-A08A-CC42B7C3581E}.Release|x86.ActiveCfg = Release|Win32
		{FB728BD4-954C-49D0-A08A-CC42B7C3581E}.Release|x86.Build.0 = Release|Win32
		{6C77EADB-92FF-4301-B2B5-F5606B1F9E8F}.Debug|x64.ActiveCfg = Debug|x64
		{6C77EADB-92FF-4301-B2B5-F5606B1F9E8F}.Debug|x64.Build.0 = Debug|x64
		{6C77EADB-92FF-4301-B2B5-F5606B1F9E8F}.Debug|x86.ActiveCfg = Debug|Win32
		{6C77EADB-92FF-4301-B2B5-F5606B1F9E8F}.Debug|x86.Build.0 = Debug|Win32
		{6C77EADB-92FF-4301-B2B5-F5606B1F9E8F}.Release|x64.ActiveCfg = Release|x64
		{6C77EADB-92FF-4301-B2B5-F5606B1F9E8F}.Release|x64.Build.0 = Release|x64
		{6C77EADB-92FF-4301-B2B5-F5606B1F9E8F}.Release|x86.ActiveCfg = Release|Win32
		{6C77EADB-92FF-4301-B2B5-F5606B1F9E8F}.Release|x86.Build.0 = Release|Win32
		{B90EF07E-5832-4B55-9AE5-14E32E5ACF1E}.Debug|x64.ActiveCfg = Debug|x64
		{B90EF07E-5832-4B55-9AE5-14E32E5ACF1E}.Debug|x64.Build.0 = Debug|x64
		{B90EF07E-5832-4B55-9AE5-14E32E5ACF1E}.Debug|x86.ActiveCfg = Debug|Win32
		{B90EF07E-5832-4B55-9AE5-14E32E5ACF1E}.Debug|x86.Build.0 = Debug|Win32
		{B90EF07E-5832-4B55-9AE5-14E32E5ACF1E}.Release|x64.ActiveCfg = Release|x64
		{B90EF07E-5832-4B55-9AE5-14E32E5ACF1E}.Release|x64.Build.0 = Release|x64
		{B90EF07E-5832-4B55-9AE5-14E32E5ACF1E}.Release|x86.ActiveCfg = Release|Win32
		{B90EF07E-5832-4B55-9AE5-14E32E5ACF1E}.Release|x86.Build.0 = Release|Win32
		{8B46F0FB-9BE9-4027-98AE-D6CF143D0C1D}.Debug|x64.ActiveCfg = Debug|x64
		{8B46F0FB-9BE9-4027-98AE-D6CF143D0C1D}.Debug|x64.Build.0 = Debug|x64
		{8B46F0FB-9BE9-4027-98AE-D6CF143D0C1D}.Debug|x86.ActiveCfg = Debug|Win32
		{8B46F0FB-9BE9-4027-98AE-D6CF143D0C1D}.Debug|x86.Build.0 = Debug|Win32
		{8B46F0FB-9BE9-4027-98AE-D6CF143D0C1D}.Release|x64.ActiveCfg = Release|x64
		{8B46F0FB-9BE9-4027-98AE-D6CF143D0C1D}.Release|x64.Build.0 = Release|x64
		{8B46F0FB-9BE9-4027-98AE-D6CF143D0C1D}.Release|x86.ActiveCfg = Release|Win32
		{8B46F0FB-9BE9-4027-98AE-D6CF143D0C1D}.Release|x86.Build.0 = Release|Win32
		{91DBF279-E5A4-4A48-A0F4-9AD14211D2F4}.Debug|x64.ActiveCfg = Debug|x64
		{91DBF279-E5A4-4A48-A0F4-9AD14211D2F4}.Debug|x64.Build.0 = Debug|x64
		{91DBF279-E5A4-4A48-A0F4-9AD14211D2F4}.Debug|x86.ActiveCfg = Debug|Win32
		{91DBF279-E5A4-4A48-A0F4-9AD14211D2F4}.Debug|x86.Build.0 = Debug|Win32
		{91DBF279-E5A4-4A48-A0F4-9AD14211D2F4}.Release|x64.ActiveCfg = Release|x64
		{91DBF279-E5A4-4A48-A0F4-9AD14211D2F4}.Release|x64.Build.0 = Release|x64
		{91DBF279-E5A4-4A48-A0F4-9AD14211D2F4}.Release|x86.ActiveCfg = Release|Win32
		{91DBF279-E5A4-4A48-A0F4-9AD14211D2F4}.Release|x86.Build.0 = Release|Win32
		{771E953F-2F6B-464A-AEC2-0C63BAEB97F3}.Debug|x64.ActiveCfg = Debug|x64
		{771E953F-2F6B-464A-AEC2-0C63BAEB97F3}.Debug|x64.Build.0 = Debug|x64
		{771E953F-2F6B-464A-AEC2-0C63BAEB97F3}.Debug|x86.ActiveCfg = Debug|Win32
		{771E953F-2F6B-464A-AEC2-0C63BAEB97F3}.Debug|x86.Build.0 = Debug|Win32
		{771E953F-2F6B-464A-AEC2-0C63BAEB97F3}.Release|x64.ActiveCfg = Release|x64
		{771E953F-2F6B-464A-AEC2-0C63BAEB97F3}.Release|x64.Build.0 = Release|x64
		{771E953F-2F6B-464A-AEC2-0C63BAEB97F3}.Release|x86.ActiveCfg = Release|Win32
		{771E953F-2F6B-464A-AEC2-0C63BAEB97F3}.Release|x86.Build.0 = Release|Win32
		{3557C3B9-E7D3-4E89-831D-E39A248B21E8}.Debug|x64.ActiveCfg = Debug|x64
		{3557C3B9-E7D3-4E89-831D-E39A248B21E8}.Debug|x64.Build.0 = Debug|x64
		{3557C3B9-E7D3-4E89-831D-E39A248B21E8}.Debug|x86.ActiveCfg = Debug|Win32
		{3557C3B9-E7D3-4E89-831D-E39A248B21E8}.Debug|x86.Build.0 = Debug|Win32
		{3557C3B9-E7D3-4E89-831D-E39A248B21E8}.Release|x64.ActiveCfg = Release|x64
		{3557C3B9-E7D3-4E89-831D-E39A248B21E8}.Release|x64.Build.0 = Release|x64
		{3557C3B9-E7D3-4E89-831D-E39A248B21E8}.Release|x86.ActiveCfg = Release|Win32
		{3557C3B9-E7D3-4E89-831D-E39A248B21E8}.Release|x86.Build.0 = Release|Win32
		{537C0863-0828-4C09-BADC-2C2F13A488CB}.Debug|x64.ActiveCfg = Debug|x64
		{537C0863-0828-4C09-BADC-2C2F13A488CB}.Debug|x64.Build.0 = Debug|x64
		{537C0863-0828-4C09-BADC-2C2F13A488CB}.Debug|x86.ActiveCfg = Debug|Win32
		{537C0863-0828-4C09-BADC-2C2F13A488CB}.Debug|x86.Build.0 = Debug|Win32
		{537C0863-0828-4C09-BADC-2C2F13A488CB}.Release|x64.ActiveCfg = Release|x64
		{537C0863-0828-4C09-BADC-2C2F13A488CB}.Release|x64.Build.0 = Release|x64
		{537C0863-0828-4C09-BADC-2C2F13A488CB}.Release|x86.ActiveCfg = Release|Win32
		{537C0863-0828-4C09-BADC-2C2F13A488CB}.Release|x86.Build.0 = Release|Win32
		{0A9195F8-182A-4E12-8B02-A1A87D144536}.Debug|x64.ActiveCfg = Debug|x64
		{0A9195F8-182A-4E12-8B02-A1A87D144536}.Debug|x64.Build.0 = Debug|x64
		{0A9195F8-182A-4E12-8B02-A1A87D144536}.Debug|x86.ActiveCfg = Debug|Win32
		{0A9195F8-182A-4E12-8B02-A1A87D144536}.Debug|x86.Build.0 = Debug|Win32
		{0A9195F8-182A-4E12-8B02-A1A87D144536}.Release|x64.ActiveCfg = Release|x64
		{0A9195F8-182A-4E12-8B02-A1A87D144536}.Release|x64.Build.0 = Release|x64
		{0A9195F8-182A-4E12-8B02-A1A87D144536}.Release|x86.ActiveCfg = Release|Win32
		{0A9195F8-182A-4E12-8B02-A1A87D144536}.Release|x86.Build.0 = Release|Win32
		{28C9A6C1-3202-43D7-B63B-DA74BE7BFAA5}.Debug|x64.ActiveCfg = Debug|x64
		{28C9A6C1-3202-43D7-B63B-DA74BE7BFAA5}.Debug|x64.Build.0 = Debug|x64
		{28C9A6C1-3202-43D7-B63B-DA74BE7BFAA5}.Debug|x86.ActiveCfg = Debug|Win32
		{28C9A6C1-3202-43D7-B63B-DA74BE7BFAA5}.Debug|x86.Build.0 = Debug|Win32
		{28C9A6C1-3202-43D7-B63B-DA74BE7BFAA5}.Release|x64.ActiveCfg = Release|x64
		{28C9A6C1-3202-43D7-B63B-DA74BE7BFAA5}.Release|x64.Build.0 = Release|x64
		{28C9A6C1-3202-43D7-B63B-DA74BE7BFAA5}.Release|x86.ActiveCfg = Release|Win32
		{28C9A6C1-3202-43D7-B63B-DA74BE7BFAA5}.Release|x86.Build.0 = Release|Win32
		{DF83981E-948F-493B-9D6D-9BDA14CE0BE1}.Debug|x64.ActiveCfg = Debug|x64
		{DF83981E-948F-493B-9D6D-9BDA14CE0BE1}.Debug|x64.Build.0 = Debug|x64
		{DF83981E-948F-493B-9D6D-9BDA14CE0BE1}.Debug|x86.ActiveCfg = Debug|Win32
		{DF83981E-948F-493B-9D6D-9BDA14CE0BE1}.Debug|x86.Build.0 = Debug|Win32
		{DF83981E-948F-493B-9D6D-9BDA14CE0BE1}.Release|x64.ActiveCfg = Release|x64
		{DF83981E-948F-493B-9D6D-9BDA14CE0BE1}.Release|x64.Build.0 = Release|x64
		{DF83981E-948F-493B-9D6D-9BDA14CE0BE1}.Release|x86.ActiveCfg = Release|Win32
		{DF83981E-948F-493B-9D6D-9BDA14CE0BE1}.Release|x86.Build.0 = Release|Win32
		{B0AC6831-ADD7-4ECF-8A49-9033749B1991}.Debug|x64.ActiveCfg = Debug|x64
		{B0AC6831-ADD7-4ECF-8A49-9033749B1991}.Debug|x64.Build.0 = Debug|x64
		{B0AC6831-ADD7-4ECF-8A49-9033749B1991}.Debug|x86.ActiveCfg = Debug|Win32
		{B0AC6831-ADD7-4ECF-8A49-9033749B1991}.Debug|x86.Build.0 = Debug|Win32
		{B0AC6831-ADD7-4ECF-8A49-9033749B1991}.Release|x64.ActiveCfg = Release|x64
		{B0AC6831-ADD7-4ECF-8A49-9033749B1991}.Release|x64.Build.0 = Release|x64
		{B0AC6831-ADD7-4ECF-8A49-9033749B1991}.Release|x86.ActiveCfg = Release|Win32
		{B0AC6831-ADD7-4ECF-8A49-9033749B1991}.Release|x86.Build.0 = Release|Win32
		{3622685C-6FD7-4BE9-98AC-8F9FE8F2C2DD}.Debug|x64.ActiveCfg = Debug|x64
		{3622685C-6FD7-4BE9-98AC-8F9FE8F2C2DD}.Debug|x64.Build.0 = Debug|x64
		{3622685C-6FD7-4BE9-98AC-8F9FE8F2C2DD}.Debug|x86.ActiveCfg = Debug|Win32
		{3622685C-6FD7-4BE9-98AC-8F9FE8F2C2DD}.Debug|x86.Build.0 = Debug|Win32
		{3622685C-6FD7-4BE9-98AC-8F9FE8F2C2DD}.Release|x64.ActiveCfg = Release|x64
		{3622685C-6FD7-4BE9-98AC-8F9FE8F2C2DD}.Release|x64.Build.0 = Release|x64
		{3622685C-6FD7-4BE9-98AC-8F9FE8F2C2DD}.Release|x86.ActiveCfg = Release|Win32
		{3622685C-6FD7-4BE9-98AC-8F9FE8F2C2DD}.Release|x86.Build.0 = Release|Win32
		{2A84CEE1-7DA8-41F6-83D5-8B80BAEE8BE3}.Debug|x64.ActiveCfg = Debug|x64
		{2A84CEE1-7DA8-41F6-83D5-8B80BAEE8BE3}.Debug|x64.Build.0 = Debug|x64
		{2A84CEE1-7DA8-41F6-83D5-8B80BAEE8BE3}.Debug|x86.ActiveCfg = Debug|Win32
		{2A84CEE1-7DA8-41F6-83D5-8B80BAEE8BE3}.Debug|x86.Build.0 = Debug|Win32
		{2A84CEE1-7DA8-41F6-83D5-8B80BAEE8BE3}.Release|x64.ActiveCfg = Release|x64
		{2A84CEE1-7DA8-41F6-83D5-8B80BAEE8BE3}.Release|x64.Build.0 = Release|x64
		{2A84CEE1-7DA8-41F6-83D5-8B80BAEE8BE3}.Release|x86.ActiveCfg = Release|Win32
		{2A84CEE1-7DA8-41F6-83D5-8B80BAEE8BE3}.Release|x86.Build.0 = Release|Win32
		{1D6F768E-E4C5-41B1-939B-03DEB38EE8FF}.Debug|x64.ActiveCfg = Debug|x64
		{1D6F768E-E4C5-41B1-939B-03DEB38EE8FF}.Debug|x64.Build.0 = Debug|x64
		{1D6F768E-E4C5-41B1-939B-03DEB38EE8FF}.Debug|x86.ActiveCfg = Debug|Win32
		{1D6F768E-E4C5-41B1-939B-03DEB38EE8FF}.Debug|x86.Build.0 = Debug|Win32
		{1D6F768E-E4C5-41B1-939B-03DEB38EE8FF}.Release|x64.ActiveCfg = Release|x64
		{1D6F768E-E4C5-41B1-939B-03DEB38EE8FF}.Release|x64.Build.0 = Release|x64
		{1D6F768E-E4C5-41B1-939B-03DEB38EE8FF}.Release|x86.ActiveCfg = Release|Win32
		{1D6F768E-E4C5-41B1-939B-03DEB38EE8FF}.Release|x86.Build.0 = Release|Win32
		{9B56B159-0C9B-4B59-ACCD-1F8D70AF153B}.Debug|x64.ActiveCfg = Debug|x64
		{9B56B159-0C9B-4B59-ACCD-1F8D70AF153B}.Debug|x64.Build.0 = Debug|x64
		{9B56B159-0C9B-4B59-ACCD-1F8D70AF153B}.Debug|x86.ActiveCfg = Debug|Win32
		{9B56B159-0C9B-4B59-ACCD-1F8D70AF153B}.Debug|x86.Build.0 = Debug|Win32
		{9B56B159-0C9B-4B59-ACCD-1F8D70AF153B}.Release|x64.ActiveCfg = Release|x64
		{9B56B159-0C9B-4B59-ACCD-1F8D70AF153B}.Release|x64.Build.0 = Release|x64
		{9B56B159-0C9B-4B59-ACCD-1F8D70AF153B}.Release|x86.ActiveCfg = Release|Win32
		{9B56B159-0C9B-4B59-ACCD-1F8D70AF153B}.Release|x86.Build.0 = Release|Win32
		{D76DC46D-A294-4DD3-83EA-6AC769CD570D}.Debug|x64.ActiveCfg = Debug|x64
		{D76DC46D-A294-4DD3-83EA-6AC769CD570D}.Debug|x64.Build.0 = Debug|x64
		{D76DC46D-A294-4DD3-83EA-6AC769CD570D}.Debug|x86.ActiveCfg = Debug|Win32
		{D76DC46D-A294-4DD3-83EA-6AC769CD570D}.Debug|x86.Build.0 = Debug|Win32
		{D76DC46D-A294-4DD3-83EA-6AC769CD570D}.Release|x64.ActiveCfg = Release|x64
		{D76DC46D-A294-4DD3-83EA-6AC769CD570D}.Release|x64.Build.0 = Release|x64
		{D76DC46D-A294-4DD3-83EA-6AC769CD570D}.Release|x86.ActiveCfg = Release|Win32
		{D76DC46D-A294-4DD3-83EA-6AC769CD570D}.Release|x86.Build.0 = Release|Win32
		{545A69A3-C067-4479-8DEC-B69898752A99}.Debug|x64.ActiveCfg = Debug|x64
		{545A69A3-C067-4479-8DEC-B69898752A99}.Debug|x64.Build.0 = Debug|x64
		{545A69A3-C067-4479-8DEC-B69898752A99}.Debug|x86.ActiveCfg = Debug|Win32
		{545A69A3-C067-4479-8DEC-B69898752A99}.Debug|x86.Build.0 = Debug|Win32
		{545A69A3-C067-4479-8DEC-B69898752A99}.Release|x64.ActiveCfg = Release|x64
		{545A69A3-C067-4479-8DEC-B69898752A99}.Release|x64.Build.0 = Release|x64
		{545A69A3-C067-4479-8DEC-B69898752A99}.Release|x86.ActiveCfg = Release|Win32
		{545A69A3-C067-4479-8DEC-B69898752A99}.Release|x86.Build.0 = Release|Win32
		{75CAA62E-AA2E-4CB3-8BE0-ABB064927FB9}.Debug|x64.ActiveCfg = Debug|x64
		{75CAA62E-AA2E-4CB3-8BE0-ABB064927FB9}.Debug|x64.Build.0 = Debug|x64
		{75CAA62E-AA2E-4CB3-8BE0-ABB064927FB9}.Debug|x86.ActiveCfg = Debug|Win32
		{75CAA62E-AA2E-4CB3-8BE0-ABB064927FB9}.Debug|x86.Build.0 = Debug|Win32
		{75CAA62E-AA2E-4CB3-8BE0-ABB064927FB9}.Release|x64.ActiveCfg = Release|x64
		{75CAA62E-AA2E-4CB3-8BE0-ABB064927FB9}.Release|x64.Build.0 = Release|x64
		{75CAA62E-AA2E-4CB3-8BE0-ABB064927FB9}.Release|x86.ActiveCfg = Release|Win32
		{75CAA62E-AA2E-4CB3-8BE0-ABB064927FB9}.Release|x86.Build.0 = Release|Win32
		{253D64BA-8FBF-4C8E-84D2-FA1BFCF3BD20}.Debug|x64.ActiveCfg = Debug|x64
		{253D64BA-8FBF-4C8E-84D2-FA1BFCF3BD20}.Debug|x64.Build.0 = Debug|x64
		{253D64BA-8FBF-4C8E-84D2-FA1BFCF3BD20}.Debug|x86.ActiveCfg = Debug|Win32
		{253D64BA-8FBF-4C8E-84D2-FA1BFCF3BD20}.Debug|x86.Build.0 = Debug|Win32
		{253D64BA-8FBF-4C8E-84D2-FA1BFCF3BD20}.Release|x64.ActiveCfg = Release|x64
		{253D64BA-8FBF-4C8E-84D2-FA1BFCF3BD20}.Release|x64.Build.0 = Release|x64
		{253D64BA-8FBF-4C8E-84D2-FA1BFCF3BD20}.Release|x86.ActiveCfg = Release|Win32
		{253D64BA-8FBF-4C8E-84D2-FA1BFCF3BD20}.Release|x86.Build.0 = Release|Win32
		{3BB35496-2A07-4F32-B8E1-EF086BBF8EFF}.Debug|x64.ActiveCfg = Debug|x64
		{3BB35496-2A07-4F32-B8E1-EF086BBF8EFF}.Debug|x64.Build.0 = Debug|x64
		{3BB35496-2A07-4F32-B8E1-EF086BBF8EFF}.Debug|x86.ActiveCfg = Debug|Win32
		{3BB35496-2A07-4F32-B8E1-EF086BBF8EFF}.Debug|x86.Build.0 = Debug|Win32
		{3BB35496-2A07-4F32-B8E1-EF086BBF8EFF}.Release|x64.ActiveCfg = Release|x64
		{3BB35496-2A07-4F32-B8E1-EF086BBF8EFF}.Release|x64.Build.0 = Release|x64
		{3BB35496-2A07-4F32-B8E1-EF086BBF8EFF}.Release|x86.ActiveCfg = Release|Win32
		{3BB35496-2A07-4F32-B8E1-EF086BBF8EFF}.Release|x86.Build.0 = Release|Win32
		{A3E20E51-2AB5-4192-AF18-CE0009FB8086}.Debug|x64.ActiveCfg = Debug|x64
		{A3E20E51-2AB5-4192-AF18-CE0009FB8086}.Debug|x64.Build.0 = Debug|x64
		{A3E20E51-2AB5-4192-AF18-CE0009FB8086}.Debug|x86.ActiveCfg = Debug|Win32
		{A3E20E51-2AB5-4192-AF18-CE0009FB8086}.Debug|x86.Build.0 = Debug|Win32
		{A3E20E51-2AB5-4192-AF18-CE0009FB8086}.Release|x64.ActiveCfg = Release|x64
		{A3E20E51-2AB5-4192-AF18-CE0009FB8086}.Release|x64.Build.0 = Release|x64
		{A3E20E51-2AB5-4192-AF18-CE0009FB8086}.Release|x86.ActiveCfg = Release|Win32
		{A3E20E51-2AB5-4192-AF18-CE0009FB8086}.Release|x86.Build.0 = Release|Win32
		{B5FCBAE5-9F80-4AF0-ADE2-D890B19DD79B}.Debug|x64.ActiveCfg = Debug|x64
		{B5FCBAE5-9F80-4AF0-ADE2-D890B19DD79B}.Debug|x64.Build.0 = Debug|x64
		{B5FCBAE5-9F80-4AF0-ADE2-D890B19DD79B}.Debug|x86.ActiveCfg = Debug|Win32
		{B5FCBAE5-9F80-4AF0-ADE2-D890B19DD79B}.Debug|x86.Build.0 = Debug|Win32
		{B5FCBAE5-9F80-4AF0-ADE2-D890B19DD79B}.Release|x64.ActiveCfg = Release|x64
		{B5FCBAE5-9F80-4AF0-ADE2-D890B19DD79B}.Release|x64.Build.0 = Release|x64
		{B5FCBAE5-9F80-4AF0-ADE2-D890B19DD79B}.Release|x86.ActiveCfg = Release|Win32
		{B5FCBAE5-9F80-4AF0-ADE2-D890B19DD79B}.Release|x86.Build.0 = Release|Win32
		{07DDC1E7-6FBC-472E-B431-BC868EAB7914}.Debug|x64.ActiveCfg = Debug|x64
		{07DDC1E7-6FBC-472E-B431-BC868EAB7914}.Debug|x64.Build.0 = Debug|x64
		{07DDC1E7-6FBC-472E-B431-BC868EAB7914}.Debug|x86.ActiveCfg = Debug|Win32
		{07DDC1E7-6FBC-472E-B431-BC868EAB7914}.Debug|x86.Build.0 = Debug|Win32
		{07DDC1E7-6FBC-472E-B431-BC868EAB7914}.Release|x64.ActiveCfg = Release|x64
		{07DDC1E7-6FBC-472E-B431-BC868EAB7914}.Release|x64.Build.0 = Release|x64
		{07DDC1E7-6FBC-472E-B431-BC868EAB7914}.Release|x86.ActiveCfg = Release|Win32
		{07DDC1E7-6FBC-472E-B431-BC868EAB7914}.Release|x86.Build.0 = Release|Win32
		{FC3B679A-17AA-4281-B609-A722A428A0B5}.Debug|x64.ActiveCfg = Debug|x64
		{FC3B679A-17AA-4281-B609-A722A428A0B5}.Debug|x64.Build.0 = Debug|x64
		{FC3B679A-17AA-4281-B609-A722A428A0B5}.Debug|x86.ActiveCfg = Debug|Win32
		{FC3B679A-17AA-4281-B609-A722A428A0B5}.Debug|x86.Build.0 = Debug|Win32
		{FC3B679A-17AA-4281-B609-A722A428A0B5}.Release|x64.ActiveCfg = Release|x64
		{FC3B679A-17AA-4281-B609-A722A428A0B5}.Release|x64.Build.0 = Release|x64
		{FC3B679A-17AA-4281-B609-A722A428A0B5}.Release|x86.ActiveCfg = Release|Win32
		{FC3B679A-17AA-4281-B609-A722A428A0B5}.Release|x86.Build.0 = Release|Win32
		{5F92F980-C5C7-47A3-9292-9E907F7D6878}.Debug|x64.ActiveCfg = Debug|x64
		{5F92F980-C5C7-47A3-9292-9E907F7D6878}.Debug|x64.Build.0 = Debug|x64
		{5F92F980-C5C7-47A3-9292-9E907F7D6878}.Debug|x86.ActiveCfg = Debug|Win32
		{5F92F980-C5C7-47A3-9292-9E907F7D6878}.Debug|x86.Build.0 = Debug|Win32
		{5F92F980-C5C7-47A3-9292-9E907F7D6878}.Release|x64.ActiveCfg = Release|x64
		{5F92F980-C5C7-47A3-9292-9E907F7D6878}.Release|x64.Build.0 = Release|x64
		{5F92F980-C5C7-47A3-9292-9E907F7D6878}.Release|x86.ActiveCfg = Release|Win32
		{5F92F980-C5C7-47A3-9292-9E907F7D6878}.Release|x86.Build.0 = Release|Win32
		{14EF12AF-811B-4675-81FA-881D6AE7452D}.Debug|x64.ActiveCfg = Debug|x64
		{14EF12AF-811B-4675-81FA-881D6AE7452D}.Debug|x64.Build.0 = Debug|x64
		{14EF12AF-811B-4675-81FA-881D6AE7452D}.Debug|x86.ActiveCfg = Debug|Win32
		{14EF12AF-811B-4675-81FA-881D6AE7452D}.Debug|x86.Build.0 = Debug|Win32
		{14EF12AF-811B-4675-81FA-881D6AE7452D}.Release|x64.ActiveCfg = Release|x64
		{14EF12AF-811B-4675-81FA-881D6AE7452D}.Release|x64.Build.0 = Release|x64
		{14EF12AF-811B-4675-81FA-881D6AE7452D}.Release|x86.ActiveCfg = Release|Win32
		{14EF12AF-811B-4675-81FA-881D6AE7452D}.Release|x86.Build.0 = Release|Win32
		{03DF1E17-74B0-4F2F-BDAA-FCE0F1C8EFB1}.Debug|x64.ActiveCfg = Debug|x64
		{03DF1E17-74B0-4F2F-BDAA-FCE0F1C8EFB1}.Debug|x64.Build.0 = Debug|x64
		{03DF1E17-74B0-4F2F-BDAA-FCE0F1C8EFB1}.Debug|x86.ActiveCfg = Debug|Win32
		{03DF1E17-74B0-4F2F-BDAA-FCE0F1C8EFB1}.Debug|x86.Build.0 = Debug|Win32
		{03DF1E17-74B0-4F2F-BDAA-FCE0F1C8EFB1}.Release|x64.ActiveCfg = Release|x64
		{03DF1E17-74B0-4F2F-BDAA-FCE0F1C8EFB1}.Release|x64.Build.0 = Release|x64
		{03DF1E17-74B0-4F2F-BDAA-FCE0F1C8EFB1}.Release|x86.ActiveCfg = Release|Win32
		{03DF1E17-74B0-4F2F-BDAA-FCE0F1C8EFB1}.Release|x86.Build.0 = Release|Win32
		{04DC69D8-14DE-402E-A6C0-180851C1BE8D}.Debug|x64.ActiveCfg = Debug|x64
		{04DC69D8-14DE-402E-A6C0-180851C1BE8D}.Debug|x64.Build.0 = Debug|x64
		{04DC69D8-14DE-402E-A6C0-180851C1BE8D}.Debug|x86.ActiveCfg = Debug|Win32
		{04DC69D8-14DE-402E-A6C0-180851C1BE8D}.Debug|x86.Build.0 = Debug|Win32
		{04DC69D8-14DE-402E-A6C0-180851C1BE8D}.Release|x64.ActiveCfg = Release|x64
		{04DC69D8-14DE-402E-A6C0-180851C1BE8D}.Release|x64.Build.0 = Release|x64
		{04DC69D8-14DE-402E-A6C0-180851C1BE8D}.Release|x86.ActiveCfg = Release|Win32
		{04DC69D8-14DE-402E-A6C0-180851C1BE8D}.Release|x86.Build.0 = Release|Win32
		{DDC06B53-BBEF-470B-9AE3-CAB518B2E7FB}.Debug|x64.ActiveCfg = Debug|x64
		{DDC06B53-BBEF-470B-9AE3-CAB518B2E7FB}.Debug|x64.Build.0 = Debug|x64
		{DDC06B53-BBEF-470B-9AE3-CAB518B2E7FB}.Debug|x86.ActiveCfg = Debug|Win32
		{DDC06B53-BBEF-470B-9AE3-CAB518B2E7FB}.Debug|x86.Build.0 = Debug|Win32
		{DDC06B53-BBEF-470B-9AE3-CAB518B2E7FB}.Release|x64.ActiveCfg = Release|x64
		{DDC06B53-BBEF-470B-9AE3-CAB518B2E7FB}.Release|x64.Build.0 = Release|x64
		{DDC06B53-BBEF-470B-9AE3-CAB518B2E7FB}.Release|x86.ActiveCfg = Release|Win32
		{DDC06B53-BBEF-470B-9AE3-CAB518B2E7FB}.Release|x86.Build.0 = Release|Win32
		{7C2A50C2-3753-4015-BA7D-470B174DBC0B}.Debug|x64.ActiveCfg = Debug|x64
		{7C2A50C2-3753-4015-BA7D-470B174DBC0B}.Debug|x64.Build.0 = Debug|x64
		{7C2A50C2-3753-4015-BA7D-470B174DBC0B}.Debug|x86.ActiveCfg = Debug|Win32
		{7C2A50C2-3753-4015-BA7D-470B174DBC0B}.Debug|x86.Build.0 = Debug|Win32
		{7C2A50C2-3753-4015-BA7D-470B174DBC0B}.Release|x64.ActiveCfg = Release|x64
		{7C2A50C2-3753-4015-BA7D-470B174DBC0B}.Release|x64.Build.0 = Release|x64
		{7C2A50C2-3753-4015-BA7D-470B174DBC0B}.Release|x86.ActiveCfg = Release|Win32
		{7C2A50C2-3753-4015-BA7D-470B174DBC0B}.Release|x86.Build.0 = Release|Win32
		{468546C0-98F8-4316-A6B7-A88D3149F33D}.Debug|x64.ActiveCfg = Debug|x64
		{468546C0-98F8-4316-A6B7-A88D3149F33D}.Debug|x64.Build.0 = Debug|x64
		{468546C0-98F8-4316-A6B7-A88D3149F33D}.Debug|x86.ActiveCfg = Debug|Win32
		{468546C0-98F8-4316-A6B7-A88D3149F33D}.Debug|x86.Build.0 = Debug|Win32
		{468546C0-98F8-4316-A6B7-A88D3149F33D}.Release|x64.ActiveCfg = Release|x64
		{468546C0-98F8-4316-A6B7-A88D3149F33D}.Release|x64.Build.0 = Release|x64
		{468546C0-98F8-4316-A6B7-A88D3149F33D}.Release|x86.ActiveCfg = Release|Win32
		{468546C0-98F8-4316-A6B7-A88D3149F33D}.Release|x86.Build.0 = Release|Win32
		{942E351C-DEB5-4495-AA31-C0E20DFCD7EF}.Debug|x64.ActiveCfg = Debug|x64
		{942E351C-DEB5-4495-AA31-C0E20DFCD7EF}.Debug|x64.Build.0 = Debug|x64
		{942E351C-DEB5-4495-AA31-C0E20DFCD7EF}.Debug|x86.ActiveCfg = Debug|Win32
		{942E351C-DEB5-4495-AA31-C0E20DFCD7EF}.Debug|x86.Build.0 = Debug|Win32
		{942E351C-DEB5-4495-AA31-C0E20DFCD7EF}.Release|x64.ActiveCfg = Release|x64
		{942E351C-DEB5-4495-AA31-C0E20DFCD7EF}.Release|x64.Build.0 = Release|x64
		{942E351C-DEB5-4495-AA31-C0E20DFCD7EF}.Release|x86.ActiveCfg = Release|Win32
		{942E351C-DEB5-4495-AA31-C0E20DFCD7EF}.Release|x86.Build.0 = Release|Win32
		{96DB7185-C651-4822-8C98-ED74E8BF748C}.Debug|x64.ActiveCfg = Debug|x64
		{96DB7185-C651-4822-8C98-ED74E8BF748C}.Debug|x64.Build.0 = Debug|x64
		{96DB7185-C651-4822-8C98-ED74E8BF748C}.Debug|x86.ActiveCfg = Debug|Win32
		{96DB7185-C651-4822-8C98-ED74E8BF748C}.Debug|x86.Build.0 = Debug|Win32
		{96DB7185-C651-4822-8C98-ED74E8BF748C}.Release|x64.ActiveCfg = Release|x64
		{96DB7185-C651-4822-8C98-ED74E8BF748C}.Release|x64.Build.0 = Release|x64
		{96DB7185-C651-4822-8C98-ED74E8BF748C}.Release|x86.ActiveCfg = Release|Win32
		{96DB7185-C651-4822-8C98-ED74E8BF748C}.Release|x86.Build.0 = Release|Win32
		{F2525F4E-0F11-4C7C-9CDC-E83FE7D4C5A2}.Debug|x64.ActiveCfg = Debug|x64
		{F2525F4E-0F11-4C7C-9CDC-E83FE7D4C5A2}.Debug|x64.Build.0 = Debug|x64
		{F2525F4E-0F11-4C7C-9CDC-E83FE7D4C5A2}.Debug|x86.ActiveCfg = Debug|Win32
		{F2525F4E-0F11-4C7C-9CDC-E83FE7D4C5A2}.Debug|x86.Build.0 = Debug|Win32
		{F2525F4E-0F11-4C7C-9CDC-E83FE7D4C5A2}.Release|x64.ActiveCfg = Release|x64
		{F2525F4E-0F11-4C7C-9CDC-E83FE7D4C5A2}.Release|x64.Build.0 = Release|x64
		{F2525F4E-0F11-4C7C-9CDC-E83FE7D4C5A2}.Release|x86.ActiveCfg = Release|Win32
		{F2525F4E-0F11-4C7C-9CDC-E83FE7D4C5A2}.Release|x86.Build.0 = Release|Win32
		{72C793D1-1332-45FC-81C6-168275DE9A0F}.Debug|x64.ActiveCfg = Debug|x64
		{72C793D1-1332-45FC-81C6-168275DE9A0F}.Debug|x64.Build.0 = Debug|x64
		{72C793D1-1332-45FC-81C6-168275DE9A0F}.Debug|x86.ActiveCfg = Debug|Win32
		{72C793D1-1332-45FC-81C6-168275DE9A0F}.Debug|x86.Build.0 = Debug|Win32
		{72C793D1-1332-45FC-81C6-168275DE9A0F}.Release|x64.ActiveCfg = Release|x64
		{72C793D1-1332-45FC-81C6-168275DE9A0F}.Release|x64.Build.0 = Release|x64
		{72C793D1-1332-45FC-81C6-168275DE9A0F}.Release|x86.ActiveCfg = Release|Win32
		{72C793D1-1332-45FC-81C6-168275DE9A0F}.Release|x86.Build.0 = Release|Win32
		{FE70C132-2104-4AE1-8AEF-407B74D14A03}.Debug|x64.ActiveCfg = Debug|x64
		{FE70C132-2104-4AE1-8AEF-407B74D14A03}.Debug|x64.Build.0 = Debug|x64
		{FE70C132-2104-4AE1-8AEF-407B74D14A03}.Debug|x86.ActiveCfg = Debug|Win32
		{FE70C132-2104-4AE1-8AEF-407B74D14A03}.Debug|x86.Build.0 = Debug|Win32
		{FE70C132-2104-4AE1-8AEF-407B74D14A03}.Release|x64.ActiveCfg = Release|x64
		{FE70C132-2104-4AE1-8AEF-407B74D14A03}.Release|x64.Build.0 = Release|x64
		{FE70C132-2104-4AE1-8AEF-407B74D14A03}.Release|x86.ActiveCfg = Release|Win32
		{FE70C132-2104-4AE1-8AEF-407B74D14A03}.Release|x86.Build.0 = Release|Win32
		{1BF143D7-5933-4BCA-881A-0AC766927E85}.Debug|x64.ActiveCfg = Debug|x64
		{1BF143D7-5933-4BCA-881A-0AC766927E85}.Debug|x64.Build.0 = Debug|x64
		{1BF143D7-5933-4BCA-881A-0AC766927E85}.Debug|x86.ActiveCfg = Debug|Win32
		{1BF143D7-5933-4BCA-881A-0AC766927E85}.Debug|x86.Build.0 = Debug|Win32
		{1BF143D7-5933-4BCA-881A-0AC766927E85}.Release|x64.ActiveCfg = Release|x64
		{1BF143D7-5933-4BCA-881A-0AC766927E85}.Release|x64.Build.0 = Release|x64
		{1BF143D7-5933-4BCA-881A-0AC766927E85}.Release|x86.ActiveCfg = Release|Win32
		{1BF143D7-5933-4BCA-881A-0AC766927E85}.Release|x86.Build.0 = Release|Win32
		{3487E765-3BA1-4A20-8174-E552492BB428}.Debug|x64.ActiveCfg = Debug|x64
		{3487E765-3BA1-4A20-8174-E552492BB428}.Debug|x64.Build.0 = Debug|x64
		{3487E765-3BA1-4A20-8174-E552492BB428}.Debug|x86.ActiveCfg = Debug|Win32
		{3487E765-3BA1-4A20-8174-E552492BB428}.Debug|x86.Build.0 = Debug|Win32
		{3487E765-3BA1-4A20-8174-E552492BB428}.Release|x64.ActiveCfg = Release|x64
		{3487E765-3BA1-4A20-8174-E552492BB428}.Release|x64.Build.0 = Release|x64
		{3487E765-3BA1-4A20-8174-E552492BB428}.Release|x86.ActiveCfg = Release|Win32
		{3487E765-3BA1-4A20-8174-E552492BB428}.Release|x86.Build.0 = Release|Win32
		{43A9FE69-2CEA-42C4-86E3-6F0C8CC9D210}.Debug|x64.ActiveCfg = Debug|x64
		{43A9FE69-2CEA-42C4-86E3-6F0C8CC9D210}.Debug|x64.Build.0 = Debug|x64
		{43A9FE69-2CEA-42C4-86E3-6F0C8CC9D210}.Debug|x86.ActiveCfg = Debug|Win32
		{43A9FE69-2CEA-42C4-86E3-6F0C8CC9D210}.Debug|x86.Build.0 = Debug|Win32
		{43A9FE69-2CEA-42C4-86E3-6F0C8CC9D210}.Release|x64.ActiveCfg = Release|x64
		{43A9FE69-2CEA-42C4-86E3-6F0C8CC9D210}.Release|x64.Build.0 = Release|x64
		{43A9FE69-2CEA-42C4-86E3-6F0C8CC9D210}.Release|x86.ActiveCfg = Release|Win32
		{43A9FE69-2CEA-42C4-86E3-6F0C8CC9D210}.Release|x86.Build.0 = Release|Win32
		{C0B4CE71-2A41-43B5-8B03-9F53DAC15EAA}.Debug|x64.ActiveCfg = Debug|x64
		{C0B4CE71-2A41-43B5-8B03-9F53DAC15EAA}.Debug|x64.Build.0 = Debug|x64
		{C0B4CE71-2A41-43B5-8B03-9F53DAC15EAA}.Debug|x86.ActiveCfg = Debug|Win32
		{C0B4CE71-2A41-43B5-8B03-9F53DAC15EAA}.Debug|x86.Build.0 = Debug|Win32
		{C0B4CE71-2A41-43B5-8B03-9F53DAC15EAA}.Release|x64.ActiveCfg = Release|x64
		{C0B4CE71-2A41-43B5-8B03-9F53DAC15EAA}.Release|x64.Build.0 = Release|x64
		{C0B4CE71-2A41-43B5-8B03-9F53DAC15EAA}.Release|x86.ActiveCfg = Release|Win32
		{C0B4CE71-2A41-43B5-8B03-9F53DAC15EAA}.Release|x86.Build.0 = Release|Win32
		{2F402FA9-EE8D-49E2-BEFB-0D9D0A162644}.Debug|x64.ActiveCfg = Debug|x64
		{2F402FA9-EE8D-49E2-BEFB-0D9D0A162644}.Debug|x64.Build.0 = Debug|x64
		{2F402FA9-EE8D-49E2-BEFB-0D9D0A162644}.Debug|x86.ActiveCfg = Debug|Win32
		{2F402FA9-EE8D-49E2-BEFB-0D9D0A162644}.Debug|x86.Build.0 = Debug|Win32
		{2F402FA9-EE8D-49E2-BEFB-0D9D0A162644}.Release|x64.ActiveCfg = Release|x64
		{2F402FA9-EE8D-49E2-BEFB-0D9D0A162644}.Release|x64.Build.0 = Release|x64
		{2F402FA9-EE8D-49E2-BEFB-0D9D0A162644}.Release|x86.ActiveCfg = Release|Win32
		{2F402FA9-EE8D-49E2-BEFB-0D9D0A162644}.Release|x86.Build.0 = Release|Win32
		{D2E59E7C-6273-43E2-8E2D-32A390C7291D}.Debug|x64.ActiveCfg = Debug|x64
		{D2E59E7C-6273-43E2-8E2D-32A390C7291D}.Debug|x64.Build.0 = Debug|x64
		{D2E59E7C-6273-43E2-8E2D-32A390C7291D}.Debug|x86.ActiveCfg = Debug|Win32
		{D2E59E7C-6273-43E2-8E2D-32A390C7291D}.Debug|x86.Build.0 = Debug|Win32
		{D2E59E7C-6273-43E2-8E2D-32A390C7291D}.Release|x64.ActiveCfg = Release|x64
		{D2E59E7C-6273-43E2-8E2D-32A390C7291D}.Release|x64.Build.0 = Release|x64
		{D2E59E7C-6273-43E2-8E2D-32A390C7291D}.Release|x86.ActiveCfg = Release|Win32
		{D2E59E7C-6273-43E2-8E2D-32A390C7291D}.Release|x86.Build.0 = Release|Win32
		{7F0702CA-A158-4E4B-B86B-8354FC2D2AB9}.Debug|x64.ActiveCfg = Debug|x64
		{7F0702CA-A158-4E4B-B86B-8354FC2D2AB9}.Debug|x64.Build.0 = Debug|x64
		{7F0702CA-A158-4E4B-B86B-8354FC2D2AB9}.Debug|x86.ActiveCfg = Debug|Win32
		{7F0702CA-A158-4E4B-B86B-8354FC2D2AB9}.Debug|x86.Build.0 = Debug|Win32
		{7F0702CA-A158-4E4B-B86B-8354FC2D2AB9}.Release|x64.ActiveCfg = Release|x64
		{7F0702CA-A158-4E4B-B86B-8354FC2D2AB9}.Release|x64.Build.0 = Release|x64
		{7F0702CA-A158-4E4B-B86B-8354FC2D2AB9}.Release|x86.ActiveCfg = Release|Win32
		{7F0702CA-A158-4E4B-B86B-8354FC2D2AB9}.Release|x86.Build.0 = Release|Win32
		{84AF28F8-15C9-4BD3-82ED-5EB964AE6758}.Debug|x64.ActiveCfg = Debug|x64
		{84AF28F8-15C9-4BD3-82ED-5EB964AE6758}.Debug|x64.Build.0 = Debug|x64
		{84AF28F8-15C9-4BD3-82ED-5EB964AE6758}.Debug|x86.ActiveCfg = Debug|Win32
		{84AF28F8-15C9-4BD3-82ED-5EB964AE6758}.Debug|x86.Build.0 = Debug|Win32
		{84AF28F8-15C9-4BD3-82ED-5EB964AE6758}.Release|x64.ActiveCfg = Release|x64
		{84AF28F8-15C9-4BD3-82ED-5EB964AE6758}.Release|x64.Build.0 = Release|x64
		{84AF28F8-15C9-4BD3-82ED-5EB964AE6758}.Release|x86.ActiveCfg = Release|Win32
		{84AF28F8-15C9-4BD3-82ED-5EB964AE6758}.Release|x86.Build.0 = Release|Win32
		{9A126D24-3871-406C-AA27-CF24A0B329D4}.Debug|x64.ActiveCfg = Debug|x64
		{9A126D24-3871-406C-AA27-CF24A0B329D4}.Debug|x64.Build.0 = Debug|x64
		{9A126D24-3871-406C-AA27-CF24A0B329D4}.Debug|x86.ActiveCfg = Debug|Win32
		{9A126D24-3871-406C-AA27-CF24A0B329D4}.Debug|x86.Build.0 = Debug|Win32
		{9A126D24-3871-406C-AA27-CF24A0B329D4}.Release|x64.ActiveCfg = Release|x64
		{9A126D24-3871-406C-AA27-CF24A0B329D4}.Release|x64.Build.0 = Release|x64
		{9A126D24-3871-406C-AA27-CF24A0B329D4}.Release|x86.ActiveCfg = Release|Win32
		{9A126D24-3871-406C-AA27-CF24A0B329D4}.Release|x86.Build.0 = Release|Win32
	EndGlobalSection
	GlobalSection(SolutionProperties) = preSolution
		HideSolutionNode = FALSE
	EndGlobalSection
	GlobalSection(NestedProjects) = preSolution
		{6A5B3F82-AA5C-4ECE-8505-85EEEACC5B51} = {A77E0C14-10DB-4E7E-B192-63D6FEB95D5A}
		{1AA29C02-18A8-4DC9-BEFA-6D6AC2E11CF5} = {A77E0C14-10DB-4E7E-B192-63D6FEB95D5A}
		{928633C7-7299-44BF-9838-9C0DE5B5E7FA} = {A77E0C14-10DB-4E7E-B192-63D6FEB95D5A}
		{5C80224D-A962-45E6-92CA-23E429CE3126} = {A77E0C14-10DB-4E7E-B192-63D6FEB95D5A}
		{B9498B81-0C36-4E7E-BA2F-331C27E2EB72} = {9B08A362-F91A-45FA-AB50-C7A896B6EA59}
		{909C2614-4B71-4671-BEB1-8DD23EABEFDA} = {9B08A362-F91A-45FA-AB50-C7A896B6EA59}
		{A4339F0D-4A4F-400B-832E-D509341CEFDA} = {9B08A362-F91A-45FA-AB50-C7A896B6EA59}
		{2293AAC0-548E-4355-BE5F-55FBA4C1258F} = {9B08A362-F91A-45FA-AB50-C7A896B6EA59}
		{785589BE-677F-4E55-A689-370C4E955343} = {9B08A362-F91A-45FA-AB50-C7A896B6EA59}
		{9B08A362-F91A-45FA-AB50-C7A896B6EA59} = {01BD9209-B7B4-4EFB-B6B7-D94392CCE58F}
		{A77E0C14-10DB-4E7E-B192-63D6FEB95D5A} = {01BD9209-B7B4-4EFB-B6B7-D94392CCE58F}
		{177878D3-F9A0-4D53-8DE2-4E91B9C8E9DE} = {01BD9209-B7B4-4EFB-B6B7-D94392CCE58F}
		{E2D7758E-D31A-4F38-A14C-4C062449BA4C} = {177878D3-F9A0-4D53-8DE2-4E91B9C8E9DE}
		{485637CC-26CA-482E-9E4B-E4E3E6B494DD} = {177878D3-F9A0-4D53-8DE2-4E91B9C8E9DE}
		{5B3DAB25-C3E4-493C-8687-4162AB8D1487} = {177878D3-F9A0-4D53-8DE2-4E91B9C8E9DE}
		{63D43C43-6DBD-41E8-B5A5-E9B3341A0181} = {177878D3-F9A0-4D53-8DE2-4E91B9C8E9DE}
		{96F531DD-B48E-443F-9A69-1491FF91B96B} = {177878D3-F9A0-4D53-8DE2-4E91B9C8E9DE}
		{557EEDAF-C95D-47BB-8757-7AFFB0DA356B} = {01BD9209-B7B4-4EFB-B6B7-D94392CCE58F}
		{5AFC8568-A8C0-4F85-A672-EE4DFED55332} = {557EEDAF-C95D-47BB-8757-7AFFB0DA356B}
		{95182D55-B447-4495-A24E-D63876F704CE} = {557EEDAF-C95D-47BB-8757-7AFFB0DA356B}
		{F3A8D254-53CB-49A1-A31B-42754BF3B267} = {557EEDAF-C95D-47BB-8757-7AFFB0DA356B}
		{8A7860FC-FB91-4CBD-B267-EF74E2A911B5} = {557EEDAF-C95D-47BB-8757-7AFFB0DA356B}
		{5B5F94E6-74E4-408E-A299-BF5B733313D4} = {557EEDAF-C95D-47BB-8757-7AFFB0DA356B}
		{651705BC-B90E-4819-8A88-FD995C79E07B} = {01BD9209-B7B4-4EFB-B6B7-D94392CCE58F}
		{CA094370-F48E-424D-A114-0E4B492D3672} = {651705BC-B90E-4819-8A88-FD995C79E07B}
		{155175EC-21B1-4727-925B-9A0ECB888E98} = {651705BC-B90E-4819-8A88-FD995C79E07B}
		{E8530554-3DEC-4AC0-9F13-E230BC320EDA} = {70783648-9166-499D-8BCB-96AAAE01E848}
		{29553D68-960F-4221-9C81-CE39EC334300} = {70783648-9166-499D-8BCB-96AAAE01E848}
		{072C1F49-E2AB-47DB-9959-A82CAD009274} = {70783648-9166-499D-8BCB-96AAAE01E848}
		{13EF98C8-4442-4B6E-99F0-7F5F7EFE24D6} = {70783648-9166-499D-8BCB-96AAAE01E848}
		{5F8675B7-06EC-4D5B-B670-F3FCB4105708} = {70783648-9166-499D-8BCB-96AAAE01E848}
		{8B7DB142-7A3E-4F14-907F-FE9B2E2ECB78} = {70783648-9166-499D-8BCB-96AAAE01E848}
		{37D18890-656D-46FB-96D5-3036B4661343} = {E8530554-3DEC-4AC0-9F13-E230BC320EDA}
		{8BF5DB77-51B9-4DDA-BF91-2E7921B080B8} = {E8530554-3DEC-4AC0-9F13-E230BC320EDA}
		{122FDA35-E18A-4E90-8390-85D4FA7B6394} = {E8530554-3DEC-4AC0-9F13-E230BC320EDA}
		{0BF1D355-0E38-46AF-8630-95446A243857} = {651705BC-B90E-4819-8A88-FD995C79E07B}
		{D149ADDA-E762-46B9-BE43-E6C2CF4C5FEE} = {E8530554-3DEC-4AC0-9F13-E230BC320EDA}
		{58B0A747-62B8-49DA-B162-541B94643079} = {651705BC-B90E-4819-8A88-FD995C79E07B}
		{1D11DE3E-FE3A-4DB1-AC76-32C2E130221D} = {E8530554-3DEC-4AC0-9F13-E230BC320EDA}
		{DDA09E0F-6344-46FB-A7B1-1DD3951D3EFB} = {E8530554-3DEC-4AC0-9F13-E230BC320EDA}
		{6127AD24-1EA7-405F-B33A-A33A6D5A3189} = {651705BC-B90E-4819-8A88-FD995C79E07B}
		{E10B228E-6052-468B-9543-5F4E75EF5E04} = {E8530554-3DEC-4AC0-9F13-E230BC320EDA}
		{45991095-EA97-40A6-8BAE-587F0B207BA8} = {E8530554-3DEC-4AC0-9F13-E230BC320EDA}
		{E041EAA7-8472-4787-A452-8770C5E0773F} = {01BD9209-B7B4-4EFB-B6B7-D94392CCE58F}
		{7887552C-3EB1-4FB2-81BC-71595C47F5EB} = {E041EAA7-8472-4787-A452-8770C5E0773F}
		{41C0E453-8FA7-47F0-B15D-AA60826FA408} = {E8530554-3DEC-4AC0-9F13-E230BC320EDA}
		{1E2ED949-B189-488B-8FC3-A0537EABD464} = {29553D68-960F-4221-9C81-CE39EC334300}
		{9D6C084B-2341-4798-8E5C-A9F946B7B088} = {E041EAA7-8472-4787-A452-8770C5E0773F}
		{4ACDE190-FB20-4CDE-99C7-61FF4E84DAD7} = {E8530554-3DEC-4AC0-9F13-E230BC320EDA}
		{3ECB26F4-75E7-427D-BE39-E8F607EA13E9} = {29553D68-960F-4221-9C81-CE39EC334300}
		{0E0E456A-1C25-4635-A2A9-F4C0B0303BF4} = {E041EAA7-8472-4787-A452-8770C5E0773F}
		{245FB179-4392-4C47-BD3C-C505B0DFEB2E} = {E8530554-3DEC-4AC0-9F13-E230BC320EDA}
		{978580EB-A6D1-48FD-B824-8404DB6BB95F} = {29553D68-960F-4221-9C81-CE39EC334300}
		{F9C13464-2E94-4313-B86D-C571B312B1E6} = {E8530554-3DEC-4AC0-9F13-E230BC320EDA}
		{E0C11DE6-8C2B-4AD3-B566-888E2E0C9F4E} = {E041EAA7-8472-4787-A452-8770C5E0773F}
		{A9E50C48-5291-418F-8D91-AF49C58C0036} = {E8530554-3DEC-4AC0-9F13-E230BC320EDA}
		{97B71399-5E1C-4DEA-9289-078A929E15C4} = {29553D68-960F-4221-9C81-CE39EC334300}
		{F0782D76-4494-44DE-88AC-2B587A7990DA} = {29553D68-960F-4221-9C81-CE39EC334300}
		{AA0B6708-81B5-418F-ADD2-EBBF014A09EF} = {E041EAA7-8472-4787-A452-8770C5E0773F}
		{134C086E-67C2-455C-974B-5A496D08E0CA} = {E8530554-3DEC-4AC0-9F13-E230BC320EDA}
		{4EC0227E-0D22-4DE5-B02A-9241A256E94D} = {29553D68-960F-4221-9C81-CE39EC334300}
		{6F837018-5149-469C-83AA-26B095887D9E} = {01BD9209-B7B4-4EFB-B6B7-D94392CCE58F}
		{CE29992C-F547-4A86-A349-2ACD3FB8F71C} = {6F837018-5149-469C-83AA-26B095887D9E}
		{F0874756-6437-4B1A-B18E-9B410BC14FA0} = {E8530554-3DEC-4AC0-9F13-E230BC320EDA}
		{D1CCDCE2-D113-4819-AC45-1D5B4E0E46D0} = {29553D68-960F-4221-9C81-CE39EC334300}
		{7D2E02AC-B7C9-4FCB-985F-12F592B41D33} = {29553D68-960F-4221-9C81-CE39EC334300}
		{CD38A565-815F-49FC-ACBB-3BC360D7E02C} = {6F837018-5149-469C-83AA-26B095887D9E}
		{4D0CF9D2-51FA-4B77-998A-3C11FA7E598F} = {E8530554-3DEC-4AC0-9F13-E230BC320EDA}
		{7CA80F2E-09E2-49DF-B3A0-B39192978459} = {E8530554-3DEC-4AC0-9F13-E230BC320EDA}
		{67B272ED-8ABA-47B3-9AD8-C4611EB6D2B0} = {E8530554-3DEC-4AC0-9F13-E230BC320EDA}
		{FB728BD4-954C-49D0-A08A-CC42B7C3581E} = {29553D68-960F-4221-9C81-CE39EC334300}
		{6C77EADB-92FF-4301-B2B5-F5606B1F9E8F} = {E8530554-3DEC-4AC0-9F13-E230BC320EDA}
		{B90EF07E-5832-4B55-9AE5-14E32E5ACF1E} = {29553D68-960F-4221-9C81-CE39EC334300}
		{8B46F0FB-9BE9-4027-98AE-D6CF143D0C1D} = {E8530554-3DEC-4AC0-9F13-E230BC320EDA}
		{91DBF279-E5A4-4A48-A0F4-9AD14211D2F4} = {E8530554-3DEC-4AC0-9F13-E230BC320EDA}
		{771E953F-2F6B-464A-AEC2-0C63BAEB97F3} = {6F837018-5149-469C-83AA-26B095887D9E}
		{3557C3B9-E7D3-4E89-831D-E39A248B21E8} = {E8530554-3DEC-4AC0-9F13-E230BC320EDA}
		{537C0863-0828-4C09-BADC-2C2F13A488CB} = {29553D68-960F-4221-9C81-CE39EC334300}
		{0A9195F8-182A-4E12-8B02-A1A87D144536} = {29553D68-960F-4221-9C81-CE39EC334300}
		{28C9A6C1-3202-43D7-B63B-DA74BE7BFAA5} = {E8530554-3DEC-4AC0-9F13-E230BC320EDA}
		{DF83981E-948F-493B-9D6D-9BDA14CE0BE1} = {6F837018-5149-469C-83AA-26B095887D9E}
		{B0AC6831-ADD7-4ECF-8A49-9033749B1991} = {29553D68-960F-4221-9C81-CE39EC334300}
		{3622685C-6FD7-4BE9-98AC-8F9FE8F2C2DD} = {D228768F-11B1-45A2-930A-B0B1245D5F2D}
		{2A84CEE1-7DA8-41F6-83D5-8B80BAEE8BE3} = {D228768F-11B1-45A2-930A-B0B1245D5F2D}
		{1D6F768E-E4C5-41B1-939B-03DEB38EE8FF} = {29553D68-960F-4221-9C81-CE39EC334300}
		{9B56B159-0C9B-4B59-ACCD-1F8D70AF153B} = {29553D68-960F-4221-9C81-CE39EC334300}
		{D76DC46D-A294-4DD3-83EA-6AC769CD570D} = {E8530554-3DEC-4AC0-9F13-E230BC320EDA}
		{545A69A3-C067-4479-8DEC-B69898752A99} = {6F837018-5149-469C-83AA-26B095887D9E}
		{75CAA62E-AA2E-4CB3-8BE0-ABB064927FB9} = {29553D68-960F-4221-9C81-CE39EC334300}
		{253D64BA-8FBF-4C8E-84D2-FA1BFCF3BD20} = {E8530554-3DEC-4AC0-9F13-E230BC320EDA}
		{3BB35496-2A07-4F32-B8E1-EF086BBF8EFF} = {E8530554-3DEC-4AC0-9F13-E230BC320EDA}
		{A3E20E51-2AB5-4192-AF18-CE0009FB8086} = {E8530554-3DEC-4AC0-9F13-E230BC320EDA}
		{B5FCBAE5-9F80-4AF0-ADE2-D890B19DD79B} = {E8530554-3DEC-4AC0-9F13-E230BC320EDA}
		{07DDC1E7-6FBC-472E-B431-BC868EAB7914} = {29553D68-960F-4221-9C81-CE39EC334300}
		{FC3B679A-17AA-4281-B609-A722A428A0B5} = {29553D68-960F-4221-9C81-CE39EC334300}
		{5F92F980-C5C7-47A3-9292-9E907F7D6878} = {E8530554-3DEC-4AC0-9F13-E230BC320EDA}
		{14EF12AF-811B-4675-81FA-881D6AE7452D} = {29553D68-960F-4221-9C81-CE39EC334300}
		{03DF1E17-74B0-4F2F-BDAA-FCE0F1C8EFB1} = {D228768F-11B1-45A2-930A-B0B1245D5F2D}
		{04DC69D8-14DE-402E-A6C0-180851C1BE8D} = {E8530554-3DEC-4AC0-9F13-E230BC320EDA}
		{DDC06B53-BBEF-470B-9AE3-CAB518B2E7FB} = {29553D68-960F-4221-9C81-CE39EC334300}
		{7C2A50C2-3753-4015-BA7D-470B174DBC0B} = {072C1F49-E2AB-47DB-9959-A82CAD009274}
		{468546C0-98F8-4316-A6B7-A88D3149F33D} = {E8530554-3DEC-4AC0-9F13-E230BC320EDA}
		{942E351C-DEB5-4495-AA31-C0E20DFCD7EF} = {E8530554-3DEC-4AC0-9F13-E230BC320EDA}
		{96DB7185-C651-4822-8C98-ED74E8BF748C} = {E8530554-3DEC-4AC0-9F13-E230BC320EDA}
		{F2525F4E-0F11-4C7C-9CDC-E83FE7D4C5A2} = {E8530554-3DEC-4AC0-9F13-E230BC320EDA}
		{72C793D1-1332-45FC-81C6-168275DE9A0F} = {E8530554-3DEC-4AC0-9F13-E230BC320EDA}
		{FE70C132-2104-4AE1-8AEF-407B74D14A03} = {E8530554-3DEC-4AC0-9F13-E230BC320EDA}
		{1BF143D7-5933-4BCA-881A-0AC766927E85} = {29553D68-960F-4221-9C81-CE39EC334300}
		{3487E765-3BA1-4A20-8174-E552492BB428} = {072C1F49-E2AB-47DB-9959-A82CAD009274}
		{43A9FE69-2CEA-42C4-86E3-6F0C8CC9D210} = {E8530554-3DEC-4AC0-9F13-E230BC320EDA}
		{C0B4CE71-2A41-43B5-8B03-9F53DAC15EAA} = {29553D68-960F-4221-9C81-CE39EC334300}
		{2F402FA9-EE8D-49E2-BEFB-0D9D0A162644} = {29553D68-960F-4221-9C81-CE39EC334300}
		{D2E59E7C-6273-43E2-8E2D-32A390C7291D} = {E8530554-3DEC-4AC0-9F13-E230BC320EDA}
		{7F0702CA-A158-4E4B-B86B-8354FC2D2AB9} = {D228768F-11B1-45A2-930A-B0B1245D5F2D}
		{84AF28F8-15C9-4BD3-82ED-5EB964AE6758} = {29553D68-960F-4221-9C81-CE39EC334300}
		{9A126D24-3871-406C-AA27-CF24A0B329D4} = {29553D68-960F-4221-9C81-CE39EC334300}
	EndGlobalSection
	GlobalSection(ExtensibilityGlobals) = postSolution
		SolutionGuid = {9D17E0D5-AC87-49C0-A04A-1417AAB7B46E}
	EndGlobalSection
EndGlobal
