
Microsoft Visual Studio Solution File, Format Version 12.00
# Visual Studio Version 17
VisualStudioVersion = 17.9.34622.214
MinimumVisualStudioVersion = 10.0.40219.1
Project("{8BC9CEB8-8B4A-11D0-8D11-00A0C91BC942}") = "Note", "Note\Note.vcxproj", "{A6025CA9-81F3-4E55-A683-63F8970BD0A2}"
EndProject
Project("{8BC9CEB8-8B4A-11D0-8D11-00A0C91BC942}") = "sockMerchant", "sockMerchant\sockMerchant.vcxproj", "{6A5B3F82-AA5C-4ECE-8505-85EEEACC5B51}"
EndProject
Project("{8BC9CEB8-8B4A-11D0-8D11-00A0C91BC942}") = "countingValleys", "countingValleys\countingValleys.vcxproj", "{1AA29C02-18A8-4DC9-BEFA-6D6AC2E11CF5}"
EndProject
Project("{8BC9CEB8-8B4A-11D0-8D11-00A0C91BC942}") = "JumpingOnTheClouds", "JumpingOnTheClouds\JumpingOnTheClouds.vcxproj", "{928633C7-7299-44BF-9838-9C0DE5B5E7FA}"
EndProject
Project("{8BC9CEB8-8B4A-11D0-8D11-00A0C91BC942}") = "RepeatedString", "RepeatedString\RepeatedString.vcxproj", "{5C80224D-A962-45E6-92CA-23E429CE3126}"
EndProject
Project("{8BC9CEB8-8B4A-11D0-8D11-00A0C91BC942}") = "2DArrayDS", "2DArrayDS\2DArrayDS.vcxproj", "{B9498B81-0C36-4E7E-BA2F-331C27E2EB72}"
EndProject
Project("{8BC9CEB8-8B4A-11D0-8D11-00A0C91BC942}") = "ArraysLeftRotation", "ArraysLeftRotation\ArraysLeftRotation.vcxproj", "{909C2614-4B71-4671-BEB1-8DD23EABEFDA}"
EndProject
Project("{8BC9CEB8-8B4A-11D0-8D11-00A0C91BC942}") = "NewYearChaos", "NewYearChaos\NewYearChaos.vcxproj", "{A4339F0D-4A4F-400B-832E-D509341CEFDA}"
EndProject
Project("{8BC9CEB8-8B4A-11D0-8D11-00A0C91BC942}") = "MinimumSwaps2", "MinimumSwaps2\MinimumSwaps2.vcxproj", "{2293AAC0-548E-4355-BE5F-55FBA4C1258F}"
EndProject
Project("{8BC9CEB8-8B4A-11D0-8D11-00A0C91BC942}") = "ArrayManipulation", "ArrayManipulation\ArrayManipulation.vcxproj", "{785589BE-677F-4E55-A689-370C4E955343}"
EndProject
Project("{2150E333-8FDC-42A3-9474-1A3956D46DE8}") = "Array", "Array", "{9B08A362-F91A-45FA-AB50-C7A896B6EA59}"
EndProject
Project("{2150E333-8FDC-42A3-9474-1A3956D46DE8}") = "WarmingUp", "WarmingUp", "{A77E0C14-10DB-4E7E-B192-63D6FEB95D5A}"
EndProject
Project("{2150E333-8FDC-42A3-9474-1A3956D46DE8}") = "Sort", "Sort", "{177878D3-F9A0-4D53-8DE2-4E91B9C8E9DE}"
EndProject
Project("{8BC9CEB8-8B4A-11D0-8D11-00A0C91BC942}") = "MarkandToys", "MarkandToys\MarkandToys.vcxproj", "{E2D7758E-D31A-4F38-A14C-4C062449BA4C}"
EndProject
Project("{8BC9CEB8-8B4A-11D0-8D11-00A0C91BC942}") = "Sorting_Comparator", "Sorting_Comparator\Sorting_Comparator.vcxproj", "{485637CC-26CA-482E-9E4B-E4E3E6B494DD}"
EndProject
Project("{2150E333-8FDC-42A3-9474-1A3956D46DE8}") = "HackerRank", "HackerRank", "{01BD9209-B7B4-4EFB-B6B7-D94392CCE58F}"
EndProject
Project("{8BC9CEB8-8B4A-11D0-8D11-00A0C91BC942}") = "FraudulentActivityNotifications", "FraudulentActivityNotifications\FraudulentActivityNotifications.vcxproj", "{5B3DAB25-C3E4-493C-8687-4162AB8D1487}"
EndProject
Project("{8BC9CEB8-8B4A-11D0-8D11-00A0C91BC942}") = "Sorting_BubbleSort", "Sorting_BubbleSort\Sorting_BubbleSort.vcxproj", "{63D43C43-6DBD-41E8-B5A5-E9B3341A0181}"
EndProject
Project("{8BC9CEB8-8B4A-11D0-8D11-00A0C91BC942}") = "MergeSort_CountingInversions", "MergeSort_CountingInversions\MergeSort_CountingInversions.vcxproj", "{96F531DD-B48E-443F-9A69-1491FF91B96B}"
EndProject
Project("{2150E333-8FDC-42A3-9474-1A3956D46DE8}") = "HashMap", "HashMap", "{557EEDAF-C95D-47BB-8757-7AFFB0DA356B}"
EndProject
Project("{8BC9CEB8-8B4A-11D0-8D11-00A0C91BC942}") = "HashTable_RansomNote", "HashTable_RansomNote\HashTable_RansomNote.vcxproj", "{5AFC8568-A8C0-4F85-A672-EE4DFED55332}"
EndProject
Project("{8BC9CEB8-8B4A-11D0-8D11-00A0C91BC942}") = "TwoStrings", "TwoStrings\TwoStrings.vcxproj", "{95182D55-B447-4495-A24E-D63876F704CE}"
EndProject
Project("{8BC9CEB8-8B4A-11D0-8D11-00A0C91BC942}") = "SherlockandAnagrams", "SherlockandAnagrams\SherlockandAnagrams.vcxproj", "{F3A8D254-53CB-49A1-A31B-42754BF3B267}"
EndProject
Project("{8BC9CEB8-8B4A-11D0-8D11-00A0C91BC942}") = "CountTriplets", "CountTriplets\CountTriplets.vcxproj", "{8A7860FC-FB91-4CBD-B267-EF74E2A911B5}"
EndProject
Project("{8BC9CEB8-8B4A-11D0-8D11-00A0C91BC942}") = "FrequencyQueries", "FrequencyQueries\FrequencyQueries.vcxproj", "{5B5F94E6-74E4-408E-A299-BF5B733313D4}"
EndProject
Project("{2150E333-8FDC-42A3-9474-1A3956D46DE8}") = "String", "String", "{651705BC-B90E-4819-8A88-FD995C79E07B}"
EndProject
Project("{8BC9CEB8-8B4A-11D0-8D11-00A0C91BC942}") = "Strings_MakingAnagrams", "Strings_MakingAnagrams\Strings_MakingAnagrams.vcxproj", "{CA094370-F48E-424D-A114-0E4B492D3672}"
EndProject
Project("{8BC9CEB8-8B4A-11D0-8D11-00A0C91BC942}") = "AlternatingCharacters", "AlternatingCharacters\AlternatingCharacters.vcxproj", "{155175EC-21B1-4727-925B-9A0ECB888E98}"
EndProject
Global
	GlobalSection(SolutionConfigurationPlatforms) = preSolution
		Debug|x64 = Debug|x64
		Debug|x86 = Debug|x86
		Release|x64 = Release|x64
		Release|x86 = Release|x86
	EndGlobalSection
	GlobalSection(ProjectConfigurationPlatforms) = postSolution
		{A6025CA9-81F3-4E55-A683-63F8970BD0A2}.Debug|x64.ActiveCfg = Debug|x64
		{A6025CA9-81F3-4E55-A683-63F8970BD0A2}.Debug|x64.Build.0 = Debug|x64
		{A6025CA9-81F3-4E55-A683-63F8970BD0A2}.Debug|x86.ActiveCfg = Debug|Win32
		{A6025CA9-81F3-4E55-A683-63F8970BD0A2}.Debug|x86.Build.0 = Debug|Win32
		{A6025CA9-81F3-4E55-A683-63F8970BD0A2}.Release|x64.ActiveCfg = Release|x64
		{A6025CA9-81F3-4E55-A683-63F8970BD0A2}.Release|x64.Build.0 = Release|x64
		{A6025CA9-81F3-4E55-A683-63F8970BD0A2}.Release|x86.ActiveCfg = Release|Win32
		{A6025CA9-81F3-4E55-A683-63F8970BD0A2}.Release|x86.Build.0 = Release|Win32
		{6A5B3F82-AA5C-4ECE-8505-85EEEACC5B51}.Debug|x64.ActiveCfg = Debug|x64
		{6A5B3F82-AA5C-4ECE-8505-85EEEACC5B51}.Debug|x64.Build.0 = Debug|x64
		{6A5B3F82-AA5C-4ECE-8505-85EEEACC5B51}.Debug|x86.ActiveCfg = Debug|Win32
		{6A5B3F82-AA5C-4ECE-8505-85EEEACC5B51}.Debug|x86.Build.0 = Debug|Win32
		{6A5B3F82-AA5C-4ECE-8505-85EEEACC5B51}.Release|x64.ActiveCfg = Release|x64
		{6A5B3F82-AA5C-4ECE-8505-85EEEACC5B51}.Release|x64.Build.0 = Release|x64
		{6A5B3F82-AA5C-4ECE-8505-85EEEACC5B51}.Release|x86.ActiveCfg = Release|Win32
		{6A5B3F82-AA5C-4ECE-8505-85EEEACC5B51}.Release|x86.Build.0 = Release|Win32
		{1AA29C02-18A8-4DC9-BEFA-6D6AC2E11CF5}.Debug|x64.ActiveCfg = Debug|x64
		{1AA29C02-18A8-4DC9-BEFA-6D6AC2E11CF5}.Debug|x64.Build.0 = Debug|x64
		{1AA29C02-18A8-4DC9-BEFA-6D6AC2E11CF5}.Debug|x86.ActiveCfg = Debug|Win32
		{1AA29C02-18A8-4DC9-BEFA-6D6AC2E11CF5}.Debug|x86.Build.0 = Debug|Win32
		{1AA29C02-18A8-4DC9-BEFA-6D6AC2E11CF5}.Release|x64.ActiveCfg = Release|x64
		{1AA29C02-18A8-4DC9-BEFA-6D6AC2E11CF5}.Release|x64.Build.0 = Release|x64
		{1AA29C02-18A8-4DC9-BEFA-6D6AC2E11CF5}.Release|x86.ActiveCfg = Release|Win32
		{1AA29C02-18A8-4DC9-BEFA-6D6AC2E11CF5}.Release|x86.Build.0 = Release|Win32
		{928633C7-7299-44BF-9838-9C0DE5B5E7FA}.Debug|x64.ActiveCfg = Debug|x64
		{928633C7-7299-44BF-9838-9C0DE5B5E7FA}.Debug|x64.Build.0 = Debug|x64
		{928633C7-7299-44BF-9838-9C0DE5B5E7FA}.Debug|x86.ActiveCfg = Debug|Win32
		{928633C7-7299-44BF-9838-9C0DE5B5E7FA}.Debug|x86.Build.0 = Debug|Win32
		{928633C7-7299-44BF-9838-9C0DE5B5E7FA}.Release|x64.ActiveCfg = Release|x64
		{928633C7-7299-44BF-9838-9C0DE5B5E7FA}.Release|x64.Build.0 = Release|x64
		{928633C7-7299-44BF-9838-9C0DE5B5E7FA}.Release|x86.ActiveCfg = Release|Win32
		{928633C7-7299-44BF-9838-9C0DE5B5E7FA}.Release|x86.Build.0 = Release|Win32
		{5C80224D-A962-45E6-92CA-23E429CE3126}.Debug|x64.ActiveCfg = Debug|x64
		{5C80224D-A962-45E6-92CA-23E429CE3126}.Debug|x64.Build.0 = Debug|x64
		{5C80224D-A962-45E6-92CA-23E429CE3126}.Debug|x86.ActiveCfg = Debug|Win32
		{5C80224D-A962-45E6-92CA-23E429CE3126}.Debug|x86.Build.0 = Debug|Win32
		{5C80224D-A962-45E6-92CA-23E429CE3126}.Release|x64.ActiveCfg = Release|x64
		{5C80224D-A962-45E6-92CA-23E429CE3126}.Release|x64.Build.0 = Release|x64
		{5C80224D-A962-45E6-92CA-23E429CE3126}.Release|x86.ActiveCfg = Release|Win32
		{5C80224D-A962-45E6-92CA-23E429CE3126}.Release|x86.Build.0 = Release|Win32
		{B9498B81-0C36-4E7E-BA2F-331C27E2EB72}.Debug|x64.ActiveCfg = Debug|x64
		{B9498B81-0C36-4E7E-BA2F-331C27E2EB72}.Debug|x64.Build.0 = Debug|x64
		{B9498B81-0C36-4E7E-BA2F-331C27E2EB72}.Debug|x86.ActiveCfg = Debug|Win32
		{B9498B81-0C36-4E7E-BA2F-331C27E2EB72}.Debug|x86.Build.0 = Debug|Win32
		{B9498B81-0C36-4E7E-BA2F-331C27E2EB72}.Release|x64.ActiveCfg = Release|x64
		{B9498B81-0C36-4E7E-BA2F-331C27E2EB72}.Release|x64.Build.0 = Release|x64
		{B9498B81-0C36-4E7E-BA2F-331C27E2EB72}.Release|x86.ActiveCfg = Release|Win32
		{B9498B81-0C36-4E7E-BA2F-331C27E2EB72}.Release|x86.Build.0 = Release|Win32
		{909C2614-4B71-4671-BEB1-8DD23EABEFDA}.Debug|x64.ActiveCfg = Debug|x64
		{909C2614-4B71-4671-BEB1-8DD23EABEFDA}.Debug|x64.Build.0 = Debug|x64
		{909C2614-4B71-4671-BEB1-8DD23EABEFDA}.Debug|x86.ActiveCfg = Debug|Win32
		{909C2614-4B71-4671-BEB1-8DD23EABEFDA}.Debug|x86.Build.0 = Debug|Win32
		{909C2614-4B71-4671-BEB1-8DD23EABEFDA}.Release|x64.ActiveCfg = Release|x64
		{909C2614-4B71-4671-BEB1-8DD23EABEFDA}.Release|x64.Build.0 = Release|x64
		{909C2614-4B71-4671-BEB1-8DD23EABEFDA}.Release|x86.ActiveCfg = Release|Win32
		{909C2614-4B71-4671-BEB1-8DD23EABEFDA}.Release|x86.Build.0 = Release|Win32
		{A4339F0D-4A4F-400B-832E-D509341CEFDA}.Debug|x64.ActiveCfg = Debug|x64
		{A4339F0D-4A4F-400B-832E-D509341CEFDA}.Debug|x64.Build.0 = Debug|x64
		{A4339F0D-4A4F-400B-832E-D509341CEFDA}.Debug|x86.ActiveCfg = Debug|Win32
		{A4339F0D-4A4F-400B-832E-D509341CEFDA}.Debug|x86.Build.0 = Debug|Win32
		{A4339F0D-4A4F-400B-832E-D509341CEFDA}.Release|x64.ActiveCfg = Release|x64
		{A4339F0D-4A4F-400B-832E-D509341CEFDA}.Release|x64.Build.0 = Release|x64
		{A4339F0D-4A4F-400B-832E-D509341CEFDA}.Release|x86.ActiveCfg = Release|Win32
		{A4339F0D-4A4F-400B-832E-D509341CEFDA}.Release|x86.Build.0 = Release|Win32
		{2293AAC0-548E-4355-BE5F-55FBA4C1258F}.Debug|x64.ActiveCfg = Debug|x64
		{2293AAC0-548E-4355-BE5F-55FBA4C1258F}.Debug|x64.Build.0 = Debug|x64
		{2293AAC0-548E-4355-BE5F-55FBA4C1258F}.Debug|x86.ActiveCfg = Debug|Win32
		{2293AAC0-548E-4355-BE5F-55FBA4C1258F}.Debug|x86.Build.0 = Debug|Win32
		{2293AAC0-548E-4355-BE5F-55FBA4C1258F}.Release|x64.ActiveCfg = Release|x64
		{2293AAC0-548E-4355-BE5F-55FBA4C1258F}.Release|x64.Build.0 = Release|x64
		{2293AAC0-548E-4355-BE5F-55FBA4C1258F}.Release|x86.ActiveCfg = Release|Win32
		{2293AAC0-548E-4355-BE5F-55FBA4C1258F}.Release|x86.Build.0 = Release|Win32
		{785589BE-677F-4E55-A689-370C4E955343}.Debug|x64.ActiveCfg = Debug|x64
		{785589BE-677F-4E55-A689-370C4E955343}.Debug|x64.Build.0 = Debug|x64
		{785589BE-677F-4E55-A689-370C4E955343}.Debug|x86.ActiveCfg = Debug|Win32
		{785589BE-677F-4E55-A689-370C4E955343}.Debug|x86.Build.0 = Debug|Win32
		{785589BE-677F-4E55-A689-370C4E955343}.Release|x64.ActiveCfg = Release|x64
		{785589BE-677F-4E55-A689-370C4E955343}.Release|x64.Build.0 = Release|x64
		{785589BE-677F-4E55-A689-370C4E955343}.Release|x86.ActiveCfg = Release|Win32
		{785589BE-677F-4E55-A689-370C4E955343}.Release|x86.Build.0 = Release|Win32
		{E2D7758E-D31A-4F38-A14C-4C062449BA4C}.Debug|x64.ActiveCfg = Debug|x64
		{E2D7758E-D31A-4F38-A14C-4C062449BA4C}.Debug|x64.Build.0 = Debug|x64
		{E2D7758E-D31A-4F38-A14C-4C062449BA4C}.Debug|x86.ActiveCfg = Debug|Win32
		{E2D7758E-D31A-4F38-A14C-4C062449BA4C}.Debug|x86.Build.0 = Debug|Win32
		{E2D7758E-D31A-4F38-A14C-4C062449BA4C}.Release|x64.ActiveCfg = Release|x64
		{E2D7758E-D31A-4F38-A14C-4C062449BA4C}.Release|x64.Build.0 = Release|x64
		{E2D7758E-D31A-4F38-A14C-4C062449BA4C}.Release|x86.ActiveCfg = Release|Win32
		{E2D7758E-D31A-4F38-A14C-4C062449BA4C}.Release|x86.Build.0 = Release|Win32
		{485637CC-26CA-482E-9E4B-E4E3E6B494DD}.Debug|x64.ActiveCfg = Debug|x64
		{485637CC-26CA-482E-9E4B-E4E3E6B494DD}.Debug|x64.Build.0 = Debug|x64
		{485637CC-26CA-482E-9E4B-E4E3E6B494DD}.Debug|x86.ActiveCfg = Debug|Win32
		{485637CC-26CA-482E-9E4B-E4E3E6B494DD}.Debug|x86.Build.0 = Debug|Win32
		{485637CC-26CA-482E-9E4B-E4E3E6B494DD}.Release|x64.ActiveCfg = Release|x64
		{485637CC-26CA-482E-9E4B-E4E3E6B494DD}.Release|x64.Build.0 = Release|x64
		{485637CC-26CA-482E-9E4B-E4E3E6B494DD}.Release|x86.ActiveCfg = Release|Win32
		{485637CC-26CA-482E-9E4B-E4E3E6B494DD}.Release|x86.Build.0 = Release|Win32
		{5B3DAB25-C3E4-493C-8687-4162AB8D1487}.Debug|x64.ActiveCfg = Debug|x64
		{5B3DAB25-C3E4-493C-8687-4162AB8D1487}.Debug|x64.Build.0 = Debug|x64
		{5B3DAB25-C3E4-493C-8687-4162AB8D1487}.Debug|x86.ActiveCfg = Debug|Win32
		{5B3DAB25-C3E4-493C-8687-4162AB8D1487}.Debug|x86.Build.0 = Debug|Win32
		{5B3DAB25-C3E4-493C-8687-4162AB8D1487}.Release|x64.ActiveCfg = Release|x64
		{5B3DAB25-C3E4-493C-8687-4162AB8D1487}.Release|x64.Build.0 = Release|x64
		{5B3DAB25-C3E4-493C-8687-4162AB8D1487}.Release|x86.ActiveCfg = Release|Win32
		{5B3DAB25-C3E4-493C-8687-4162AB8D1487}.Release|x86.Build.0 = Release|Win32
		{63D43C43-6DBD-41E8-B5A5-E9B3341A0181}.Debug|x64.ActiveCfg = Debug|x64
		{63D43C43-6DBD-41E8-B5A5-E9B3341A0181}.Debug|x64.Build.0 = Debug|x64
		{63D43C43-6DBD-41E8-B5A5-E9B3341A0181}.Debug|x86.ActiveCfg = Debug|Win32
		{63D43C43-6DBD-41E8-B5A5-E9B3341A0181}.Debug|x86.Build.0 = Debug|Win32
		{63D43C43-6DBD-41E8-B5A5-E9B3341A0181}.Release|x64.ActiveCfg = Release|x64
		{63D43C43-6DBD-41E8-B5A5-E9B3341A0181}.Release|x64.Build.0 = Release|x64
		{63D43C43-6DBD-41E8-B5A5-E9B3341A0181}.Release|x86.ActiveCfg = Release|Win32
		{63D43C43-6DBD-41E8-B5A5-E9B3341A0181}.Release|x86.Build.0 = Release|Win32
		{96F531DD-B48E-443F-9A69-1491FF91B96B}.Debug|x64.ActiveCfg = Debug|x64
		{96F531DD-B48E-443F-9A69-1491FF91B96B}.Debug|x64.Build.0 = Debug|x64
		{96F531DD-B48E-443F-9A69-1491FF91B96B}.Debug|x86.ActiveCfg = Debug|Win32
		{96F531DD-B48E-443F-9A69-1491FF91B96B}.Debug|x86.Build.0 = Debug|Win32
		{96F531DD-B48E-443F-9A69-1491FF91B96B}.Release|x64.ActiveCfg = Release|x64
		{96F531DD-B48E-443F-9A69-1491FF91B96B}.Release|x64.Build.0 = Release|x64
		{96F531DD-B48E-443F-9A69-1491FF91B96B}.Release|x86.ActiveCfg = Release|Win32
		{96F531DD-B48E-443F-9A69-1491FF91B96B}.Release|x86.Build.0 = Release|Win32
		{5AFC8568-A8C0-4F85-A672-EE4DFED55332}.Debug|x64.ActiveCfg = Debug|x64
		{5AFC8568-A8C0-4F85-A672-EE4DFED55332}.Debug|x64.Build.0 = Debug|x64
		{5AFC8568-A8C0-4F85-A672-EE4DFED55332}.Debug|x86.ActiveCfg = Debug|Win32
		{5AFC8568-A8C0-4F85-A672-EE4DFED55332}.Debug|x86.Build.0 = Debug|Win32
		{5AFC8568-A8C0-4F85-A672-EE4DFED55332}.Release|x64.ActiveCfg = Release|x64
		{5AFC8568-A8C0-4F85-A672-EE4DFED55332}.Release|x64.Build.0 = Release|x64
		{5AFC8568-A8C0-4F85-A672-EE4DFED55332}.Release|x86.ActiveCfg = Release|Win32
		{5AFC8568-A8C0-4F85-A672-EE4DFED55332}.Release|x86.Build.0 = Release|Win32
		{95182D55-B447-4495-A24E-D63876F704CE}.Debug|x64.ActiveCfg = Debug|x64
		{95182D55-B447-4495-A24E-D63876F704CE}.Debug|x64.Build.0 = Debug|x64
		{95182D55-B447-4495-A24E-D63876F704CE}.Debug|x86.ActiveCfg = Debug|Win32
		{95182D55-B447-4495-A24E-D63876F704CE}.Debug|x86.Build.0 = Debug|Win32
		{95182D55-B447-4495-A24E-D63876F704CE}.Release|x64.ActiveCfg = Release|x64
		{95182D55-B447-4495-A24E-D63876F704CE}.Release|x64.Build.0 = Release|x64
		{95182D55-B447-4495-A24E-D63876F704CE}.Release|x86.ActiveCfg = Release|Win32
		{95182D55-B447-4495-A24E-D63876F704CE}.Release|x86.Build.0 = Release|Win32
		{F3A8D254-53CB-49A1-A31B-42754BF3B267}.Debug|x64.ActiveCfg = Debug|x64
		{F3A8D254-53CB-49A1-A31B-42754BF3B267}.Debug|x64.Build.0 = Debug|x64
		{F3A8D254-53CB-49A1-A31B-42754BF3B267}.Debug|x86.ActiveCfg = Debug|Win32
		{F3A8D254-53CB-49A1-A31B-42754BF3B267}.Debug|x86.Build.0 = Debug|Win32
		{F3A8D254-53CB-49A1-A31B-42754BF3B267}.Release|x64.ActiveCfg = Release|x64
		{F3A8D254-53CB-49A1-A31B-42754BF3B267}.Release|x64.Build.0 = Release|x64
		{F3A8D254-53CB-49A1-A31B-42754BF3B267}.Release|x86.ActiveCfg = Release|Win32
		{F3A8D254-53CB-49A1-A31B-42754BF3B267}.Release|x86.Build.0 = Release|Win32
		{8A7860FC-FB91-4CBD-B267-EF74E2A911B5}.Debug|x64.ActiveCfg = Debug|x64
		{8A7860FC-FB91-4CBD-B267-EF74E2A911B5}.Debug|x64.Build.0 = Debug|x64
		{8A7860FC-FB91-4CBD-B267-EF74E2A911B5}.Debug|x86.ActiveCfg = Debug|Win32
		{8A7860FC-FB91-4CBD-B267-EF74E2A911B5}.Debug|x86.Build.0 = Debug|Win32
		{8A7860FC-FB91-4CBD-B267-EF74E2A911B5}.Release|x64.ActiveCfg = Release|x64
		{8A7860FC-FB91-4CBD-B267-EF74E2A911B5}.Release|x64.Build.0 = Release|x64
		{8A7860FC-FB91-4CBD-B267-EF74E2A911B5}.Release|x86.ActiveCfg = Release|Win32
		{8A7860FC-FB91-4CBD-B267-EF74E2A911B5}.Release|x86.Build.0 = Release|Win32
		{5B5F94E6-74E4-408E-A299-BF5B733313D4}.Debug|x64.ActiveCfg = Debug|x64
		{5B5F94E6-74E4-408E-A299-BF5B733313D4}.Debug|x64.Build.0 = Debug|x64
		{5B5F94E6-74E4-408E-A299-BF5B733313D4}.Debug|x86.ActiveCfg = Debug|Win32
		{5B5F94E6-74E4-408E-A299-BF5B733313D4}.Debug|x86.Build.0 = Debug|Win32
		{5B5F94E6-74E4-408E-A299-BF5B733313D4}.Release|x64.ActiveCfg = Release|x64
		{5B5F94E6-74E4-408E-A299-BF5B733313D4}.Release|x64.Build.0 = Release|x64
		{5B5F94E6-74E4-408E-A299-BF5B733313D4}.Release|x86.ActiveCfg = Release|Win32
		{5B5F94E6-74E4-408E-A299-BF5B733313D4}.Release|x86.Build.0 = Release|Win32
		{CA094370-F48E-424D-A114-0E4B492D3672}.Debug|x64.ActiveCfg = Debug|x64
		{CA094370-F48E-424D-A114-0E4B492D3672}.Debug|x64.Build.0 = Debug|x64
		{CA094370-F48E-424D-A114-0E4B492D3672}.Debug|x86.ActiveCfg = Debug|Win32
		{CA094370-F48E-424D-A114-0E4B492D3672}.Debug|x86.Build.0 = Debug|Win32
		{CA094370-F48E-424D-A114-0E4B492D3672}.Release|x64.ActiveCfg = Release|x64
		{CA094370-F48E-424D-A114-0E4B492D3672}.Release|x64.Build.0 = Release|x64
		{CA094370-F48E-424D-A114-0E4B492D3672}.Release|x86.ActiveCfg = Release|Win32
		{CA094370-F48E-424D-A114-0E4B492D3672}.Release|x86.Build.0 = Release|Win32
		{155175EC-21B1-4727-925B-9A0ECB888E98}.Debug|x64.ActiveCfg = Debug|x64
		{155175EC-21B1-4727-925B-9A0ECB888E98}.Debug|x64.Build.0 = Debug|x64
		{155175EC-21B1-4727-925B-9A0ECB888E98}.Debug|x86.ActiveCfg = Debug|Win32
		{155175EC-21B1-4727-925B-9A0ECB888E98}.Debug|x86.Build.0 = Debug|Win32
		{155175EC-21B1-4727-925B-9A0ECB888E98}.Release|x64.ActiveCfg = Release|x64
		{155175EC-21B1-4727-925B-9A0ECB888E98}.Release|x64.Build.0 = Release|x64
		{155175EC-21B1-4727-925B-9A0ECB888E98}.Release|x86.ActiveCfg = Release|Win32
		{155175EC-21B1-4727-925B-9A0ECB888E98}.Release|x86.Build.0 = Release|Win32
	EndGlobalSection
	GlobalSection(SolutionProperties) = preSolution
		HideSolutionNode = FALSE
	EndGlobalSection
	GlobalSection(NestedProjects) = preSolution
		{6A5B3F82-AA5C-4ECE-8505-85EEEACC5B51} = {A77E0C14-10DB-4E7E-B192-63D6FEB95D5A}
		{1AA29C02-18A8-4DC9-BEFA-6D6AC2E11CF5} = {A77E0C14-10DB-4E7E-B192-63D6FEB95D5A}
		{928633C7-7299-44BF-9838-9C0DE5B5E7FA} = {A77E0C14-10DB-4E7E-B192-63D6FEB95D5A}
		{5C80224D-A962-45E6-92CA-23E429CE3126} = {A77E0C14-10DB-4E7E-B192-63D6FEB95D5A}
		{B9498B81-0C36-4E7E-BA2F-331C27E2EB72} = {9B08A362-F91A-45FA-AB50-C7A896B6EA59}
		{909C2614-4B71-4671-BEB1-8DD23EABEFDA} = {9B08A362-F91A-45FA-AB50-C7A896B6EA59}
		{A4339F0D-4A4F-400B-832E-D509341CEFDA} = {9B08A362-F91A-45FA-AB50-C7A896B6EA59}
		{2293AAC0-548E-4355-BE5F-55FBA4C1258F} = {9B08A362-F91A-45FA-AB50-C7A896B6EA59}
		{785589BE-677F-4E55-A689-370C4E955343} = {9B08A362-F91A-45FA-AB50-C7A896B6EA59}
		{9B08A362-F91A-45FA-AB50-C7A896B6EA59} = {01BD9209-B7B4-4EFB-B6B7-D94392CCE58F}
		{A77E0C14-10DB-4E7E-B192-63D6FEB95D5A} = {01BD9209-B7B4-4EFB-B6B7-D94392CCE58F}
		{177878D3-F9A0-4D53-8DE2-4E91B9C8E9DE} = {01BD9209-B7B4-4EFB-B6B7-D94392CCE58F}
		{E2D7758E-D31A-4F38-A14C-4C062449BA4C} = {177878D3-F9A0-4D53-8DE2-4E91B9C8E9DE}
		{485637CC-26CA-482E-9E4B-E4E3E6B494DD} = {177878D3-F9A0-4D53-8DE2-4E91B9C8E9DE}
		{5B3DAB25-C3E4-493C-8687-4162AB8D1487} = {177878D3-F9A0-4D53-8DE2-4E91B9C8E9DE}
		{63D43C43-6DBD-41E8-B5A5-E9B3341A0181} = {177878D3-F9A0-4D53-8DE2-4E91B9C8E9DE}
		{96F531DD-B48E-443F-9A69-1491FF91B96B} = {177878D3-F9A0-4D53-8DE2-4E91B9C8E9DE}
		{557EEDAF-C95D-47BB-8757-7AFFB0DA356B} = {01BD9209-B7B4-4EFB-B6B7-D94392CCE58F}
		{5AFC8568-A8C0-4F85-A672-EE4DFED55332} = {557EEDAF-C95D-47BB-8757-7AFFB0DA356B}
		{95182D55-B447-4495-A24E-D63876F704CE} = {557EEDAF-C95D-47BB-8757-7AFFB0DA356B}
		{F3A8D254-53CB-49A1-A31B-42754BF3B267} = {557EEDAF-C95D-47BB-8757-7AFFB0DA356B}
		{8A7860FC-FB91-4CBD-B267-EF74E2A911B5} = {557EEDAF-C95D-47BB-8757-7AFFB0DA356B}
		{5B5F94E6-74E4-408E-A299-BF5B733313D4} = {557EEDAF-C95D-47BB-8757-7AFFB0DA356B}
		{651705BC-B90E-4819-8A88-FD995C79E07B} = {01BD9209-B7B4-4EFB-B6B7-D94392CCE58F}
		{CA094370-F48E-424D-A114-0E4B492D3672} = {651705BC-B90E-4819-8A88-FD995C79E07B}
		{155175EC-21B1-4727-925B-9A0ECB888E98} = {651705BC-B90E-4819-8A88-FD995C79E07B}
	EndGlobalSection
	GlobalSection(ExtensibilityGlobals) = postSolution
		SolutionGuid = {9D17E0D5-AC87-49C0-A04A-1417AAB7B46E}
	EndGlobalSection
EndGlobal
